// !$*UTF8*$!
{
	archiveVersion = 1;
	classes = {
	};
	objectVersion = 56;
	objects = {

/* Begin PBXBuildFile section */
		CD2E77022ACBE9E30050DA6E /* BucketlistApp.swift in Sources */ = {isa = PBXBuildFile; fileRef = CD2E77012ACBE9E30050DA6E /* BucketlistApp.swift */; };
		CD2E77042ACBE9E30050DA6E /* ContentView.swift in Sources */ = {isa = PBXBuildFile; fileRef = CD2E77032ACBE9E30050DA6E /* ContentView.swift */; };
		CD2E77062ACBE9E40050DA6E /* Assets.xcassets in Resources */ = {isa = PBXBuildFile; fileRef = CD2E77052ACBE9E40050DA6E /* Assets.xcassets */; };
		CD2E77092ACBE9E40050DA6E /* Preview Assets.xcassets in Resources */ = {isa = PBXBuildFile; fileRef = CD2E77082ACBE9E40050DA6E /* Preview Assets.xcassets */; };
		CD2E77122ACC2A540050DA6E /* StringSaverView.swift in Sources */ = {isa = PBXBuildFile; fileRef = CD2E77112ACC2A540050DA6E /* StringSaverView.swift */; };
		CD2E77152ACE57250050DA6E /* MapKitAndFaceIDView.swift in Sources */ = {isa = PBXBuildFile; fileRef = CD2E77142ACE57250050DA6E /* MapKitAndFaceIDView.swift */; };
		CD2E77172ACF89D40050DA6E /* Location.swift in Sources */ = {isa = PBXBuildFile; fileRef = CD2E77162ACF89D40050DA6E /* Location.swift */; };
		CD2E77192ACFA5E70050DA6E /* EditView.swift in Sources */ = {isa = PBXBuildFile; fileRef = CD2E77182ACFA5E70050DA6E /* EditView.swift */; };
		CD4E46232AD7CA1A006E0B64 /* Result.swift in Sources */ = {isa = PBXBuildFile; fileRef = CD4E46222AD7CA1A006E0B64 /* Result.swift */; };
		CD4E46262AD7E7A9006E0B64 /* ContentView-ViewModel.swift in Sources */ = {isa = PBXBuildFile; fileRef = CD4E46252AD7E7A9006E0B64 /* ContentView-ViewModel.swift */; };
		CD4E46282AD7EAD1006E0B64 /* FileManager-DocumentsDirectory.swift in Sources */ = {isa = PBXBuildFile; fileRef = CD4E46272AD7EAD1006E0B64 /* FileManager-DocumentsDirectory.swift */; };
		CD711EF82AD90FAC003FAB5F /* EditView-ViewModel.swift in Sources */ = {isa = PBXBuildFile; fileRef = CD711EF72AD90FAC003FAB5F /* EditView-ViewModel.swift */; };
		CD711EFB2AD92AF4003FAB5F /* PlaceView.swift in Sources */ = {isa = PBXBuildFile; fileRef = CD711EFA2AD92AF4003FAB5F /* PlaceView.swift */; };
/* End PBXBuildFile section */

/* Begin PBXFileReference section */
		CD2E76FE2ACBE9E30050DA6E /* Bucketlist.app */ = {isa = PBXFileReference; explicitFileType = wrapper.application; includeInIndex = 0; path = Bucketlist.app; sourceTree = BUILT_PRODUCTS_DIR; };
		CD2E77012ACBE9E30050DA6E /* BucketlistApp.swift */ = {isa = PBXFileReference; lastKnownFileType = sourcecode.swift; path = BucketlistApp.swift; sourceTree = "<group>"; };
		CD2E77032ACBE9E30050DA6E /* ContentView.swift */ = {isa = PBXFileReference; lastKnownFileType = sourcecode.swift; path = ContentView.swift; sourceTree = "<group>"; };
		CD2E77052ACBE9E40050DA6E /* Assets.xcassets */ = {isa = PBXFileReference; lastKnownFileType = folder.assetcatalog; path = Assets.xcassets; sourceTree = "<group>"; };
		CD2E77082ACBE9E40050DA6E /* Preview Assets.xcassets */ = {isa = PBXFileReference; lastKnownFileType = folder.assetcatalog; path = "Preview Assets.xcassets"; sourceTree = "<group>"; };
		CD2E77112ACC2A540050DA6E /* StringSaverView.swift */ = {isa = PBXFileReference; lastKnownFileType = sourcecode.swift; path = StringSaverView.swift; sourceTree = "<group>"; };
		CD2E77142ACE57250050DA6E /* MapKitAndFaceIDView.swift */ = {isa = PBXFileReference; lastKnownFileType = sourcecode.swift; path = MapKitAndFaceIDView.swift; sourceTree = "<group>"; };
		CD2E77162ACF89D40050DA6E /* Location.swift */ = {isa = PBXFileReference; lastKnownFileType = sourcecode.swift; path = Location.swift; sourceTree = "<group>"; };
		CD2E77182ACFA5E70050DA6E /* EditView.swift */ = {isa = PBXFileReference; lastKnownFileType = sourcecode.swift; path = EditView.swift; sourceTree = "<group>"; };
		CD4E46222AD7CA1A006E0B64 /* Result.swift */ = {isa = PBXFileReference; lastKnownFileType = sourcecode.swift; path = Result.swift; sourceTree = "<group>"; };
		CD4E46252AD7E7A9006E0B64 /* ContentView-ViewModel.swift */ = {isa = PBXFileReference; lastKnownFileType = sourcecode.swift; path = "ContentView-ViewModel.swift"; sourceTree = "<group>"; };
		CD4E46272AD7EAD1006E0B64 /* FileManager-DocumentsDirectory.swift */ = {isa = PBXFileReference; lastKnownFileType = sourcecode.swift; path = "FileManager-DocumentsDirectory.swift"; sourceTree = "<group>"; };
		CD711EF72AD90FAC003FAB5F /* EditView-ViewModel.swift */ = {isa = PBXFileReference; lastKnownFileType = sourcecode.swift; path = "EditView-ViewModel.swift"; sourceTree = "<group>"; };
		CD711EFA2AD92AF4003FAB5F /* PlaceView.swift */ = {isa = PBXFileReference; lastKnownFileType = sourcecode.swift; path = PlaceView.swift; sourceTree = "<group>"; };
/* End PBXFileReference section */

/* Begin PBXFrameworksBuildPhase section */
		CD2E76FB2ACBE9E30050DA6E /* Frameworks */ = {
			isa = PBXFrameworksBuildPhase;
			buildActionMask = 2147483647;
			files = (
			);
			runOnlyForDeploymentPostprocessing = 0;
		};
/* End PBXFrameworksBuildPhase section */

/* Begin PBXGroup section */
		CD2E76F52ACBE9E30050DA6E = {
			isa = PBXGroup;
			children = (
				CD2E77002ACBE9E30050DA6E /* Bucketlist */,
				CD2E76FF2ACBE9E30050DA6E /* Products */,
			);
			sourceTree = "<group>";
		};
		CD2E76FF2ACBE9E30050DA6E /* Products */ = {
			isa = PBXGroup;
			children = (
				CD2E76FE2ACBE9E30050DA6E /* Bucketlist.app */,
			);
			name = Products;
			sourceTree = "<group>";
		};
		CD2E77002ACBE9E30050DA6E /* Bucketlist */ = {
			isa = PBXGroup;
			children = (
				CD2E770F2ACC2A120050DA6E /* Day68 */,
				CD2E77132ACE57020050DA6E /* Day69 */,
				CD4E46292AD81638006E0B64 /* Extensions */,
				CD4E46212AD7CA0C006E0B64 /* Models */,
				CD4E46242AD7E796006E0B64 /* ViewModels */,
				CD711EF92AD92ACF003FAB5F /* Views */,
				CD2E77012ACBE9E30050DA6E /* BucketlistApp.swift */,
				CD2E77032ACBE9E30050DA6E /* ContentView.swift */,
				CD2E77052ACBE9E40050DA6E /* Assets.xcassets */,
				CD2E77072ACBE9E40050DA6E /* Preview Content */,
			);
			path = Bucketlist;
			sourceTree = "<group>";
		};
		CD2E77072ACBE9E40050DA6E /* Preview Content */ = {
			isa = PBXGroup;
			children = (
				CD2E77082ACBE9E40050DA6E /* Preview Assets.xcassets */,
			);
			path = "Preview Content";
			sourceTree = "<group>";
		};
		CD2E770F2ACC2A120050DA6E /* Day68 */ = {
			isa = PBXGroup;
			children = (
				CD2E77112ACC2A540050DA6E /* StringSaverView.swift */,
			);
			path = Day68;
			sourceTree = "<group>";
		};
		CD2E77132ACE57020050DA6E /* Day69 */ = {
			isa = PBXGroup;
			children = (
				CD2E77142ACE57250050DA6E /* MapKitAndFaceIDView.swift */,
			);
			path = Day69;
			sourceTree = "<group>";
		};
		CD4E46212AD7CA0C006E0B64 /* Models */ = {
			isa = PBXGroup;
			children = (
				CD2E77162ACF89D40050DA6E /* Location.swift */,
				CD4E46222AD7CA1A006E0B64 /* Result.swift */,
			);
			path = Models;
			sourceTree = "<group>";
		};
		CD4E46242AD7E796006E0B64 /* ViewModels */ = {
			isa = PBXGroup;
			children = (
				CD4E46252AD7E7A9006E0B64 /* ContentView-ViewModel.swift */,
				CD711EF72AD90FAC003FAB5F /* EditView-ViewModel.swift */,
			);
			path = ViewModels;
			sourceTree = "<group>";
		};
		CD4E46292AD81638006E0B64 /* Extensions */ = {
			isa = PBXGroup;
			children = (
				CD4E46272AD7EAD1006E0B64 /* FileManager-DocumentsDirectory.swift */,
			);
			path = Extensions;
			sourceTree = "<group>";
		};
		CD711EF92AD92ACF003FAB5F /* Views */ = {
			isa = PBXGroup;
			children = (
				CD2E77182ACFA5E70050DA6E /* EditView.swift */,
				CD711EFA2AD92AF4003FAB5F /* PlaceView.swift */,
			);
			path = Views;
			sourceTree = "<group>";
		};
/* End PBXGroup section */

/* Begin PBXNativeTarget section */
		CD2E76FD2ACBE9E30050DA6E /* Bucketlist */ = {
			isa = PBXNativeTarget;
			buildConfigurationList = CD2E770C2ACBE9E40050DA6E /* Build configuration list for PBXNativeTarget "Bucketlist" */;
			buildPhases = (
				CD2E76FA2ACBE9E30050DA6E /* Sources */,
				CD2E76FB2ACBE9E30050DA6E /* Frameworks */,
				CD2E76FC2ACBE9E30050DA6E /* Resources */,
			);
			buildRules = (
			);
			dependencies = (
			);
			name = Bucketlist;
			productName = Bucketlist;
			productReference = CD2E76FE2ACBE9E30050DA6E /* Bucketlist.app */;
			productType = "com.apple.product-type.application";
		};
/* End PBXNativeTarget section */

/* Begin PBXProject section */
		CD2E76F62ACBE9E30050DA6E /* Project object */ = {
			isa = PBXProject;
			attributes = {
				BuildIndependentTargetsInParallel = 1;
				LastSwiftUpdateCheck = 1430;
				LastUpgradeCheck = 1430;
				TargetAttributes = {
					CD2E76FD2ACBE9E30050DA6E = {
						CreatedOnToolsVersion = 14.3.1;
					};
				};
			};
			buildConfigurationList = CD2E76F92ACBE9E30050DA6E /* Build configuration list for PBXProject "Bucketlist" */;
			compatibilityVersion = "Xcode 14.0";
			developmentRegion = en;
			hasScannedForEncodings = 0;
			knownRegions = (
				en,
				Base,
			);
			mainGroup = CD2E76F52ACBE9E30050DA6E;
			productRefGroup = CD2E76FF2ACBE9E30050DA6E /* Products */;
			projectDirPath = "";
			projectRoot = "";
			targets = (
				CD2E76FD2ACBE9E30050DA6E /* Bucketlist */,
			);
		};
/* End PBXProject section */

/* Begin PBXResourcesBuildPhase section */
		CD2E76FC2ACBE9E30050DA6E /* Resources */ = {
			isa = PBXResourcesBuildPhase;
			buildActionMask = 2147483647;
			files = (
				CD2E77092ACBE9E40050DA6E /* Preview Assets.xcassets in Resources */,
				CD2E77062ACBE9E40050DA6E /* Assets.xcassets in Resources */,
			);
			runOnlyForDeploymentPostprocessing = 0;
		};
/* End PBXResourcesBuildPhase section */

/* Begin PBXSourcesBuildPhase section */
		CD2E76FA2ACBE9E30050DA6E /* Sources */ = {
			isa = PBXSourcesBuildPhase;
			buildActionMask = 2147483647;
			files = (
				CD4E46282AD7EAD1006E0B64 /* FileManager-DocumentsDirectory.swift in Sources */,
				CD2E77152ACE57250050DA6E /* MapKitAndFaceIDView.swift in Sources */,
				CD2E77042ACBE9E30050DA6E /* ContentView.swift in Sources */,
				CD711EF82AD90FAC003FAB5F /* EditView-ViewModel.swift in Sources */,
				CD2E77192ACFA5E70050DA6E /* EditView.swift in Sources */,
				CD2E77172ACF89D40050DA6E /* Location.swift in Sources */,
				CD4E46232AD7CA1A006E0B64 /* Result.swift in Sources */,
				CD711EFB2AD92AF4003FAB5F /* PlaceView.swift in Sources */,
				CD4E46262AD7E7A9006E0B64 /* ContentView-ViewModel.swift in Sources */,
				CD2E77122ACC2A540050DA6E /* StringSaverView.swift in Sources */,
				CD2E77022ACBE9E30050DA6E /* BucketlistApp.swift in Sources */,
			);
			runOnlyForDeploymentPostprocessing = 0;
		};
/* End PBXSourcesBuildPhase section */

/* Begin XCBuildConfiguration section */
		CD2E770A2ACBE9E40050DA6E /* Debug */ = {
			isa = XCBuildConfiguration;
			buildSettings = {
				ALWAYS_SEARCH_USER_PATHS = NO;
				CLANG_ANALYZER_NONNULL = YES;
				CLANG_ANALYZER_NUMBER_OBJECT_CONVERSION = YES_AGGRESSIVE;
				CLANG_CXX_LANGUAGE_STANDARD = "gnu++20";
				CLANG_ENABLE_MODULES = YES;
				CLANG_ENABLE_OBJC_ARC = YES;
				CLANG_ENABLE_OBJC_WEAK = YES;
				CLANG_WARN_BLOCK_CAPTURE_AUTORELEASING = YES;
				CLANG_WARN_BOOL_CONVERSION = YES;
				CLANG_WARN_COMMA = YES;
				CLANG_WARN_CONSTANT_CONVERSION = YES;
				CLANG_WARN_DEPRECATED_OBJC_IMPLEMENTATIONS = YES;
				CLANG_WARN_DIRECT_OBJC_ISA_USAGE = YES_ERROR;
				CLANG_WARN_DOCUMENTATION_COMMENTS = YES;
				CLANG_WARN_EMPTY_BODY = YES;
				CLANG_WARN_ENUM_CONVERSION = YES;
				CLANG_WARN_INFINITE_RECURSION = YES;
				CLANG_WARN_INT_CONVERSION = YES;
				CLANG_WARN_NON_LITERAL_NULL_CONVERSION = YES;
				CLANG_WARN_OBJC_IMPLICIT_RETAIN_SELF = YES;
				CLANG_WARN_OBJC_LITERAL_CONVERSION = YES;
				CLANG_WARN_OBJC_ROOT_CLASS = YES_ERROR;
				CLANG_WARN_QUOTED_INCLUDE_IN_FRAMEWORK_HEADER = YES;
				CLANG_WARN_RANGE_LOOP_ANALYSIS = YES;
				CLANG_WARN_STRICT_PROTOTYPES = YES;
				CLANG_WARN_SUSPICIOUS_MOVE = YES;
				CLANG_WARN_UNGUARDED_AVAILABILITY = YES_AGGRESSIVE;
				CLANG_WARN_UNREACHABLE_CODE = YES;
				CLANG_WARN__DUPLICATE_METHOD_MATCH = YES;
				COPY_PHASE_STRIP = NO;
				DEBUG_INFORMATION_FORMAT = dwarf;
				ENABLE_STRICT_OBJC_MSGSEND = YES;
				ENABLE_TESTABILITY = YES;
				GCC_C_LANGUAGE_STANDARD = gnu11;
				GCC_DYNAMIC_NO_PIC = NO;
				GCC_NO_COMMON_BLOCKS = YES;
				GCC_OPTIMIZATION_LEVEL = 0;
				GCC_PREPROCESSOR_DEFINITIONS = (
					"DEBUG=1",
					"$(inherited)",
				);
				GCC_WARN_64_TO_32_BIT_CONVERSION = YES;
				GCC_WARN_ABOUT_RETURN_TYPE = YES_ERROR;
				GCC_WARN_UNDECLARED_SELECTOR = YES;
				GCC_WARN_UNINITIALIZED_AUTOS = YES_AGGRESSIVE;
				GCC_WARN_UNUSED_FUNCTION = YES;
				GCC_WARN_UNUSED_VARIABLE = YES;
				IPHONEOS_DEPLOYMENT_TARGET = 16.4;
				MTL_ENABLE_DEBUG_INFO = INCLUDE_SOURCE;
				MTL_FAST_MATH = YES;
				ONLY_ACTIVE_ARCH = YES;
				SDKROOT = iphoneos;
				SWIFT_ACTIVE_COMPILATION_CONDITIONS = DEBUG;
				SWIFT_OPTIMIZATION_LEVEL = "-Onone";
			};
			name = Debug;
		};
		CD2E770B2ACBE9E40050DA6E /* Release */ = {
			isa = XCBuildConfiguration;
			buildSettings = {
				ALWAYS_SEARCH_USER_PATHS = NO;
				CLANG_ANALYZER_NONNULL = YES;
				CLANG_ANALYZER_NUMBER_OBJECT_CONVERSION = YES_AGGRESSIVE;
				CLANG_CXX_LANGUAGE_STANDARD = "gnu++20";
				CLANG_ENABLE_MODULES = YES;
				CLANG_ENABLE_OBJC_ARC = YES;
				CLANG_ENABLE_OBJC_WEAK = YES;
				CLANG_WARN_BLOCK_CAPTURE_AUTORELEASING = YES;
				CLANG_WARN_BOOL_CONVERSION = YES;
				CLANG_WARN_COMMA = YES;
				CLANG_WARN_CONSTANT_CONVERSION = YES;
				CLANG_WARN_DEPRECATED_OBJC_IMPLEMENTATIONS = YES;
				CLANG_WARN_DIRECT_OBJC_ISA_USAGE = YES_ERROR;
				CLANG_WARN_DOCUMENTATION_COMMENTS = YES;
				CLANG_WARN_EMPTY_BODY = YES;
				CLANG_WARN_ENUM_CONVERSION = YES;
				CLANG_WARN_INFINITE_RECURSION = YES;
				CLANG_WARN_INT_CONVERSION = YES;
				CLANG_WARN_NON_LITERAL_NULL_CONVERSION = YES;
				CLANG_WARN_OBJC_IMPLICIT_RETAIN_SELF = YES;
				CLANG_WARN_OBJC_LITERAL_CONVERSION = YES;
				CLANG_WARN_OBJC_ROOT_CLASS = YES_ERROR;
				CLANG_WARN_QUOTED_INCLUDE_IN_FRAMEWORK_HEADER = YES;
				CLANG_WARN_RANGE_LOOP_ANALYSIS = YES;
				CLANG_WARN_STRICT_PROTOTYPES = YES;
				CLANG_WARN_SUSPICIOUS_MOVE = YES;
				CLANG_WARN_UNGUARDED_AVAILABILITY = YES_AGGRESSIVE;
				CLANG_WARN_UNREACHABLE_CODE = YES;
				CLANG_WARN__DUPLICATE_METHOD_MATCH = YES;
				COPY_PHASE_STRIP = NO;
				DEBUG_INFORMATION_FORMAT = "dwarf-with-dsym";
				ENABLE_NS_ASSERTIONS = NO;
				ENABLE_STRICT_OBJC_MSGSEND = YES;
				GCC_C_LANGUAGE_STANDARD = gnu11;
				GCC_NO_COMMON_BLOCKS = YES;
				GCC_WARN_64_TO_32_BIT_CONVERSION = YES;
				GCC_WARN_ABOUT_RETURN_TYPE = YES_ERROR;
				GCC_WARN_UNDECLARED_SELECTOR = YES;
				GCC_WARN_UNINITIALIZED_AUTOS = YES_AGGRESSIVE;
				GCC_WARN_UNUSED_FUNCTION = YES;
				GCC_WARN_UNUSED_VARIABLE = YES;
				IPHONEOS_DEPLOYMENT_TARGET = 16.4;
				MTL_ENABLE_DEBUG_INFO = NO;
				MTL_FAST_MATH = YES;
				SDKROOT = iphoneos;
				SWIFT_COMPILATION_MODE = wholemodule;
				SWIFT_OPTIMIZATION_LEVEL = "-O";
				VALIDATE_PRODUCT = YES;
			};
			name = Release;
		};
		CD2E770D2ACBE9E40050DA6E /* Debug */ = {
			isa = XCBuildConfiguration;
			buildSettings = {
				ASSETCATALOG_COMPILER_APPICON_NAME = AppIcon;
				ASSETCATALOG_COMPILER_GLOBAL_ACCENT_COLOR_NAME = AccentColor;
				CODE_SIGN_STYLE = Automatic;
				CURRENT_PROJECT_VERSION = 1;
				DEVELOPMENT_ASSET_PATHS = "\"Bucketlist/Preview Content\"";
				DEVELOPMENT_TEAM = YQ88N3YLMB;
				ENABLE_PREVIEWS = YES;
				GENERATE_INFOPLIST_FILE = YES;
				INFOPLIST_KEY_NSFaceIDUsageDescription = "We need to unlock your data.";
				INFOPLIST_KEY_UIApplicationSceneManifest_Generation = YES;
				INFOPLIST_KEY_UIApplicationSupportsIndirectInputEvents = YES;
				INFOPLIST_KEY_UILaunchScreen_Generation = YES;
				INFOPLIST_KEY_UISupportedInterfaceOrientations_iPad = "UIInterfaceOrientationPortrait UIInterfaceOrientationPortraitUpsideDown UIInterfaceOrientationLandscapeLeft UIInterfaceOrientationLandscapeRight";
				INFOPLIST_KEY_UISupportedInterfaceOrientations_iPhone = "UIInterfaceOrientationPortrait UIInterfaceOrientationLandscapeLeft UIInterfaceOrientationLandscapeRight";
				LD_RUNPATH_SEARCH_PATHS = (
					"$(inherited)",
					"@executable_path/Frameworks",
				);
				MARKETING_VERSION = 1.0;
				PRODUCT_BUNDLE_IDENTIFIER = hsiang.dev.Bucketlist;
				PRODUCT_NAME = "$(TARGET_NAME)";
				SWIFT_EMIT_LOC_STRINGS = YES;
				SWIFT_VERSION = 5.0;
				TARGETED_DEVICE_FAMILY = "1,2";
			};
			name = Debug;
		};
		CD2E770E2ACBE9E40050DA6E /* Release */ = {
			isa = XCBuildConfiguration;
			buildSettings = {
				ASSETCATALOG_COMPILER_APPICON_NAME = AppIcon;
				ASSETCATALOG_COMPILER_GLOBAL_ACCENT_COLOR_NAME = AccentColor;
				CODE_SIGN_STYLE = Automatic;
				CURRENT_PROJECT_VERSION = 1;
				DEVELOPMENT_ASSET_PATHS = "\"Bucketlist/Preview Content\"";
				DEVELOPMENT_TEAM = YQ88N3YLMB;
				ENABLE_PREVIEWS = YES;
				GENERATE_INFOPLIST_FILE = YES;
				INFOPLIST_KEY_NSFaceIDUsageDescription = "We need to unlock your data.";
				INFOPLIST_KEY_UIApplicationSceneManifest_Generation = YES;
				INFOPLIST_KEY_UIApplicationSupportsIndirectInputEvents = YES;
				INFOPLIST_KEY_UILaunchScreen_Generation = YES;
				INFOPLIST_KEY_UISupportedInterfaceOrientations_iPad = "UIInterfaceOrientationPortrait UIInterfaceOrientationPortraitUpsideDown UIInterfaceOrientationLandscapeLeft UIInterfaceOrientationLandscapeRight";
				INFOPLIST_KEY_UISupportedInterfaceOrientations_iPhone = "UIInterfaceOrientationPortrait UIInterfaceOrientationLandscapeLeft UIInterfaceOrientationLandscapeRight";
				LD_RUNPATH_SEARCH_PATHS = (
					"$(inherited)",
					"@executable_path/Frameworks",
				);
				MARKETING_VERSION = 1.0;
				PRODUCT_BUNDLE_IDENTIFIER = hsiang.dev.Bucketlist;
				PRODUCT_NAME = "$(TARGET_NAME)";
				SWIFT_EMIT_LOC_STRINGS = YES;
				SWIFT_VERSION = 5.0;
				TARGETED_DEVICE_FAMILY = "1,2";
			};
			name = Release;
		};
/* End XCBuildConfiguration section */

/* Begin XCConfigurationList section */
		CD2E76F92ACBE9E30050DA6E /* Build configuration list for PBXProject "Bucketlist" */ = {
			isa = XCConfigurationList;
			buildConfigurations = (
				CD2E770A2ACBE9E40050DA6E /* Debug */,
				CD2E770B2ACBE9E40050DA6E /* Release */,
			);
			defaultConfigurationIsVisible = 0;
			defaultConfigurationName = Release;
		};
		CD2E770C2ACBE9E40050DA6E /* Build configuration list for PBXNativeTarget "Bucketlist" */ = {
			isa = XCConfigurationList;
			buildConfigurations = (
				CD2E770D2ACBE9E40050DA6E /* Debug */,
				CD2E770E2ACBE9E40050DA6E /* Release */,
			);
			defaultConfigurationIsVisible = 0;
			defaultConfigurationName = Release;
		};
/* End XCConfigurationList section */
	};
	rootObject = CD2E76F62ACBE9E30050DA6E /* Project object */;
}
