// !$*UTF8*$!
{
	archiveVersion = 1;
	classes = {
	};
	objectVersion = 56;
	objects = {

/* Begin PBXBuildFile section */
		CD37ACC22B0CC1BE00EB1338 /* Card.swift in Sources */ = {isa = PBXBuildFile; fileRef = CD37ACC12B0CC1BE00EB1338 /* Card.swift */; };
		CD37ACC52B0CC27200EB1338 /* CardView.swift in Sources */ = {isa = PBXBuildFile; fileRef = CD37ACC42B0CC27200EB1338 /* CardView.swift */; };
		CD82EDE92AFB32DD00E46CB2 /* FlashzillaApp.swift in Sources */ = {isa = PBXBuildFile; fileRef = CD82EDE82AFB32DD00E46CB2 /* FlashzillaApp.swift */; };
		CD82EDEB2AFB32DD00E46CB2 /* ContentView.swift in Sources */ = {isa = PBXBuildFile; fileRef = CD82EDEA2AFB32DD00E46CB2 /* ContentView.swift */; };
		CD82EDED2AFB32DF00E46CB2 /* Assets.xcassets in Resources */ = {isa = PBXBuildFile; fileRef = CD82EDEC2AFB32DF00E46CB2 /* Assets.xcassets */; };
		CD82EDF02AFB32DF00E46CB2 /* Preview Assets.xcassets in Resources */ = {isa = PBXBuildFile; fileRef = CD82EDEF2AFB32DF00E46CB2 /* Preview Assets.xcassets */; };
		CD8459A02B11C365003EB2EF /* EditCards.swift in Sources */ = {isa = PBXBuildFile; fileRef = CD84599F2B11C365003EB2EF /* EditCards.swift */; };
		CD9444CE2B04CAFF004526D6 /* TimerView.swift in Sources */ = {isa = PBXBuildFile; fileRef = CD9444CD2B04CAFF004526D6 /* TimerView.swift */; };
		CDDB1D242B59204800312446 /* FileStorage.swift in Sources */ = {isa = PBXBuildFile; fileRef = CDDB1D232B59204800312446 /* FileStorage.swift */; };
		CDDCF73E2B03817500DDD16F /* GestureExample.swift in Sources */ = {isa = PBXBuildFile; fileRef = CDDCF73D2B03817500DDD16F /* GestureExample.swift */; };
		CDDCF7402B0383D200DDD16F /* CoreHapticsExample.swift in Sources */ = {isa = PBXBuildFile; fileRef = CDDCF73F2B0383D200DDD16F /* CoreHapticsExample.swift */; };
		CDDCF7422B0384A500DDD16F /* UserInteractivityExample.swift in Sources */ = {isa = PBXBuildFile; fileRef = CDDCF7412B0384A500DDD16F /* UserInteractivityExample.swift */; };
/* End PBXBuildFile section */

/* Begin PBXFileReference section */
		CD37ACC12B0CC1BE00EB1338 /* Card.swift */ = {isa = PBXFileReference; lastKnownFileType = sourcecode.swift; path = Card.swift; sourceTree = "<group>"; };
		CD37ACC42B0CC27200EB1338 /* CardView.swift */ = {isa = PBXFileReference; lastKnownFileType = sourcecode.swift; path = CardView.swift; sourceTree = "<group>"; };
		CD82EDE52AFB32DD00E46CB2 /* Flashzilla.app */ = {isa = PBXFileReference; explicitFileType = wrapper.application; includeInIndex = 0; path = Flashzilla.app; sourceTree = BUILT_PRODUCTS_DIR; };
		CD82EDE82AFB32DD00E46CB2 /* FlashzillaApp.swift */ = {isa = PBXFileReference; lastKnownFileType = sourcecode.swift; path = FlashzillaApp.swift; sourceTree = "<group>"; };
		CD82EDEA2AFB32DD00E46CB2 /* ContentView.swift */ = {isa = PBXFileReference; lastKnownFileType = sourcecode.swift; path = ContentView.swift; sourceTree = "<group>"; };
		CD82EDEC2AFB32DF00E46CB2 /* Assets.xcassets */ = {isa = PBXFileReference; lastKnownFileType = folder.assetcatalog; path = Assets.xcassets; sourceTree = "<group>"; };
		CD82EDEF2AFB32DF00E46CB2 /* Preview Assets.xcassets */ = {isa = PBXFileReference; lastKnownFileType = folder.assetcatalog; path = "Preview Assets.xcassets"; sourceTree = "<group>"; };
		CD84599F2B11C365003EB2EF /* EditCards.swift */ = {isa = PBXFileReference; lastKnownFileType = sourcecode.swift; path = EditCards.swift; sourceTree = "<group>"; };
		CD9444CD2B04CAFF004526D6 /* TimerView.swift */ = {isa = PBXFileReference; lastKnownFileType = sourcecode.swift; path = TimerView.swift; sourceTree = "<group>"; };
		CDDB1D232B59204800312446 /* FileStorage.swift */ = {isa = PBXFileReference; lastKnownFileType = sourcecode.swift; path = FileStorage.swift; sourceTree = "<group>"; };
		CDDCF73D2B03817500DDD16F /* GestureExample.swift */ = {isa = PBXFileReference; lastKnownFileType = sourcecode.swift; path = GestureExample.swift; sourceTree = "<group>"; };
		CDDCF73F2B0383D200DDD16F /* CoreHapticsExample.swift */ = {isa = PBXFileReference; lastKnownFileType = sourcecode.swift; path = CoreHapticsExample.swift; sourceTree = "<group>"; };
		CDDCF7412B0384A500DDD16F /* UserInteractivityExample.swift */ = {isa = PBXFileReference; lastKnownFileType = sourcecode.swift; path = UserInteractivityExample.swift; sourceTree = "<group>"; };
/* End PBXFileReference section */

/* Begin PBXFrameworksBuildPhase section */
		CD82EDE22AFB32DD00E46CB2 /* Frameworks */ = {
			isa = PBXFrameworksBuildPhase;
			buildActionMask = 2147483647;
			files = (
			);
			runOnlyForDeploymentPostprocessing = 0;
		};
/* End PBXFrameworksBuildPhase section */

/* Begin PBXGroup section */
		CD37ACC02B0CC1B300EB1338 /* Models */ = {
			isa = PBXGroup;
			children = (
				CD37ACC12B0CC1BE00EB1338 /* Card.swift */,
			);
			path = Models;
			sourceTree = "<group>";
		};
		CD37ACC32B0CC26700EB1338 /* Views */ = {
			isa = PBXGroup;
			children = (
				CD37ACC42B0CC27200EB1338 /* CardView.swift */,
				CD84599F2B11C365003EB2EF /* EditCards.swift */,
			);
			path = Views;
			sourceTree = "<group>";
		};
		CD82EDDC2AFB32DD00E46CB2 = {
			isa = PBXGroup;
			children = (
				CD82EDE72AFB32DD00E46CB2 /* Flashzilla */,
				CD82EDE62AFB32DD00E46CB2 /* Products */,
			);
			sourceTree = "<group>";
		};
		CD82EDE62AFB32DD00E46CB2 /* Products */ = {
			isa = PBXGroup;
			children = (
				CD82EDE52AFB32DD00E46CB2 /* Flashzilla.app */,
			);
			name = Products;
			sourceTree = "<group>";
		};
		CD82EDE72AFB32DD00E46CB2 /* Flashzilla */ = {
			isa = PBXGroup;
			children = (
				CDDB1D222B59203C00312446 /* Helper */,
				CD37ACC32B0CC26700EB1338 /* Views */,
				CD37ACC02B0CC1B300EB1338 /* Models */,
				CD9444CC2B04CAE6004526D6 /* Day87 */,
				CDDCF73C2B03812D00DDD16F /* Day86 */,
				CD82EDE82AFB32DD00E46CB2 /* FlashzillaApp.swift */,
				CD82EDEA2AFB32DD00E46CB2 /* ContentView.swift */,
				CD82EDEC2AFB32DF00E46CB2 /* Assets.xcassets */,
				CD82EDEE2AFB32DF00E46CB2 /* Preview Content */,
			);
			path = Flashzilla;
			sourceTree = "<group>";
		};
		CD82EDEE2AFB32DF00E46CB2 /* Preview Content */ = {
			isa = PBXGroup;
			children = (
				CD82EDEF2AFB32DF00E46CB2 /* Preview Assets.xcassets */,
			);
			path = "Preview Content";
			sourceTree = "<group>";
		};
		CD9444CC2B04CAE6004526D6 /* Day87 */ = {
			isa = PBXGroup;
			children = (
				CD9444CD2B04CAFF004526D6 /* TimerView.swift */,
			);
			path = Day87;
			sourceTree = "<group>";
		};
		CDDB1D222B59203C00312446 /* Helper */ = {
			isa = PBXGroup;
			children = (
				CDDB1D232B59204800312446 /* FileStorage.swift */,
			);
			path = Helper;
			sourceTree = "<group>";
		};
		CDDCF73C2B03812D00DDD16F /* Day86 */ = {
			isa = PBXGroup;
			children = (
				CDDCF73D2B03817500DDD16F /* GestureExample.swift */,
				CDDCF73F2B0383D200DDD16F /* CoreHapticsExample.swift */,
				CDDCF7412B0384A500DDD16F /* UserInteractivityExample.swift */,
			);
			path = Day86;
			sourceTree = "<group>";
		};
/* End PBXGroup section */

/* Begin PBXNativeTarget section */
		CD82EDE42AFB32DD00E46CB2 /* Flashzilla */ = {
			isa = PBXNativeTarget;
			buildConfigurationList = CD82EDF32AFB32DF00E46CB2 /* Build configuration list for PBXNativeTarget "Flashzilla" */;
			buildPhases = (
				CD82EDE12AFB32DD00E46CB2 /* Sources */,
				CD82EDE22AFB32DD00E46CB2 /* Frameworks */,
				CD82EDE32AFB32DD00E46CB2 /* Resources */,
			);
			buildRules = (
			);
			dependencies = (
			);
			name = Flashzilla;
			productName = Flashzilla;
			productReference = CD82EDE52AFB32DD00E46CB2 /* Flashzilla.app */;
			productType = "com.apple.product-type.application";
		};
/* End PBXNativeTarget section */

/* Begin PBXProject section */
		CD82EDDD2AFB32DD00E46CB2 /* Project object */ = {
			isa = PBXProject;
			attributes = {
				BuildIndependentTargetsInParallel = 1;
				LastSwiftUpdateCheck = 1500;
				LastUpgradeCheck = 1500;
				TargetAttributes = {
					CD82EDE42AFB32DD00E46CB2 = {
						CreatedOnToolsVersion = 15.0.1;
					};
				};
			};
			buildConfigurationList = CD82EDE02AFB32DD00E46CB2 /* Build configuration list for PBXProject "Flashzilla" */;
			compatibilityVersion = "Xcode 14.0";
			developmentRegion = en;
			hasScannedForEncodings = 0;
			knownRegions = (
				en,
				Base,
			);
			mainGroup = CD82EDDC2AFB32DD00E46CB2;
			productRefGroup = CD82EDE62AFB32DD00E46CB2 /* Products */;
			projectDirPath = "";
			projectRoot = "";
			targets = (
				CD82EDE42AFB32DD00E46CB2 /* Flashzilla */,
			);
		};
/* End PBXProject section */

/* Begin PBXResourcesBuildPhase section */
		CD82EDE32AFB32DD00E46CB2 /* Resources */ = {
			isa = PBXResourcesBuildPhase;
			buildActionMask = 2147483647;
			files = (
				CD82EDF02AFB32DF00E46CB2 /* Preview Assets.xcassets in Resources */,
				CD82EDED2AFB32DF00E46CB2 /* Assets.xcassets in Resources */,
			);
			runOnlyForDeploymentPostprocessing = 0;
		};
/* End PBXResourcesBuildPhase section */

/* Begin PBXSourcesBuildPhase section */
		CD82EDE12AFB32DD00E46CB2 /* Sources */ = {
			isa = PBXSourcesBuildPhase;
			buildActionMask = 2147483647;
			files = (
				CD8459A02B11C365003EB2EF /* EditCards.swift in Sources */,
				CDDB1D242B59204800312446 /* FileStorage.swift in Sources */,
				CD9444CE2B04CAFF004526D6 /* TimerView.swift in Sources */,
				CDDCF7402B0383D200DDD16F /* CoreHapticsExample.swift in Sources */,
				CD37ACC22B0CC1BE00EB1338 /* Card.swift in Sources */,
				CD82EDEB2AFB32DD00E46CB2 /* ContentView.swift in Sources */,
				CDDCF73E2B03817500DDD16F /* GestureExample.swift in Sources */,
				CDDCF7422B0384A500DDD16F /* UserInteractivityExample.swift in Sources */,
				CD37ACC52B0CC27200EB1338 /* CardView.swift in Sources */,
				CD82EDE92AFB32DD00E46CB2 /* FlashzillaApp.swift in Sources */,
			);
			runOnlyForDeploymentPostprocessing = 0;
		};
/* End PBXSourcesBuildPhase section */

/* Begin XCBuildConfiguration section */
		CD82EDF12AFB32DF00E46CB2 /* Debug */ = {
			isa = XCBuildConfiguration;
			buildSettings = {
				ALWAYS_SEARCH_USER_PATHS = NO;
				ASSETCATALOG_COMPILER_GENERATE_SWIFT_ASSET_SYMBOL_EXTENSIONS = YES;
				CLANG_ANALYZER_NONNULL = YES;
				CLANG_ANALYZER_NUMBER_OBJECT_CONVERSION = YES_AGGRESSIVE;
				CLANG_CXX_LANGUAGE_STANDARD = "gnu++20";
				CLANG_ENABLE_MODULES = YES;
				CLANG_ENABLE_OBJC_ARC = YES;
				CLANG_ENABLE_OBJC_WEAK = YES;
				CLANG_WARN_BLOCK_CAPTURE_AUTORELEASING = YES;
				CLANG_WARN_BOOL_CONVERSION = YES;
				CLANG_WARN_COMMA = YES;
				CLANG_WARN_CONSTANT_CONVERSION = YES;
				CLANG_WARN_DEPRECATED_OBJC_IMPLEMENTATIONS = YES;
				CLANG_WARN_DIRECT_OBJC_ISA_USAGE = YES_ERROR;
				CLANG_WARN_DOCUMENTATION_COMMENTS = YES;
				CLANG_WARN_EMPTY_BODY = YES;
				CLANG_WARN_ENUM_CONVERSION = YES;
				CLANG_WARN_INFINITE_RECURSION = YES;
				CLANG_WARN_INT_CONVERSION = YES;
				CLANG_WARN_NON_LITERAL_NULL_CONVERSION = YES;
				CLANG_WARN_OBJC_IMPLICIT_RETAIN_SELF = YES;
				CLANG_WARN_OBJC_LITERAL_CONVERSION = YES;
				CLANG_WARN_OBJC_ROOT_CLASS = YES_ERROR;
				CLANG_WARN_QUOTED_INCLUDE_IN_FRAMEWORK_HEADER = YES;
				CLANG_WARN_RANGE_LOOP_ANALYSIS = YES;
				CLANG_WARN_STRICT_PROTOTYPES = YES;
				CLANG_WARN_SUSPICIOUS_MOVE = YES;
				CLANG_WARN_UNGUARDED_AVAILABILITY = YES_AGGRESSIVE;
				CLANG_WARN_UNREACHABLE_CODE = YES;
				CLANG_WARN__DUPLICATE_METHOD_MATCH = YES;
				COPY_PHASE_STRIP = NO;
				DEBUG_INFORMATION_FORMAT = dwarf;
				ENABLE_STRICT_OBJC_MSGSEND = YES;
				ENABLE_TESTABILITY = YES;
				ENABLE_USER_SCRIPT_SANDBOXING = YES;
				GCC_C_LANGUAGE_STANDARD = gnu17;
				GCC_DYNAMIC_NO_PIC = NO;
				GCC_NO_COMMON_BLOCKS = YES;
				GCC_OPTIMIZATION_LEVEL = 0;
				GCC_PREPROCESSOR_DEFINITIONS = (
					"DEBUG=1",
					"$(inherited)",
				);
				GCC_WARN_64_TO_32_BIT_CONVERSION = YES;
				GCC_WARN_ABOUT_RETURN_TYPE = YES_ERROR;
				GCC_WARN_UNDECLARED_SELECTOR = YES;
				GCC_WARN_UNINITIALIZED_AUTOS = YES_AGGRESSIVE;
				GCC_WARN_UNUSED_FUNCTION = YES;
				GCC_WARN_UNUSED_VARIABLE = YES;
				IPHONEOS_DEPLOYMENT_TARGET = 17.0;
				LOCALIZATION_PREFERS_STRING_CATALOGS = YES;
				MTL_ENABLE_DEBUG_INFO = INCLUDE_SOURCE;
				MTL_FAST_MATH = YES;
				ONLY_ACTIVE_ARCH = YES;
				SDKROOT = iphoneos;
				SWIFT_ACTIVE_COMPILATION_CONDITIONS = "DEBUG $(inherited)";
				SWIFT_OPTIMIZATION_LEVEL = "-Onone";
			};
			name = Debug;
		};
		CD82EDF22AFB32DF00E46CB2 /* Release */ = {
			isa = XCBuildConfiguration;
			buildSettings = {
				ALWAYS_SEARCH_USER_PATHS = NO;
				ASSETCATALOG_COMPILER_GENERATE_SWIFT_ASSET_SYMBOL_EXTENSIONS = YES;
				CLANG_ANALYZER_NONNULL = YES;
				CLANG_ANALYZER_NUMBER_OBJECT_CONVERSION = YES_AGGRESSIVE;
				CLANG_CXX_LANGUAGE_STANDARD = "gnu++20";
				CLANG_ENABLE_MODULES = YES;
				CLANG_ENABLE_OBJC_ARC = YES;
				CLANG_ENABLE_OBJC_WEAK = YES;
				CLANG_WARN_BLOCK_CAPTURE_AUTORELEASING = YES;
				CLANG_WARN_BOOL_CONVERSION = YES;
				CLANG_WARN_COMMA = YES;
				CLANG_WARN_CONSTANT_CONVERSION = YES;
				CLANG_WARN_DEPRECATED_OBJC_IMPLEMENTATIONS = YES;
				CLANG_WARN_DIRECT_OBJC_ISA_USAGE = YES_ERROR;
				CLANG_WARN_DOCUMENTATION_COMMENTS = YES;
				CLANG_WARN_EMPTY_BODY = YES;
				CLANG_WARN_ENUM_CONVERSION = YES;
				CLANG_WARN_INFINITE_RECURSION = YES;
				CLANG_WARN_INT_CONVERSION = YES;
				CLANG_WARN_NON_LITERAL_NULL_CONVERSION = YES;
				CLANG_WARN_OBJC_IMPLICIT_RETAIN_SELF = YES;
				CLANG_WARN_OBJC_LITERAL_CONVERSION = YES;
				CLANG_WARN_OBJC_ROOT_CLASS = YES_ERROR;
				CLANG_WARN_QUOTED_INCLUDE_IN_FRAMEWORK_HEADER = YES;
				CLANG_WARN_RANGE_LOOP_ANALYSIS = YES;
				CLANG_WARN_STRICT_PROTOTYPES = YES;
				CLANG_WARN_SUSPICIOUS_MOVE = YES;
				CLANG_WARN_UNGUARDED_AVAILABILITY = YES_AGGRESSIVE;
				CLANG_WARN_UNREACHABLE_CODE = YES;
				CLANG_WARN__DUPLICATE_METHOD_MATCH = YES;
				COPY_PHASE_STRIP = NO;
				DEBUG_INFORMATION_FORMAT = "dwarf-with-dsym";
				ENABLE_NS_ASSERTIONS = NO;
				ENABLE_STRICT_OBJC_MSGSEND = YES;
				ENABLE_USER_SCRIPT_SANDBOXING = YES;
				GCC_C_LANGUAGE_STANDARD = gnu17;
				GCC_NO_COMMON_BLOCKS = YES;
				GCC_WARN_64_TO_32_BIT_CONVERSION = YES;
				GCC_WARN_ABOUT_RETURN_TYPE = YES_ERROR;
				GCC_WARN_UNDECLARED_SELECTOR = YES;
				GCC_WARN_UNINITIALIZED_AUTOS = YES_AGGRESSIVE;
				GCC_WARN_UNUSED_FUNCTION = YES;
				GCC_WARN_UNUSED_VARIABLE = YES;
				IPHONEOS_DEPLOYMENT_TARGET = 17.0;
				LOCALIZATION_PREFERS_STRING_CATALOGS = YES;
				MTL_ENABLE_DEBUG_INFO = NO;
				MTL_FAST_MATH = YES;
				SDKROOT = iphoneos;
				SWIFT_COMPILATION_MODE = wholemodule;
				VALIDATE_PRODUCT = YES;
			};
			name = Release;
		};
		CD82EDF42AFB32DF00E46CB2 /* Debug */ = {
			isa = XCBuildConfiguration;
			buildSettings = {
				ASSETCATALOG_COMPILER_APPICON_NAME = AppIcon;
				ASSETCATALOG_COMPILER_GLOBAL_ACCENT_COLOR_NAME = AccentColor;
				CODE_SIGN_STYLE = Automatic;
				CURRENT_PROJECT_VERSION = 1;
				DEVELOPMENT_ASSET_PATHS = "\"Flashzilla/Preview Content\"";
				DEVELOPMENT_TEAM = YQ88N3YLMB;
				ENABLE_PREVIEWS = YES;
				GENERATE_INFOPLIST_FILE = YES;
				INFOPLIST_KEY_UIApplicationSceneManifest_Generation = YES;
				INFOPLIST_KEY_UIApplicationSupportsIndirectInputEvents = YES;
				INFOPLIST_KEY_UILaunchScreen_Generation = YES;
				INFOPLIST_KEY_UISupportedInterfaceOrientations_iPad = "UIInterfaceOrientationPortrait UIInterfaceOrientationPortraitUpsideDown UIInterfaceOrientationLandscapeLeft UIInterfaceOrientationLandscapeRight";
				INFOPLIST_KEY_UISupportedInterfaceOrientations_iPhone = "UIInterfaceOrientationLandscapeLeft UIInterfaceOrientationLandscapeRight";
				LD_RUNPATH_SEARCH_PATHS = (
					"$(inherited)",
					"@executable_path/Frameworks",
				);
				MARKETING_VERSION = 1.0;
				PRODUCT_BUNDLE_IDENTIFIER = dev.hsiang.Flashzilla;
				PRODUCT_NAME = "$(TARGET_NAME)";
				SWIFT_EMIT_LOC_STRINGS = YES;
				SWIFT_VERSION = 5.0;
				TARGETED_DEVICE_FAMILY = "1,2";
			};
			name = Debug;
		};
		CD82EDF52AFB32DF00E46CB2 /* Release */ = {
			isa = XCBuildConfiguration;
			buildSettings = {
				ASSETCATALOG_COMPILER_APPICON_NAME = AppIcon;
				ASSETCATALOG_COMPILER_GLOBAL_ACCENT_COLOR_NAME = AccentColor;
				CODE_SIGN_STYLE = Automatic;
				CURRENT_PROJECT_VERSION = 1;
				DEVELOPMENT_ASSET_PATHS = "\"Flashzilla/Preview Content\"";
				DEVELOPMENT_TEAM = YQ88N3YLMB;
				ENABLE_PREVIEWS = YES;
				GENERATE_INFOPLIST_FILE = YES;
				INFOPLIST_KEY_UIApplicationSceneManifest_Generation = YES;
				INFOPLIST_KEY_UIApplicationSupportsIndirectInputEvents = YES;
				INFOPLIST_KEY_UILaunchScreen_Generation = YES;
				INFOPLIST_KEY_UISupportedInterfaceOrientations_iPad = "UIInterfaceOrientationPortrait UIInterfaceOrientationPortraitUpsideDown UIInterfaceOrientationLandscapeLeft UIInterfaceOrientationLandscapeRight";
				INFOPLIST_KEY_UISupportedInterfaceOrientations_iPhone = "UIInterfaceOrientationLandscapeLeft UIInterfaceOrientationLandscapeRight";
				LD_RUNPATH_SEARCH_PATHS = (
					"$(inherited)",
					"@executable_path/Frameworks",
				);
				MARKETING_VERSION = 1.0;
				PRODUCT_BUNDLE_IDENTIFIER = dev.hsiang.Flashzilla;
				PRODUCT_NAME = "$(TARGET_NAME)";
				SWIFT_EMIT_LOC_STRINGS = YES;
				SWIFT_VERSION = 5.0;
				TARGETED_DEVICE_FAMILY = "1,2";
			};
			name = Release;
		};
/* End XCBuildConfiguration section */

/* Begin XCConfigurationList section */
		CD82EDE02AFB32DD00E46CB2 /* Build configuration list for PBXProject "Flashzilla" */ = {
			isa = XCConfigurationList;
			buildConfigurations = (
				CD82EDF12AFB32DF00E46CB2 /* Debug */,
				CD82EDF22AFB32DF00E46CB2 /* Release */,
			);
			defaultConfigurationIsVisible = 0;
			defaultConfigurationName = Release;
		};
		CD82EDF32AFB32DF00E46CB2 /* Build configuration list for PBXNativeTarget "Flashzilla" */ = {
			isa = XCConfigurationList;
			buildConfigurations = (
				CD82EDF42AFB32DF00E46CB2 /* Debug */,
				CD82EDF52AFB32DF00E46CB2 /* Release */,
			);
			defaultConfigurationIsVisible = 0;
			defaultConfigurationName = Release;
		};
/* End XCConfigurationList section */
	};
	rootObject = CD82EDDD2AFB32DD00E46CB2 /* Project object */;
}
