// !$*UTF8*$!
{
	archiveVersion = 1;
	classes = {
	};
	objectVersion = 56;
	objects = {

/* Begin PBXBuildFile section */
		CD6F81742A9DCD1C00CA3685 /* DetailView.swift in Sources */ = {isa = PBXBuildFile; fileRef = CD6F81732A9DCD1C00CA3685 /* DetailView.swift */; };
		CD6F81762A9F1B8300CA3685 /* BookItem.swift in Sources */ = {isa = PBXBuildFile; fileRef = CD6F81752A9F1B8300CA3685 /* BookItem.swift */; };
		CDA34C672A9A0515000CB8A5 /* BookwormApp.swift in Sources */ = {isa = PBXBuildFile; fileRef = CDA34C662A9A0515000CB8A5 /* BookwormApp.swift */; };
		CDA34C692A9A0515000CB8A5 /* ContentView.swift in Sources */ = {isa = PBXBuildFile; fileRef = CDA34C682A9A0515000CB8A5 /* ContentView.swift */; };
		CDA34C6B2A9A0517000CB8A5 /* Assets.xcassets in Resources */ = {isa = PBXBuildFile; fileRef = CDA34C6A2A9A0517000CB8A5 /* Assets.xcassets */; };
		CDA34C6E2A9A0517000CB8A5 /* Preview Assets.xcassets in Resources */ = {isa = PBXBuildFile; fileRef = CDA34C6D2A9A0517000CB8A5 /* Preview Assets.xcassets */; };
		CDA34C762A9B09B4000CB8A5 /* Bookworm.xcdatamodeld in Sources */ = {isa = PBXBuildFile; fileRef = CDA34C742A9B09B4000CB8A5 /* Bookworm.xcdatamodeld */; };
		CDA34C782A9B0A0E000CB8A5 /* DataController.swift in Sources */ = {isa = PBXBuildFile; fileRef = CDA34C772A9B0A0E000CB8A5 /* DataController.swift */; };
		CDA34C7C2A9C8638000CB8A5 /* AddBookView.swift in Sources */ = {isa = PBXBuildFile; fileRef = CDA34C7B2A9C8638000CB8A5 /* AddBookView.swift */; };
		CDA34C7E2A9CBE12000CB8A5 /* RatingView.swift in Sources */ = {isa = PBXBuildFile; fileRef = CDA34C7D2A9CBE12000CB8A5 /* RatingView.swift */; };
		CDA34C802A9CC332000CB8A5 /* EmojiRatingView.swift in Sources */ = {isa = PBXBuildFile; fileRef = CDA34C7F2A9CC332000CB8A5 /* EmojiRatingView.swift */; };
/* End PBXBuildFile section */

/* Begin PBXFileReference section */
		CD6F81732A9DCD1C00CA3685 /* DetailView.swift */ = {isa = PBXFileReference; lastKnownFileType = sourcecode.swift; path = DetailView.swift; sourceTree = "<group>"; };
		CD6F81752A9F1B8300CA3685 /* BookItem.swift */ = {isa = PBXFileReference; lastKnownFileType = sourcecode.swift; path = BookItem.swift; sourceTree = "<group>"; };
		CDA34C632A9A0515000CB8A5 /* Bookworm.app */ = {isa = PBXFileReference; explicitFileType = wrapper.application; includeInIndex = 0; path = Bookworm.app; sourceTree = BUILT_PRODUCTS_DIR; };
		CDA34C662A9A0515000CB8A5 /* BookwormApp.swift */ = {isa = PBXFileReference; lastKnownFileType = sourcecode.swift; path = BookwormApp.swift; sourceTree = "<group>"; };
		CDA34C682A9A0515000CB8A5 /* ContentView.swift */ = {isa = PBXFileReference; lastKnownFileType = sourcecode.swift; path = ContentView.swift; sourceTree = "<group>"; };
		CDA34C6A2A9A0517000CB8A5 /* Assets.xcassets */ = {isa = PBXFileReference; lastKnownFileType = folder.assetcatalog; path = Assets.xcassets; sourceTree = "<group>"; };
		CDA34C6D2A9A0517000CB8A5 /* Preview Assets.xcassets */ = {isa = PBXFileReference; lastKnownFileType = folder.assetcatalog; path = "Preview Assets.xcassets"; sourceTree = "<group>"; };
		CDA34C752A9B09B4000CB8A5 /* Bookworm.xcdatamodel */ = {isa = PBXFileReference; lastKnownFileType = wrapper.xcdatamodel; path = Bookworm.xcdatamodel; sourceTree = "<group>"; };
		CDA34C772A9B0A0E000CB8A5 /* DataController.swift */ = {isa = PBXFileReference; lastKnownFileType = sourcecode.swift; path = DataController.swift; sourceTree = "<group>"; };
		CDA34C7B2A9C8638000CB8A5 /* AddBookView.swift */ = {isa = PBXFileReference; lastKnownFileType = sourcecode.swift; path = AddBookView.swift; sourceTree = "<group>"; };
		CDA34C7D2A9CBE12000CB8A5 /* RatingView.swift */ = {isa = PBXFileReference; lastKnownFileType = sourcecode.swift; path = RatingView.swift; sourceTree = "<group>"; };
		CDA34C7F2A9CC332000CB8A5 /* EmojiRatingView.swift */ = {isa = PBXFileReference; lastKnownFileType = sourcecode.swift; path = EmojiRatingView.swift; sourceTree = "<group>"; };
/* End PBXFileReference section */

/* Begin PBXFrameworksBuildPhase section */
		CDA34C602A9A0515000CB8A5 /* Frameworks */ = {
			isa = PBXFrameworksBuildPhase;
			buildActionMask = 2147483647;
			files = (
			);
			runOnlyForDeploymentPostprocessing = 0;
		};
/* End PBXFrameworksBuildPhase section */

/* Begin PBXGroup section */
		CDA34C5A2A9A0515000CB8A5 = {
			isa = PBXGroup;
			children = (
				CDA34C652A9A0515000CB8A5 /* Bookworm */,
				CDA34C642A9A0515000CB8A5 /* Products */,
			);
			sourceTree = "<group>";
		};
		CDA34C642A9A0515000CB8A5 /* Products */ = {
			isa = PBXGroup;
			children = (
				CDA34C632A9A0515000CB8A5 /* Bookworm.app */,
			);
			name = Products;
			sourceTree = "<group>";
		};
		CDA34C652A9A0515000CB8A5 /* Bookworm */ = {
			isa = PBXGroup;
			children = (
				CDA34C7A2A9C862C000CB8A5 /* Views */,
				CDA34C792A9C83EC000CB8A5 /* Models */,
				CDA34C662A9A0515000CB8A5 /* BookwormApp.swift */,
				CDA34C682A9A0515000CB8A5 /* ContentView.swift */,
				CDA34C6A2A9A0517000CB8A5 /* Assets.xcassets */,
				CDA34C742A9B09B4000CB8A5 /* Bookworm.xcdatamodeld */,
				CDA34C6C2A9A0517000CB8A5 /* Preview Content */,
			);
			path = Bookworm;
			sourceTree = "<group>";
		};
		CDA34C6C2A9A0517000CB8A5 /* Preview Content */ = {
			isa = PBXGroup;
			children = (
				CDA34C6D2A9A0517000CB8A5 /* Preview Assets.xcassets */,
			);
			path = "Preview Content";
			sourceTree = "<group>";
		};
		CDA34C792A9C83EC000CB8A5 /* Models */ = {
			isa = PBXGroup;
			children = (
				CDA34C772A9B0A0E000CB8A5 /* DataController.swift */,
			);
			path = Models;
			sourceTree = "<group>";
		};
		CDA34C7A2A9C862C000CB8A5 /* Views */ = {
			isa = PBXGroup;
			children = (
				CDA34C7B2A9C8638000CB8A5 /* AddBookView.swift */,
				CD6F81732A9DCD1C00CA3685 /* DetailView.swift */,
				CDA34C7D2A9CBE12000CB8A5 /* RatingView.swift */,
				CDA34C7F2A9CC332000CB8A5 /* EmojiRatingView.swift */,
				CD6F81752A9F1B8300CA3685 /* BookItem.swift */,
			);
			path = Views;
			sourceTree = "<group>";
		};
/* End PBXGroup section */

/* Begin PBXNativeTarget section */
		CDA34C622A9A0515000CB8A5 /* Bookworm */ = {
			isa = PBXNativeTarget;
			buildConfigurationList = CDA34C712A9A0517000CB8A5 /* Build configuration list for PBXNativeTarget "Bookworm" */;
			buildPhases = (
				CDA34C5F2A9A0515000CB8A5 /* Sources */,
				CDA34C602A9A0515000CB8A5 /* Frameworks */,
				CDA34C612A9A0515000CB8A5 /* Resources */,
			);
			buildRules = (
			);
			dependencies = (
			);
			name = Bookworm;
			productName = Bookworm;
			productReference = CDA34C632A9A0515000CB8A5 /* Bookworm.app */;
			productType = "com.apple.product-type.application";
		};
/* End PBXNativeTarget section */

/* Begin PBXProject section */
		CDA34C5B2A9A0515000CB8A5 /* Project object */ = {
			isa = PBXProject;
			attributes = {
				BuildIndependentTargetsInParallel = 1;
				LastSwiftUpdateCheck = 1430;
				LastUpgradeCheck = 1430;
				TargetAttributes = {
					CDA34C622A9A0515000CB8A5 = {
						CreatedOnToolsVersion = 14.3.1;
					};
				};
			};
			buildConfigurationList = CDA34C5E2A9A0515000CB8A5 /* Build configuration list for PBXProject "Bookworm" */;
			compatibilityVersion = "Xcode 14.0";
			developmentRegion = en;
			hasScannedForEncodings = 0;
			knownRegions = (
				en,
				Base,
			);
			mainGroup = CDA34C5A2A9A0515000CB8A5;
			productRefGroup = CDA34C642A9A0515000CB8A5 /* Products */;
			projectDirPath = "";
			projectRoot = "";
			targets = (
				CDA34C622A9A0515000CB8A5 /* Bookworm */,
			);
		};
/* End PBXProject section */

/* Begin PBXResourcesBuildPhase section */
		CDA34C612A9A0515000CB8A5 /* Resources */ = {
			isa = PBXResourcesBuildPhase;
			buildActionMask = 2147483647;
			files = (
				CDA34C6E2A9A0517000CB8A5 /* Preview Assets.xcassets in Resources */,
				CDA34C6B2A9A0517000CB8A5 /* Assets.xcassets in Resources */,
			);
			runOnlyForDeploymentPostprocessing = 0;
		};
/* End PBXResourcesBuildPhase section */

/* Begin PBXSourcesBuildPhase section */
		CDA34C5F2A9A0515000CB8A5 /* Sources */ = {
			isa = PBXSourcesBuildPhase;
			buildActionMask = 2147483647;
			files = (
				CDA34C692A9A0515000CB8A5 /* ContentView.swift in Sources */,
				CD6F81742A9DCD1C00CA3685 /* DetailView.swift in Sources */,
				CDA34C782A9B0A0E000CB8A5 /* DataController.swift in Sources */,
				CDA34C802A9CC332000CB8A5 /* EmojiRatingView.swift in Sources */,
				CD6F81762A9F1B8300CA3685 /* BookItem.swift in Sources */,
				CDA34C762A9B09B4000CB8A5 /* Bookworm.xcdatamodeld in Sources */,
				CDA34C7E2A9CBE12000CB8A5 /* RatingView.swift in Sources */,
				CDA34C672A9A0515000CB8A5 /* BookwormApp.swift in Sources */,
				CDA34C7C2A9C8638000CB8A5 /* AddBookView.swift in Sources */,
			);
			runOnlyForDeploymentPostprocessing = 0;
		};
/* End PBXSourcesBuildPhase section */

/* Begin XCBuildConfiguration section */
		CDA34C6F2A9A0517000CB8A5 /* Debug */ = {
			isa = XCBuildConfiguration;
			buildSettings = {
				ALWAYS_SEARCH_USER_PATHS = NO;
				CLANG_ANALYZER_NONNULL = YES;
				CLANG_ANALYZER_NUMBER_OBJECT_CONVERSION = YES_AGGRESSIVE;
				CLANG_CXX_LANGUAGE_STANDARD = "gnu++20";
				CLANG_ENABLE_MODULES = YES;
				CLANG_ENABLE_OBJC_ARC = YES;
				CLANG_ENABLE_OBJC_WEAK = YES;
				CLANG_WARN_BLOCK_CAPTURE_AUTORELEASING = YES;
				CLANG_WARN_BOOL_CONVERSION = YES;
				CLANG_WARN_COMMA = YES;
				CLANG_WARN_CONSTANT_CONVERSION = YES;
				CLANG_WARN_DEPRECATED_OBJC_IMPLEMENTATIONS = YES;
				CLANG_WARN_DIRECT_OBJC_ISA_USAGE = YES_ERROR;
				CLANG_WARN_DOCUMENTATION_COMMENTS = YES;
				CLANG_WARN_EMPTY_BODY = YES;
				CLANG_WARN_ENUM_CONVERSION = YES;
				CLANG_WARN_INFINITE_RECURSION = YES;
				CLANG_WARN_INT_CONVERSION = YES;
				CLANG_WARN_NON_LITERAL_NULL_CONVERSION = YES;
				CLANG_WARN_OBJC_IMPLICIT_RETAIN_SELF = YES;
				CLANG_WARN_OBJC_LITERAL_CONVERSION = YES;
				CLANG_WARN_OBJC_ROOT_CLASS = YES_ERROR;
				CLANG_WARN_QUOTED_INCLUDE_IN_FRAMEWORK_HEADER = YES;
				CLANG_WARN_RANGE_LOOP_ANALYSIS = YES;
				CLANG_WARN_STRICT_PROTOTYPES = YES;
				CLANG_WARN_SUSPICIOUS_MOVE = YES;
				CLANG_WARN_UNGUARDED_AVAILABILITY = YES_AGGRESSIVE;
				CLANG_WARN_UNREACHABLE_CODE = YES;
				CLANG_WARN__DUPLICATE_METHOD_MATCH = YES;
				COPY_PHASE_STRIP = NO;
				DEBUG_INFORMATION_FORMAT = dwarf;
				ENABLE_STRICT_OBJC_MSGSEND = YES;
				ENABLE_TESTABILITY = YES;
				GCC_C_LANGUAGE_STANDARD = gnu11;
				GCC_DYNAMIC_NO_PIC = NO;
				GCC_NO_COMMON_BLOCKS = YES;
				GCC_OPTIMIZATION_LEVEL = 0;
				GCC_PREPROCESSOR_DEFINITIONS = (
					"DEBUG=1",
					"$(inherited)",
				);
				GCC_WARN_64_TO_32_BIT_CONVERSION = YES;
				GCC_WARN_ABOUT_RETURN_TYPE = YES_ERROR;
				GCC_WARN_UNDECLARED_SELECTOR = YES;
				GCC_WARN_UNINITIALIZED_AUTOS = YES_AGGRESSIVE;
				GCC_WARN_UNUSED_FUNCTION = YES;
				GCC_WARN_UNUSED_VARIABLE = YES;
				IPHONEOS_DEPLOYMENT_TARGET = 16.4;
				MTL_ENABLE_DEBUG_INFO = INCLUDE_SOURCE;
				MTL_FAST_MATH = YES;
				ONLY_ACTIVE_ARCH = YES;
				SDKROOT = iphoneos;
				SWIFT_ACTIVE_COMPILATION_CONDITIONS = DEBUG;
				SWIFT_OPTIMIZATION_LEVEL = "-Onone";
			};
			name = Debug;
		};
		CDA34C702A9A0517000CB8A5 /* Release */ = {
			isa = XCBuildConfiguration;
			buildSettings = {
				ALWAYS_SEARCH_USER_PATHS = NO;
				CLANG_ANALYZER_NONNULL = YES;
				CLANG_ANALYZER_NUMBER_OBJECT_CONVERSION = YES_AGGRESSIVE;
				CLANG_CXX_LANGUAGE_STANDARD = "gnu++20";
				CLANG_ENABLE_MODULES = YES;
				CLANG_ENABLE_OBJC_ARC = YES;
				CLANG_ENABLE_OBJC_WEAK = YES;
				CLANG_WARN_BLOCK_CAPTURE_AUTORELEASING = YES;
				CLANG_WARN_BOOL_CONVERSION = YES;
				CLANG_WARN_COMMA = YES;
				CLANG_WARN_CONSTANT_CONVERSION = YES;
				CLANG_WARN_DEPRECATED_OBJC_IMPLEMENTATIONS = YES;
				CLANG_WARN_DIRECT_OBJC_ISA_USAGE = YES_ERROR;
				CLANG_WARN_DOCUMENTATION_COMMENTS = YES;
				CLANG_WARN_EMPTY_BODY = YES;
				CLANG_WARN_ENUM_CONVERSION = YES;
				CLANG_WARN_INFINITE_RECURSION = YES;
				CLANG_WARN_INT_CONVERSION = YES;
				CLANG_WARN_NON_LITERAL_NULL_CONVERSION = YES;
				CLANG_WARN_OBJC_IMPLICIT_RETAIN_SELF = YES;
				CLANG_WARN_OBJC_LITERAL_CONVERSION = YES;
				CLANG_WARN_OBJC_ROOT_CLASS = YES_ERROR;
				CLANG_WARN_QUOTED_INCLUDE_IN_FRAMEWORK_HEADER = YES;
				CLANG_WARN_RANGE_LOOP_ANALYSIS = YES;
				CLANG_WARN_STRICT_PROTOTYPES = YES;
				CLANG_WARN_SUSPICIOUS_MOVE = YES;
				CLANG_WARN_UNGUARDED_AVAILABILITY = YES_AGGRESSIVE;
				CLANG_WARN_UNREACHABLE_CODE = YES;
				CLANG_WARN__DUPLICATE_METHOD_MATCH = YES;
				COPY_PHASE_STRIP = NO;
				DEBUG_INFORMATION_FORMAT = "dwarf-with-dsym";
				ENABLE_NS_ASSERTIONS = NO;
				ENABLE_STRICT_OBJC_MSGSEND = YES;
				GCC_C_LANGUAGE_STANDARD = gnu11;
				GCC_NO_COMMON_BLOCKS = YES;
				GCC_WARN_64_TO_32_BIT_CONVERSION = YES;
				GCC_WARN_ABOUT_RETURN_TYPE = YES_ERROR;
				GCC_WARN_UNDECLARED_SELECTOR = YES;
				GCC_WARN_UNINITIALIZED_AUTOS = YES_AGGRESSIVE;
				GCC_WARN_UNUSED_FUNCTION = YES;
				GCC_WARN_UNUSED_VARIABLE = YES;
				IPHONEOS_DEPLOYMENT_TARGET = 16.4;
				MTL_ENABLE_DEBUG_INFO = NO;
				MTL_FAST_MATH = YES;
				SDKROOT = iphoneos;
				SWIFT_COMPILATION_MODE = wholemodule;
				SWIFT_OPTIMIZATION_LEVEL = "-O";
				VALIDATE_PRODUCT = YES;
			};
			name = Release;
		};
		CDA34C722A9A0517000CB8A5 /* Debug */ = {
			isa = XCBuildConfiguration;
			buildSettings = {
				ASSETCATALOG_COMPILER_APPICON_NAME = AppIcon;
				ASSETCATALOG_COMPILER_GLOBAL_ACCENT_COLOR_NAME = AccentColor;
				CODE_SIGN_STYLE = Automatic;
				CURRENT_PROJECT_VERSION = 1;
				DEVELOPMENT_ASSET_PATHS = "\"Bookworm/Preview Content\"";
				DEVELOPMENT_TEAM = YQ88N3YLMB;
				ENABLE_PREVIEWS = YES;
				GENERATE_INFOPLIST_FILE = YES;
				INFOPLIST_KEY_UIApplicationSceneManifest_Generation = YES;
				INFOPLIST_KEY_UIApplicationSupportsIndirectInputEvents = YES;
				INFOPLIST_KEY_UILaunchScreen_Generation = YES;
				INFOPLIST_KEY_UISupportedInterfaceOrientations_iPad = "UIInterfaceOrientationPortrait UIInterfaceOrientationPortraitUpsideDown UIInterfaceOrientationLandscapeLeft UIInterfaceOrientationLandscapeRight";
				INFOPLIST_KEY_UISupportedInterfaceOrientations_iPhone = "UIInterfaceOrientationPortrait UIInterfaceOrientationLandscapeLeft UIInterfaceOrientationLandscapeRight";
				LD_RUNPATH_SEARCH_PATHS = (
					"$(inherited)",
					"@executable_path/Frameworks",
				);
				MARKETING_VERSION = 1.0;
				PRODUCT_BUNDLE_IDENTIFIER = hsiang.dev.Bookworm;
				PRODUCT_NAME = "$(TARGET_NAME)";
				SWIFT_EMIT_LOC_STRINGS = YES;
				SWIFT_VERSION = 5.0;
				TARGETED_DEVICE_FAMILY = "1,2";
			};
			name = Debug;
		};
		CDA34C732A9A0517000CB8A5 /* Release */ = {
			isa = XCBuildConfiguration;
			buildSettings = {
				ASSETCATALOG_COMPILER_APPICON_NAME = AppIcon;
				ASSETCATALOG_COMPILER_GLOBAL_ACCENT_COLOR_NAME = AccentColor;
				CODE_SIGN_STYLE = Automatic;
				CURRENT_PROJECT_VERSION = 1;
				DEVELOPMENT_ASSET_PATHS = "\"Bookworm/Preview Content\"";
				DEVELOPMENT_TEAM = YQ88N3YLMB;
				ENABLE_PREVIEWS = YES;
				GENERATE_INFOPLIST_FILE = YES;
				INFOPLIST_KEY_UIApplicationSceneManifest_Generation = YES;
				INFOPLIST_KEY_UIApplicationSupportsIndirectInputEvents = YES;
				INFOPLIST_KEY_UILaunchScreen_Generation = YES;
				INFOPLIST_KEY_UISupportedInterfaceOrientations_iPad = "UIInterfaceOrientationPortrait UIInterfaceOrientationPortraitUpsideDown UIInterfaceOrientationLandscapeLeft UIInterfaceOrientationLandscapeRight";
				INFOPLIST_KEY_UISupportedInterfaceOrientations_iPhone = "UIInterfaceOrientationPortrait UIInterfaceOrientationLandscapeLeft UIInterfaceOrientationLandscapeRight";
				LD_RUNPATH_SEARCH_PATHS = (
					"$(inherited)",
					"@executable_path/Frameworks",
				);
				MARKETING_VERSION = 1.0;
				PRODUCT_BUNDLE_IDENTIFIER = hsiang.dev.Bookworm;
				PRODUCT_NAME = "$(TARGET_NAME)";
				SWIFT_EMIT_LOC_STRINGS = YES;
				SWIFT_VERSION = 5.0;
				TARGETED_DEVICE_FAMILY = "1,2";
			};
			name = Release;
		};
/* End XCBuildConfiguration section */

/* Begin XCConfigurationList section */
		CDA34C5E2A9A0515000CB8A5 /* Build configuration list for PBXProject "Bookworm" */ = {
			isa = XCConfigurationList;
			buildConfigurations = (
				CDA34C6F2A9A0517000CB8A5 /* Debug */,
				CDA34C702A9A0517000CB8A5 /* Release */,
			);
			defaultConfigurationIsVisible = 0;
			defaultConfigurationName = Release;
		};
		CDA34C712A9A0517000CB8A5 /* Build configuration list for PBXNativeTarget "Bookworm" */ = {
			isa = XCConfigurationList;
			buildConfigurations = (
				CDA34C722A9A0517000CB8A5 /* Debug */,
				CDA34C732A9A0517000CB8A5 /* Release */,
			);
			defaultConfigurationIsVisible = 0;
			defaultConfigurationName = Release;
		};
/* End XCConfigurationList section */

/* Begin XCVersionGroup section */
		CDA34C742A9B09B4000CB8A5 /* Bookworm.xcdatamodeld */ = {
			isa = XCVersionGroup;
			children = (
				CDA34C752A9B09B4000CB8A5 /* Bookworm.xcdatamodel */,
			);
			currentVersion = CDA34C752A9B09B4000CB8A5 /* Bookworm.xcdatamodel */;
			path = Bookworm.xcdatamodeld;
			sourceTree = "<group>";
			versionGroupType = wrapper.xcdatamodel;
		};
/* End XCVersionGroup section */
	};
	rootObject = CDA34C5B2A9A0515000CB8A5 /* Project object */;
}
