// !$*UTF8*$!
{
	archiveVersion = 1;
	classes = {
	};
	objectVersion = 56;
	objects = {

/* Begin PBXBuildFile section */
		CD60E8122AF231BD004F0265 /* ObjectWillChangeAndResultAndInterpolation.swift in Sources */ = {isa = PBXBuildFile; fileRef = CD60E8112AF231BD004F0265 /* ObjectWillChangeAndResultAndInterpolation.swift */; };
		CD68975F2AF871A40087D573 /* CodeScanner in Frameworks */ = {isa = PBXBuildFile; productRef = CD68975E2AF871A40087D573 /* CodeScanner */; };
		CD6897622AF8B3AB0087D573 /* ImageSaver.swift in Sources */ = {isa = PBXBuildFile; fileRef = CD6897612AF8B3AB0087D573 /* ImageSaver.swift */; };
		CD8BE4DD2AF104C6001B6E9A /* HotProspectsApp.swift in Sources */ = {isa = PBXBuildFile; fileRef = CD8BE4DC2AF104C6001B6E9A /* HotProspectsApp.swift */; };
		CD8BE4DF2AF104C6001B6E9A /* ContentView.swift in Sources */ = {isa = PBXBuildFile; fileRef = CD8BE4DE2AF104C6001B6E9A /* ContentView.swift */; };
		CD8BE4E12AF104C8001B6E9A /* Assets.xcassets in Resources */ = {isa = PBXBuildFile; fileRef = CD8BE4E02AF104C8001B6E9A /* Assets.xcassets */; };
		CD8BE4E42AF104C8001B6E9A /* Preview Assets.xcassets in Resources */ = {isa = PBXBuildFile; fileRef = CD8BE4E32AF104C8001B6E9A /* Preview Assets.xcassets */; };
		CD8BE4EC2AF11424001B6E9A /* EnvironmentObjectAndTabView.swift in Sources */ = {isa = PBXBuildFile; fileRef = CD8BE4EB2AF11424001B6E9A /* EnvironmentObjectAndTabView.swift */; };
		CDFDEA962AF3835C00307A9E /* SamplePackage in Frameworks */ = {isa = PBXBuildFile; productRef = CDFDEA952AF3835C00307A9E /* SamplePackage */; };
		CDFDEA992AF48B9600307A9E /* Day81Practise.swift in Sources */ = {isa = PBXBuildFile; fileRef = CDFDEA982AF48B9600307A9E /* Day81Practise.swift */; };
		CDFDEA9C2AF4D7D500307A9E /* ProspectsView.swift in Sources */ = {isa = PBXBuildFile; fileRef = CDFDEA9B2AF4D7D500307A9E /* ProspectsView.swift */; };
		CDFDEA9E2AF4D7DF00307A9E /* MeView.swift in Sources */ = {isa = PBXBuildFile; fileRef = CDFDEA9D2AF4D7DF00307A9E /* MeView.swift */; };
		CDFDEAA12AF4D9CC00307A9E /* Prospect.swift in Sources */ = {isa = PBXBuildFile; fileRef = CDFDEAA02AF4D9CC00307A9E /* Prospect.swift */; };
/* End PBXBuildFile section */

/* Begin PBXFileReference section */
		CD60E8112AF231BD004F0265 /* ObjectWillChangeAndResultAndInterpolation.swift */ = {isa = PBXFileReference; lastKnownFileType = sourcecode.swift; path = ObjectWillChangeAndResultAndInterpolation.swift; sourceTree = "<group>"; };
		CD6897612AF8B3AB0087D573 /* ImageSaver.swift */ = {isa = PBXFileReference; lastKnownFileType = sourcecode.swift; path = ImageSaver.swift; sourceTree = "<group>"; };
		CD8BE4D92AF104C6001B6E9A /* HotProspects.app */ = {isa = PBXFileReference; explicitFileType = wrapper.application; includeInIndex = 0; path = HotProspects.app; sourceTree = BUILT_PRODUCTS_DIR; };
		CD8BE4DC2AF104C6001B6E9A /* HotProspectsApp.swift */ = {isa = PBXFileReference; lastKnownFileType = sourcecode.swift; path = HotProspectsApp.swift; sourceTree = "<group>"; };
		CD8BE4DE2AF104C6001B6E9A /* ContentView.swift */ = {isa = PBXFileReference; lastKnownFileType = sourcecode.swift; path = ContentView.swift; sourceTree = "<group>"; };
		CD8BE4E02AF104C8001B6E9A /* Assets.xcassets */ = {isa = PBXFileReference; lastKnownFileType = folder.assetcatalog; path = Assets.xcassets; sourceTree = "<group>"; };
		CD8BE4E32AF104C8001B6E9A /* Preview Assets.xcassets */ = {isa = PBXFileReference; lastKnownFileType = folder.assetcatalog; path = "Preview Assets.xcassets"; sourceTree = "<group>"; };
		CD8BE4EB2AF11424001B6E9A /* EnvironmentObjectAndTabView.swift */ = {isa = PBXFileReference; lastKnownFileType = sourcecode.swift; path = EnvironmentObjectAndTabView.swift; sourceTree = "<group>"; };
		CDFDEA982AF48B9600307A9E /* Day81Practise.swift */ = {isa = PBXFileReference; lastKnownFileType = sourcecode.swift; path = Day81Practise.swift; sourceTree = "<group>"; };
		CDFDEA9B2AF4D7D500307A9E /* ProspectsView.swift */ = {isa = PBXFileReference; lastKnownFileType = sourcecode.swift; path = ProspectsView.swift; sourceTree = "<group>"; };
		CDFDEA9D2AF4D7DF00307A9E /* MeView.swift */ = {isa = PBXFileReference; lastKnownFileType = sourcecode.swift; path = MeView.swift; sourceTree = "<group>"; };
		CDFDEAA02AF4D9CC00307A9E /* Prospect.swift */ = {isa = PBXFileReference; lastKnownFileType = sourcecode.swift; path = Prospect.swift; sourceTree = "<group>"; };
/* End PBXFileReference section */

/* Begin PBXFrameworksBuildPhase section */
		CD8BE4D62AF104C6001B6E9A /* Frameworks */ = {
			isa = PBXFrameworksBuildPhase;
			buildActionMask = 2147483647;
			files = (
				CD68975F2AF871A40087D573 /* CodeScanner in Frameworks */,
				CDFDEA962AF3835C00307A9E /* SamplePackage in Frameworks */,
			);
			runOnlyForDeploymentPostprocessing = 0;
		};
/* End PBXFrameworksBuildPhase section */

/* Begin PBXGroup section */
		CD60E8102AF1D493004F0265 /* Day80 */ = {
			isa = PBXGroup;
			children = (
				CD60E8112AF231BD004F0265 /* ObjectWillChangeAndResultAndInterpolation.swift */,
			);
			path = Day80;
			sourceTree = "<group>";
		};
		CD6897602AF8B33B0087D573 /* Helper */ = {
			isa = PBXGroup;
			children = (
				CD6897612AF8B3AB0087D573 /* ImageSaver.swift */,
			);
			path = Helper;
			sourceTree = "<group>";
		};
		CD8BE4D02AF104C6001B6E9A = {
			isa = PBXGroup;
			children = (
				CD8BE4DB2AF104C6001B6E9A /* HotProspects */,
				CD8BE4DA2AF104C6001B6E9A /* Products */,
			);
			sourceTree = "<group>";
		};
		CD8BE4DA2AF104C6001B6E9A /* Products */ = {
			isa = PBXGroup;
			children = (
				CD8BE4D92AF104C6001B6E9A /* HotProspects.app */,
			);
			name = Products;
			sourceTree = "<group>";
		};
		CD8BE4DB2AF104C6001B6E9A /* HotProspects */ = {
			isa = PBXGroup;
			children = (
				CD8BE4EA2AF11386001B6E9A /* Day79 */,
				CD60E8102AF1D493004F0265 /* Day80 */,
				CDFDEA972AF3845B00307A9E /* Day81 */,
				CD6897602AF8B33B0087D573 /* Helper */,
				CDFDEA9F2AF4D9C000307A9E /* Models */,
				CDFDEA9A2AF4D7B400307A9E /* Views */,
				CD8BE4DC2AF104C6001B6E9A /* HotProspectsApp.swift */,
				CD8BE4DE2AF104C6001B6E9A /* ContentView.swift */,
				CD8BE4E02AF104C8001B6E9A /* Assets.xcassets */,
				CD8BE4E22AF104C8001B6E9A /* Preview Content */,
			);
			path = HotProspects;
			sourceTree = "<group>";
		};
		CD8BE4E22AF104C8001B6E9A /* Preview Content */ = {
			isa = PBXGroup;
			children = (
				CD8BE4E32AF104C8001B6E9A /* Preview Assets.xcassets */,
			);
			path = "Preview Content";
			sourceTree = "<group>";
		};
		CD8BE4EA2AF11386001B6E9A /* Day79 */ = {
			isa = PBXGroup;
			children = (
				CD8BE4EB2AF11424001B6E9A /* EnvironmentObjectAndTabView.swift */,
			);
			path = Day79;
			sourceTree = "<group>";
		};
		CDFDEA972AF3845B00307A9E /* Day81 */ = {
			isa = PBXGroup;
			children = (
				CDFDEA982AF48B9600307A9E /* Day81Practise.swift */,
			);
			path = Day81;
			sourceTree = "<group>";
		};
		CDFDEA9A2AF4D7B400307A9E /* Views */ = {
			isa = PBXGroup;
			children = (
				CDFDEA9B2AF4D7D500307A9E /* ProspectsView.swift */,
				CDFDEA9D2AF4D7DF00307A9E /* MeView.swift */,
			);
			path = Views;
			sourceTree = "<group>";
		};
		CDFDEA9F2AF4D9C000307A9E /* Models */ = {
			isa = PBXGroup;
			children = (
				CDFDEAA02AF4D9CC00307A9E /* Prospect.swift */,
			);
			path = Models;
			sourceTree = "<group>";
		};
/* End PBXGroup section */

/* Begin PBXNativeTarget section */
		CD8BE4D82AF104C6001B6E9A /* HotProspects */ = {
			isa = PBXNativeTarget;
			buildConfigurationList = CD8BE4E72AF104C8001B6E9A /* Build configuration list for PBXNativeTarget "HotProspects" */;
			buildPhases = (
				CD8BE4D52AF104C6001B6E9A /* Sources */,
				CD8BE4D62AF104C6001B6E9A /* Frameworks */,
				CD8BE4D72AF104C6001B6E9A /* Resources */,
			);
			buildRules = (
			);
			dependencies = (
			);
			name = HotProspects;
			packageProductDependencies = (
				CDFDEA952AF3835C00307A9E /* SamplePackage */,
				CD68975E2AF871A40087D573 /* CodeScanner */,
			);
			productName = HotProspects;
			productReference = CD8BE4D92AF104C6001B6E9A /* HotProspects.app */;
			productType = "com.apple.product-type.application";
		};
/* End PBXNativeTarget section */

/* Begin PBXProject section */
		CD8BE4D12AF104C6001B6E9A /* Project object */ = {
			isa = PBXProject;
			attributes = {
				BuildIndependentTargetsInParallel = 1;
				LastSwiftUpdateCheck = 1500;
				LastUpgradeCheck = 1500;
				TargetAttributes = {
					CD8BE4D82AF104C6001B6E9A = {
						CreatedOnToolsVersion = 15.0.1;
					};
				};
			};
			buildConfigurationList = CD8BE4D42AF104C6001B6E9A /* Build configuration list for PBXProject "HotProspects" */;
			compatibilityVersion = "Xcode 14.0";
			developmentRegion = en;
			hasScannedForEncodings = 0;
			knownRegions = (
				en,
				Base,
			);
			mainGroup = CD8BE4D02AF104C6001B6E9A;
			packageReferences = (
				CDFDEA942AF3835C00307A9E /* XCRemoteSwiftPackageReference "SamplePackage" */,
				CD68975D2AF871A40087D573 /* XCRemoteSwiftPackageReference "CodeScanner" */,
			);
			productRefGroup = CD8BE4DA2AF104C6001B6E9A /* Products */;
			projectDirPath = "";
			projectRoot = "";
			targets = (
				CD8BE4D82AF104C6001B6E9A /* HotProspects */,
			);
		};
/* End PBXProject section */

/* Begin PBXResourcesBuildPhase section */
		CD8BE4D72AF104C6001B6E9A /* Resources */ = {
			isa = PBXResourcesBuildPhase;
			buildActionMask = 2147483647;
			files = (
				CD8BE4E42AF104C8001B6E9A /* Preview Assets.xcassets in Resources */,
				CD8BE4E12AF104C8001B6E9A /* Assets.xcassets in Resources */,
			);
			runOnlyForDeploymentPostprocessing = 0;
		};
/* End PBXResourcesBuildPhase section */

/* Begin PBXSourcesBuildPhase section */
		CD8BE4D52AF104C6001B6E9A /* Sources */ = {
			isa = PBXSourcesBuildPhase;
			buildActionMask = 2147483647;
			files = (
				CDFDEA9E2AF4D7DF00307A9E /* MeView.swift in Sources */,
				CDFDEAA12AF4D9CC00307A9E /* Prospect.swift in Sources */,
				CDFDEA9C2AF4D7D500307A9E /* ProspectsView.swift in Sources */,
				CD60E8122AF231BD004F0265 /* ObjectWillChangeAndResultAndInterpolation.swift in Sources */,
				CD6897622AF8B3AB0087D573 /* ImageSaver.swift in Sources */,
				CD8BE4DF2AF104C6001B6E9A /* ContentView.swift in Sources */,
				CD8BE4DD2AF104C6001B6E9A /* HotProspectsApp.swift in Sources */,
				CD8BE4EC2AF11424001B6E9A /* EnvironmentObjectAndTabView.swift in Sources */,
				CDFDEA992AF48B9600307A9E /* Day81Practise.swift in Sources */,
			);
			runOnlyForDeploymentPostprocessing = 0;
		};
/* End PBXSourcesBuildPhase section */

/* Begin XCBuildConfiguration section */
		CD8BE4E52AF104C8001B6E9A /* Debug */ = {
			isa = XCBuildConfiguration;
			buildSettings = {
				ALWAYS_SEARCH_USER_PATHS = NO;
				ASSETCATALOG_COMPILER_GENERATE_SWIFT_ASSET_SYMBOL_EXTENSIONS = YES;
				CLANG_ANALYZER_NONNULL = YES;
				CLANG_ANALYZER_NUMBER_OBJECT_CONVERSION = YES_AGGRESSIVE;
				CLANG_CXX_LANGUAGE_STANDARD = "gnu++20";
				CLANG_ENABLE_MODULES = YES;
				CLANG_ENABLE_OBJC_ARC = YES;
				CLANG_ENABLE_OBJC_WEAK = YES;
				CLANG_WARN_BLOCK_CAPTURE_AUTORELEASING = YES;
				CLANG_WARN_BOOL_CONVERSION = YES;
				CLANG_WARN_COMMA = YES;
				CLANG_WARN_CONSTANT_CONVERSION = YES;
				CLANG_WARN_DEPRECATED_OBJC_IMPLEMENTATIONS = YES;
				CLANG_WARN_DIRECT_OBJC_ISA_USAGE = YES_ERROR;
				CLANG_WARN_DOCUMENTATION_COMMENTS = YES;
				CLANG_WARN_EMPTY_BODY = YES;
				CLANG_WARN_ENUM_CONVERSION = YES;
				CLANG_WARN_INFINITE_RECURSION = YES;
				CLANG_WARN_INT_CONVERSION = YES;
				CLANG_WARN_NON_LITERAL_NULL_CONVERSION = YES;
				CLANG_WARN_OBJC_IMPLICIT_RETAIN_SELF = YES;
				CLANG_WARN_OBJC_LITERAL_CONVERSION = YES;
				CLANG_WARN_OBJC_ROOT_CLASS = YES_ERROR;
				CLANG_WARN_QUOTED_INCLUDE_IN_FRAMEWORK_HEADER = YES;
				CLANG_WARN_RANGE_LOOP_ANALYSIS = YES;
				CLANG_WARN_STRICT_PROTOTYPES = YES;
				CLANG_WARN_SUSPICIOUS_MOVE = YES;
				CLANG_WARN_UNGUARDED_AVAILABILITY = YES_AGGRESSIVE;
				CLANG_WARN_UNREACHABLE_CODE = YES;
				CLANG_WARN__DUPLICATE_METHOD_MATCH = YES;
				COPY_PHASE_STRIP = NO;
				DEBUG_INFORMATION_FORMAT = dwarf;
				ENABLE_STRICT_OBJC_MSGSEND = YES;
				ENABLE_TESTABILITY = YES;
				ENABLE_USER_SCRIPT_SANDBOXING = YES;
				GCC_C_LANGUAGE_STANDARD = gnu17;
				GCC_DYNAMIC_NO_PIC = NO;
				GCC_NO_COMMON_BLOCKS = YES;
				GCC_OPTIMIZATION_LEVEL = 0;
				GCC_PREPROCESSOR_DEFINITIONS = (
					"DEBUG=1",
					"$(inherited)",
				);
				GCC_WARN_64_TO_32_BIT_CONVERSION = YES;
				GCC_WARN_ABOUT_RETURN_TYPE = YES_ERROR;
				GCC_WARN_UNDECLARED_SELECTOR = YES;
				GCC_WARN_UNINITIALIZED_AUTOS = YES_AGGRESSIVE;
				GCC_WARN_UNUSED_FUNCTION = YES;
				GCC_WARN_UNUSED_VARIABLE = YES;
				IPHONEOS_DEPLOYMENT_TARGET = 17.0;
				LOCALIZATION_PREFERS_STRING_CATALOGS = YES;
				MTL_ENABLE_DEBUG_INFO = INCLUDE_SOURCE;
				MTL_FAST_MATH = YES;
				ONLY_ACTIVE_ARCH = YES;
				SDKROOT = iphoneos;
				SWIFT_ACTIVE_COMPILATION_CONDITIONS = "DEBUG $(inherited)";
				SWIFT_OPTIMIZATION_LEVEL = "-Onone";
			};
			name = Debug;
		};
		CD8BE4E62AF104C8001B6E9A /* Release */ = {
			isa = XCBuildConfiguration;
			buildSettings = {
				ALWAYS_SEARCH_USER_PATHS = NO;
				ASSETCATALOG_COMPILER_GENERATE_SWIFT_ASSET_SYMBOL_EXTENSIONS = YES;
				CLANG_ANALYZER_NONNULL = YES;
				CLANG_ANALYZER_NUMBER_OBJECT_CONVERSION = YES_AGGRESSIVE;
				CLANG_CXX_LANGUAGE_STANDARD = "gnu++20";
				CLANG_ENABLE_MODULES = YES;
				CLANG_ENABLE_OBJC_ARC = YES;
				CLANG_ENABLE_OBJC_WEAK = YES;
				CLANG_WARN_BLOCK_CAPTURE_AUTORELEASING = YES;
				CLANG_WARN_BOOL_CONVERSION = YES;
				CLANG_WARN_COMMA = YES;
				CLANG_WARN_CONSTANT_CONVERSION = YES;
				CLANG_WARN_DEPRECATED_OBJC_IMPLEMENTATIONS = YES;
				CLANG_WARN_DIRECT_OBJC_ISA_USAGE = YES_ERROR;
				CLANG_WARN_DOCUMENTATION_COMMENTS = YES;
				CLANG_WARN_EMPTY_BODY = YES;
				CLANG_WARN_ENUM_CONVERSION = YES;
				CLANG_WARN_INFINITE_RECURSION = YES;
				CLANG_WARN_INT_CONVERSION = YES;
				CLANG_WARN_NON_LITERAL_NULL_CONVERSION = YES;
				CLANG_WARN_OBJC_IMPLICIT_RETAIN_SELF = YES;
				CLANG_WARN_OBJC_LITERAL_CONVERSION = YES;
				CLANG_WARN_OBJC_ROOT_CLASS = YES_ERROR;
				CLANG_WARN_QUOTED_INCLUDE_IN_FRAMEWORK_HEADER = YES;
				CLANG_WARN_RANGE_LOOP_ANALYSIS = YES;
				CLANG_WARN_STRICT_PROTOTYPES = YES;
				CLANG_WARN_SUSPICIOUS_MOVE = YES;
				CLANG_WARN_UNGUARDED_AVAILABILITY = YES_AGGRESSIVE;
				CLANG_WARN_UNREACHABLE_CODE = YES;
				CLANG_WARN__DUPLICATE_METHOD_MATCH = YES;
				COPY_PHASE_STRIP = NO;
				DEBUG_INFORMATION_FORMAT = "dwarf-with-dsym";
				ENABLE_NS_ASSERTIONS = NO;
				ENABLE_STRICT_OBJC_MSGSEND = YES;
				ENABLE_USER_SCRIPT_SANDBOXING = YES;
				GCC_C_LANGUAGE_STANDARD = gnu17;
				GCC_NO_COMMON_BLOCKS = YES;
				GCC_WARN_64_TO_32_BIT_CONVERSION = YES;
				GCC_WARN_ABOUT_RETURN_TYPE = YES_ERROR;
				GCC_WARN_UNDECLARED_SELECTOR = YES;
				GCC_WARN_UNINITIALIZED_AUTOS = YES_AGGRESSIVE;
				GCC_WARN_UNUSED_FUNCTION = YES;
				GCC_WARN_UNUSED_VARIABLE = YES;
				IPHONEOS_DEPLOYMENT_TARGET = 17.0;
				LOCALIZATION_PREFERS_STRING_CATALOGS = YES;
				MTL_ENABLE_DEBUG_INFO = NO;
				MTL_FAST_MATH = YES;
				SDKROOT = iphoneos;
				SWIFT_COMPILATION_MODE = wholemodule;
				VALIDATE_PRODUCT = YES;
			};
			name = Release;
		};
		CD8BE4E82AF104C8001B6E9A /* Debug */ = {
			isa = XCBuildConfiguration;
			buildSettings = {
				ASSETCATALOG_COMPILER_APPICON_NAME = AppIcon;
				ASSETCATALOG_COMPILER_GLOBAL_ACCENT_COLOR_NAME = AccentColor;
				CODE_SIGN_STYLE = Automatic;
				CURRENT_PROJECT_VERSION = 1;
				DEVELOPMENT_ASSET_PATHS = "\"HotProspects/Preview Content\"";
				DEVELOPMENT_TEAM = YQ88N3YLMB;
				ENABLE_PREVIEWS = YES;
				GENERATE_INFOPLIST_FILE = YES;
				INFOPLIST_KEY_NSCameraUsageDescription = "We need to scan QR codes.";
				INFOPLIST_KEY_NSPhotoLibraryAddUsageDescription = "We want to save your QR code.";
				INFOPLIST_KEY_UIApplicationSceneManifest_Generation = YES;
				INFOPLIST_KEY_UIApplicationSupportsIndirectInputEvents = YES;
				INFOPLIST_KEY_UILaunchScreen_Generation = YES;
				INFOPLIST_KEY_UISupportedInterfaceOrientations_iPad = "UIInterfaceOrientationPortrait UIInterfaceOrientationPortraitUpsideDown UIInterfaceOrientationLandscapeLeft UIInterfaceOrientationLandscapeRight";
				INFOPLIST_KEY_UISupportedInterfaceOrientations_iPhone = "UIInterfaceOrientationPortrait UIInterfaceOrientationLandscapeLeft UIInterfaceOrientationLandscapeRight";
				LD_RUNPATH_SEARCH_PATHS = (
					"$(inherited)",
					"@executable_path/Frameworks",
				);
				MARKETING_VERSION = 1.0;
				PRODUCT_BUNDLE_IDENTIFIER = dev.hsiang.HotProspects;
				PRODUCT_NAME = "$(TARGET_NAME)";
				SWIFT_EMIT_LOC_STRINGS = YES;
				SWIFT_VERSION = 5.0;
				TARGETED_DEVICE_FAMILY = "1,2";
			};
			name = Debug;
		};
		CD8BE4E92AF104C8001B6E9A /* Release */ = {
			isa = XCBuildConfiguration;
			buildSettings = {
				ASSETCATALOG_COMPILER_APPICON_NAME = AppIcon;
				ASSETCATALOG_COMPILER_GLOBAL_ACCENT_COLOR_NAME = AccentColor;
				CODE_SIGN_STYLE = Automatic;
				CURRENT_PROJECT_VERSION = 1;
				DEVELOPMENT_ASSET_PATHS = "\"HotProspects/Preview Content\"";
				DEVELOPMENT_TEAM = YQ88N3YLMB;
				ENABLE_PREVIEWS = YES;
				GENERATE_INFOPLIST_FILE = YES;
				INFOPLIST_KEY_NSCameraUsageDescription = "We need to scan QR codes.";
				INFOPLIST_KEY_NSPhotoLibraryAddUsageDescription = "We want to save your QR code.";
				INFOPLIST_KEY_UIApplicationSceneManifest_Generation = YES;
				INFOPLIST_KEY_UIApplicationSupportsIndirectInputEvents = YES;
				INFOPLIST_KEY_UILaunchScreen_Generation = YES;
				INFOPLIST_KEY_UISupportedInterfaceOrientations_iPad = "UIInterfaceOrientationPortrait UIInterfaceOrientationPortraitUpsideDown UIInterfaceOrientationLandscapeLeft UIInterfaceOrientationLandscapeRight";
				INFOPLIST_KEY_UISupportedInterfaceOrientations_iPhone = "UIInterfaceOrientationPortrait UIInterfaceOrientationLandscapeLeft UIInterfaceOrientationLandscapeRight";
				LD_RUNPATH_SEARCH_PATHS = (
					"$(inherited)",
					"@executable_path/Frameworks",
				);
				MARKETING_VERSION = 1.0;
				PRODUCT_BUNDLE_IDENTIFIER = dev.hsiang.HotProspects;
				PRODUCT_NAME = "$(TARGET_NAME)";
				SWIFT_EMIT_LOC_STRINGS = YES;
				SWIFT_VERSION = 5.0;
				TARGETED_DEVICE_FAMILY = "1,2";
			};
			name = Release;
		};
/* End XCBuildConfiguration section */

/* Begin XCConfigurationList section */
		CD8BE4D42AF104C6001B6E9A /* Build configuration list for PBXProject "HotProspects" */ = {
			isa = XCConfigurationList;
			buildConfigurations = (
				CD8BE4E52AF104C8001B6E9A /* Debug */,
				CD8BE4E62AF104C8001B6E9A /* Release */,
			);
			defaultConfigurationIsVisible = 0;
			defaultConfigurationName = Release;
		};
		CD8BE4E72AF104C8001B6E9A /* Build configuration list for PBXNativeTarget "HotProspects" */ = {
			isa = XCConfigurationList;
			buildConfigurations = (
				CD8BE4E82AF104C8001B6E9A /* Debug */,
				CD8BE4E92AF104C8001B6E9A /* Release */,
			);
			defaultConfigurationIsVisible = 0;
			defaultConfigurationName = Release;
		};
/* End XCConfigurationList section */

/* Begin XCRemoteSwiftPackageReference section */
		CD68975D2AF871A40087D573 /* XCRemoteSwiftPackageReference "CodeScanner" */ = {
			isa = XCRemoteSwiftPackageReference;
			repositoryURL = "https://github.com/twostraws/CodeScanner";
			requirement = {
				kind = upToNextMajorVersion;
				minimumVersion = 2.3.3;
			};
		};
		CDFDEA942AF3835C00307A9E /* XCRemoteSwiftPackageReference "SamplePackage" */ = {
			isa = XCRemoteSwiftPackageReference;
			repositoryURL = "https://github.com/twostraws/SamplePackage";
			requirement = {
				kind = upToNextMajorVersion;
				minimumVersion = 1.0.0;
			};
		};
/* End XCRemoteSwiftPackageReference section */

/* Begin XCSwiftPackageProductDependency section */
		CD68975E2AF871A40087D573 /* CodeScanner */ = {
			isa = XCSwiftPackageProductDependency;
			package = CD68975D2AF871A40087D573 /* XCRemoteSwiftPackageReference "CodeScanner" */;
			productName = CodeScanner;
		};
		CDFDEA952AF3835C00307A9E /* SamplePackage */ = {
			isa = XCSwiftPackageProductDependency;
			package = CDFDEA942AF3835C00307A9E /* XCRemoteSwiftPackageReference "SamplePackage" */;
			productName = SamplePackage;
		};
/* End XCSwiftPackageProductDependency section */
	};
	rootObject = CD8BE4D12AF104C6001B6E9A /* Project object */;
}
