// !$*UTF8*$!
{
	archiveVersion = 1;
	classes = {
	};
	objectVersion = 56;
	objects = {

/* Begin PBXBuildFile section */
		CD2FB7B92A90409B00340A7C /* CupcakeCornerApp.swift in Sources */ = {isa = PBXBuildFile; fileRef = CD2FB7B82A90409B00340A7C /* CupcakeCornerApp.swift */; };
		CD2FB7BB2A90409B00340A7C /* ContentView.swift in Sources */ = {isa = PBXBuildFile; fileRef = CD2FB7BA2A90409B00340A7C /* ContentView.swift */; };
		CD2FB7BD2A90409B00340A7C /* Assets.xcassets in Resources */ = {isa = PBXBuildFile; fileRef = CD2FB7BC2A90409B00340A7C /* Assets.xcassets */; };
		CD2FB7C02A90409B00340A7C /* Preview Assets.xcassets in Resources */ = {isa = PBXBuildFile; fileRef = CD2FB7BF2A90409B00340A7C /* Preview Assets.xcassets */; };
		CD2FB7CA2A95A3EA00340A7C /* Order.swift in Sources */ = {isa = PBXBuildFile; fileRef = CD2FB7C92A95A3EA00340A7C /* Order.swift */; };
		CD2FB7CD2A95A63F00340A7C /* AddressView.swift in Sources */ = {isa = PBXBuildFile; fileRef = CD2FB7CC2A95A63F00340A7C /* AddressView.swift */; };
		CD2FB7CF2A95DE0300340A7C /* CheckoutView.swift in Sources */ = {isa = PBXBuildFile; fileRef = CD2FB7CE2A95DE0300340A7C /* CheckoutView.swift */; };
		CD2FB7D12A98908400340A7C /* Cupcake.swift in Sources */ = {isa = PBXBuildFile; fileRef = CD2FB7D02A98908400340A7C /* Cupcake.swift */; };
		CD2FB7D42A99A37500340A7C /* String+Extension.swift in Sources */ = {isa = PBXBuildFile; fileRef = CD2FB7D32A99A37500340A7C /* String+Extension.swift */; };
/* End PBXBuildFile section */

/* Begin PBXFileReference section */
		CD2FB7B52A90409B00340A7C /* CupcakeCorner.app */ = {isa = PBXFileReference; explicitFileType = wrapper.application; includeInIndex = 0; path = CupcakeCorner.app; sourceTree = BUILT_PRODUCTS_DIR; };
		CD2FB7B82A90409B00340A7C /* CupcakeCornerApp.swift */ = {isa = PBXFileReference; lastKnownFileType = sourcecode.swift; path = CupcakeCornerApp.swift; sourceTree = "<group>"; };
		CD2FB7BA2A90409B00340A7C /* ContentView.swift */ = {isa = PBXFileReference; lastKnownFileType = sourcecode.swift; path = ContentView.swift; sourceTree = "<group>"; };
		CD2FB7BC2A90409B00340A7C /* Assets.xcassets */ = {isa = PBXFileReference; lastKnownFileType = folder.assetcatalog; path = Assets.xcassets; sourceTree = "<group>"; };
		CD2FB7BF2A90409B00340A7C /* Preview Assets.xcassets */ = {isa = PBXFileReference; lastKnownFileType = folder.assetcatalog; path = "Preview Assets.xcassets"; sourceTree = "<group>"; };
		CD2FB7C92A95A3EA00340A7C /* Order.swift */ = {isa = PBXFileReference; lastKnownFileType = sourcecode.swift; path = Order.swift; sourceTree = "<group>"; };
		CD2FB7CC2A95A63F00340A7C /* AddressView.swift */ = {isa = PBXFileReference; lastKnownFileType = sourcecode.swift; path = AddressView.swift; sourceTree = "<group>"; };
		CD2FB7CE2A95DE0300340A7C /* CheckoutView.swift */ = {isa = PBXFileReference; lastKnownFileType = sourcecode.swift; path = CheckoutView.swift; sourceTree = "<group>"; };
		CD2FB7D02A98908400340A7C /* Cupcake.swift */ = {isa = PBXFileReference; lastKnownFileType = sourcecode.swift; path = Cupcake.swift; sourceTree = "<group>"; };
		CD2FB7D32A99A37500340A7C /* String+Extension.swift */ = {isa = PBXFileReference; lastKnownFileType = sourcecode.swift; path = "String+Extension.swift"; sourceTree = "<group>"; };
/* End PBXFileReference section */

/* Begin PBXFrameworksBuildPhase section */
		CD2FB7B22A90409B00340A7C /* Frameworks */ = {
			isa = PBXFrameworksBuildPhase;
			buildActionMask = 2147483647;
			files = (
			);
			runOnlyForDeploymentPostprocessing = 0;
		};
/* End PBXFrameworksBuildPhase section */

/* Begin PBXGroup section */
		CD2FB7AC2A90409A00340A7C = {
			isa = PBXGroup;
			children = (
				CD2FB7B72A90409B00340A7C /* CupcakeCorner */,
				CD2FB7B62A90409B00340A7C /* Products */,
			);
			sourceTree = "<group>";
		};
		CD2FB7B62A90409B00340A7C /* Products */ = {
			isa = PBXGroup;
			children = (
				CD2FB7B52A90409B00340A7C /* CupcakeCorner.app */,
			);
			name = Products;
			sourceTree = "<group>";
		};
		CD2FB7B72A90409B00340A7C /* CupcakeCorner */ = {
			isa = PBXGroup;
			children = (
				CD2FB7D22A99A36500340A7C /* Extensions */,
				CD2FB7CB2A95A63100340A7C /* Views */,
				CD2FB7C62A948E6000340A7C /* Models */,
				CD2FB7B82A90409B00340A7C /* CupcakeCornerApp.swift */,
				CD2FB7BA2A90409B00340A7C /* ContentView.swift */,
				CD2FB7BC2A90409B00340A7C /* Assets.xcassets */,
				CD2FB7BE2A90409B00340A7C /* Preview Content */,
			);
			path = CupcakeCorner;
			sourceTree = "<group>";
		};
		CD2FB7BE2A90409B00340A7C /* Preview Content */ = {
			isa = PBXGroup;
			children = (
				CD2FB7BF2A90409B00340A7C /* Preview Assets.xcassets */,
			);
			path = "Preview Content";
			sourceTree = "<group>";
		};
		CD2FB7C62A948E6000340A7C /* Models */ = {
			isa = PBXGroup;
			children = (
				CD2FB7C92A95A3EA00340A7C /* Order.swift */,
				CD2FB7D02A98908400340A7C /* Cupcake.swift */,
			);
			path = Models;
			sourceTree = "<group>";
		};
		CD2FB7CB2A95A63100340A7C /* Views */ = {
			isa = PBXGroup;
			children = (
				CD2FB7CC2A95A63F00340A7C /* AddressView.swift */,
				CD2FB7CE2A95DE0300340A7C /* CheckoutView.swift */,
			);
			path = Views;
			sourceTree = "<group>";
		};
		CD2FB7D22A99A36500340A7C /* Extensions */ = {
			isa = PBXGroup;
			children = (
				CD2FB7D32A99A37500340A7C /* String+Extension.swift */,
			);
			path = Extensions;
			sourceTree = "<group>";
		};
/* End PBXGroup section */

/* Begin PBXNativeTarget section */
		CD2FB7B42A90409B00340A7C /* CupcakeCorner */ = {
			isa = PBXNativeTarget;
			buildConfigurationList = CD2FB7C32A90409B00340A7C /* Build configuration list for PBXNativeTarget "CupcakeCorner" */;
			buildPhases = (
				CD2FB7B12A90409B00340A7C /* Sources */,
				CD2FB7B22A90409B00340A7C /* Frameworks */,
				CD2FB7B32A90409B00340A7C /* Resources */,
			);
			buildRules = (
			);
			dependencies = (
			);
			name = CupcakeCorner;
			productName = CupcakeCorner;
			productReference = CD2FB7B52A90409B00340A7C /* CupcakeCorner.app */;
			productType = "com.apple.product-type.application";
		};
/* End PBXNativeTarget section */

/* Begin PBXProject section */
		CD2FB7AD2A90409A00340A7C /* Project object */ = {
			isa = PBXProject;
			attributes = {
				BuildIndependentTargetsInParallel = 1;
				LastSwiftUpdateCheck = 1430;
				LastUpgradeCheck = 1430;
				TargetAttributes = {
					CD2FB7B42A90409B00340A7C = {
						CreatedOnToolsVersion = 14.3.1;
					};
				};
			};
			buildConfigurationList = CD2FB7B02A90409A00340A7C /* Build configuration list for PBXProject "CupcakeCorner" */;
			compatibilityVersion = "Xcode 14.0";
			developmentRegion = en;
			hasScannedForEncodings = 0;
			knownRegions = (
				en,
				Base,
			);
			mainGroup = CD2FB7AC2A90409A00340A7C;
			productRefGroup = CD2FB7B62A90409B00340A7C /* Products */;
			projectDirPath = "";
			projectRoot = "";
			targets = (
				CD2FB7B42A90409B00340A7C /* CupcakeCorner */,
			);
		};
/* End PBXProject section */

/* Begin PBXResourcesBuildPhase section */
		CD2FB7B32A90409B00340A7C /* Resources */ = {
			isa = PBXResourcesBuildPhase;
			buildActionMask = 2147483647;
			files = (
				CD2FB7C02A90409B00340A7C /* Preview Assets.xcassets in Resources */,
				CD2FB7BD2A90409B00340A7C /* Assets.xcassets in Resources */,
			);
			runOnlyForDeploymentPostprocessing = 0;
		};
/* End PBXResourcesBuildPhase section */

/* Begin PBXSourcesBuildPhase section */
		CD2FB7B12A90409B00340A7C /* Sources */ = {
			isa = PBXSourcesBuildPhase;
			buildActionMask = 2147483647;
			files = (
				CD2FB7BB2A90409B00340A7C /* ContentView.swift in Sources */,
				CD2FB7D42A99A37500340A7C /* String+Extension.swift in Sources */,
				CD2FB7B92A90409B00340A7C /* CupcakeCornerApp.swift in Sources */,
				CD2FB7CF2A95DE0300340A7C /* CheckoutView.swift in Sources */,
				CD2FB7CA2A95A3EA00340A7C /* Order.swift in Sources */,
				CD2FB7D12A98908400340A7C /* Cupcake.swift in Sources */,
				CD2FB7CD2A95A63F00340A7C /* AddressView.swift in Sources */,
			);
			runOnlyForDeploymentPostprocessing = 0;
		};
/* End PBXSourcesBuildPhase section */

/* Begin XCBuildConfiguration section */
		CD2FB7C12A90409B00340A7C /* Debug */ = {
			isa = XCBuildConfiguration;
			buildSettings = {
				ALWAYS_SEARCH_USER_PATHS = NO;
				CLANG_ANALYZER_NONNULL = YES;
				CLANG_ANALYZER_NUMBER_OBJECT_CONVERSION = YES_AGGRESSIVE;
				CLANG_CXX_LANGUAGE_STANDARD = "gnu++20";
				CLANG_ENABLE_MODULES = YES;
				CLANG_ENABLE_OBJC_ARC = YES;
				CLANG_ENABLE_OBJC_WEAK = YES;
				CLANG_WARN_BLOCK_CAPTURE_AUTORELEASING = YES;
				CLANG_WARN_BOOL_CONVERSION = YES;
				CLANG_WARN_COMMA = YES;
				CLANG_WARN_CONSTANT_CONVERSION = YES;
				CLANG_WARN_DEPRECATED_OBJC_IMPLEMENTATIONS = YES;
				CLANG_WARN_DIRECT_OBJC_ISA_USAGE = YES_ERROR;
				CLANG_WARN_DOCUMENTATION_COMMENTS = YES;
				CLANG_WARN_EMPTY_BODY = YES;
				CLANG_WARN_ENUM_CONVERSION = YES;
				CLANG_WARN_INFINITE_RECURSION = YES;
				CLANG_WARN_INT_CONVERSION = YES;
				CLANG_WARN_NON_LITERAL_NULL_CONVERSION = YES;
				CLANG_WARN_OBJC_IMPLICIT_RETAIN_SELF = YES;
				CLANG_WARN_OBJC_LITERAL_CONVERSION = YES;
				CLANG_WARN_OBJC_ROOT_CLASS = YES_ERROR;
				CLANG_WARN_QUOTED_INCLUDE_IN_FRAMEWORK_HEADER = YES;
				CLANG_WARN_RANGE_LOOP_ANALYSIS = YES;
				CLANG_WARN_STRICT_PROTOTYPES = YES;
				CLANG_WARN_SUSPICIOUS_MOVE = YES;
				CLANG_WARN_UNGUARDED_AVAILABILITY = YES_AGGRESSIVE;
				CLANG_WARN_UNREACHABLE_CODE = YES;
				CLANG_WARN__DUPLICATE_METHOD_MATCH = YES;
				COPY_PHASE_STRIP = NO;
				DEBUG_INFORMATION_FORMAT = dwarf;
				ENABLE_STRICT_OBJC_MSGSEND = YES;
				ENABLE_TESTABILITY = YES;
				GCC_C_LANGUAGE_STANDARD = gnu11;
				GCC_DYNAMIC_NO_PIC = NO;
				GCC_NO_COMMON_BLOCKS = YES;
				GCC_OPTIMIZATION_LEVEL = 0;
				GCC_PREPROCESSOR_DEFINITIONS = (
					"DEBUG=1",
					"$(inherited)",
				);
				GCC_WARN_64_TO_32_BIT_CONVERSION = YES;
				GCC_WARN_ABOUT_RETURN_TYPE = YES_ERROR;
				GCC_WARN_UNDECLARED_SELECTOR = YES;
				GCC_WARN_UNINITIALIZED_AUTOS = YES_AGGRESSIVE;
				GCC_WARN_UNUSED_FUNCTION = YES;
				GCC_WARN_UNUSED_VARIABLE = YES;
				IPHONEOS_DEPLOYMENT_TARGET = 16.4;
				MTL_ENABLE_DEBUG_INFO = INCLUDE_SOURCE;
				MTL_FAST_MATH = YES;
				ONLY_ACTIVE_ARCH = YES;
				SDKROOT = iphoneos;
				SWIFT_ACTIVE_COMPILATION_CONDITIONS = DEBUG;
				SWIFT_OPTIMIZATION_LEVEL = "-Onone";
			};
			name = Debug;
		};
		CD2FB7C22A90409B00340A7C /* Release */ = {
			isa = XCBuildConfiguration;
			buildSettings = {
				ALWAYS_SEARCH_USER_PATHS = NO;
				CLANG_ANALYZER_NONNULL = YES;
				CLANG_ANALYZER_NUMBER_OBJECT_CONVERSION = YES_AGGRESSIVE;
				CLANG_CXX_LANGUAGE_STANDARD = "gnu++20";
				CLANG_ENABLE_MODULES = YES;
				CLANG_ENABLE_OBJC_ARC = YES;
				CLANG_ENABLE_OBJC_WEAK = YES;
				CLANG_WARN_BLOCK_CAPTURE_AUTORELEASING = YES;
				CLANG_WARN_BOOL_CONVERSION = YES;
				CLANG_WARN_COMMA = YES;
				CLANG_WARN_CONSTANT_CONVERSION = YES;
				CLANG_WARN_DEPRECATED_OBJC_IMPLEMENTATIONS = YES;
				CLANG_WARN_DIRECT_OBJC_ISA_USAGE = YES_ERROR;
				CLANG_WARN_DOCUMENTATION_COMMENTS = YES;
				CLANG_WARN_EMPTY_BODY = YES;
				CLANG_WARN_ENUM_CONVERSION = YES;
				CLANG_WARN_INFINITE_RECURSION = YES;
				CLANG_WARN_INT_CONVERSION = YES;
				CLANG_WARN_NON_LITERAL_NULL_CONVERSION = YES;
				CLANG_WARN_OBJC_IMPLICIT_RETAIN_SELF = YES;
				CLANG_WARN_OBJC_LITERAL_CONVERSION = YES;
				CLANG_WARN_OBJC_ROOT_CLASS = YES_ERROR;
				CLANG_WARN_QUOTED_INCLUDE_IN_FRAMEWORK_HEADER = YES;
				CLANG_WARN_RANGE_LOOP_ANALYSIS = YES;
				CLANG_WARN_STRICT_PROTOTYPES = YES;
				CLANG_WARN_SUSPICIOUS_MOVE = YES;
				CLANG_WARN_UNGUARDED_AVAILABILITY = YES_AGGRESSIVE;
				CLANG_WARN_UNREACHABLE_CODE = YES;
				CLANG_WARN__DUPLICATE_METHOD_MATCH = YES;
				COPY_PHASE_STRIP = NO;
				DEBUG_INFORMATION_FORMAT = "dwarf-with-dsym";
				ENABLE_NS_ASSERTIONS = NO;
				ENABLE_STRICT_OBJC_MSGSEND = YES;
				GCC_C_LANGUAGE_STANDARD = gnu11;
				GCC_NO_COMMON_BLOCKS = YES;
				GCC_WARN_64_TO_32_BIT_CONVERSION = YES;
				GCC_WARN_ABOUT_RETURN_TYPE = YES_ERROR;
				GCC_WARN_UNDECLARED_SELECTOR = YES;
				GCC_WARN_UNINITIALIZED_AUTOS = YES_AGGRESSIVE;
				GCC_WARN_UNUSED_FUNCTION = YES;
				GCC_WARN_UNUSED_VARIABLE = YES;
				IPHONEOS_DEPLOYMENT_TARGET = 16.4;
				MTL_ENABLE_DEBUG_INFO = NO;
				MTL_FAST_MATH = YES;
				SDKROOT = iphoneos;
				SWIFT_COMPILATION_MODE = wholemodule;
				SWIFT_OPTIMIZATION_LEVEL = "-O";
				VALIDATE_PRODUCT = YES;
			};
			name = Release;
		};
		CD2FB7C42A90409B00340A7C /* Debug */ = {
			isa = XCBuildConfiguration;
			buildSettings = {
				ASSETCATALOG_COMPILER_APPICON_NAME = AppIcon;
				ASSETCATALOG_COMPILER_GLOBAL_ACCENT_COLOR_NAME = AccentColor;
				CODE_SIGN_STYLE = Automatic;
				CURRENT_PROJECT_VERSION = 1;
				DEVELOPMENT_ASSET_PATHS = "\"CupcakeCorner/Preview Content\"";
				DEVELOPMENT_TEAM = YQ88N3YLMB;
				ENABLE_PREVIEWS = YES;
				GENERATE_INFOPLIST_FILE = YES;
				INFOPLIST_KEY_UIApplicationSceneManifest_Generation = YES;
				INFOPLIST_KEY_UIApplicationSupportsIndirectInputEvents = YES;
				INFOPLIST_KEY_UILaunchScreen_Generation = YES;
				INFOPLIST_KEY_UISupportedInterfaceOrientations_iPad = "UIInterfaceOrientationPortrait UIInterfaceOrientationPortraitUpsideDown UIInterfaceOrientationLandscapeLeft UIInterfaceOrientationLandscapeRight";
				INFOPLIST_KEY_UISupportedInterfaceOrientations_iPhone = "UIInterfaceOrientationPortrait UIInterfaceOrientationLandscapeLeft UIInterfaceOrientationLandscapeRight";
				LD_RUNPATH_SEARCH_PATHS = (
					"$(inherited)",
					"@executable_path/Frameworks",
				);
				MARKETING_VERSION = 1.0;
				PRODUCT_BUNDLE_IDENTIFIER = hsiang.dev.CupcakeCorner;
				PRODUCT_NAME = "$(TARGET_NAME)";
				SWIFT_EMIT_LOC_STRINGS = YES;
				SWIFT_VERSION = 5.0;
				TARGETED_DEVICE_FAMILY = "1,2";
			};
			name = Debug;
		};
		CD2FB7C52A90409B00340A7C /* Release */ = {
			isa = XCBuildConfiguration;
			buildSettings = {
				ASSETCATALOG_COMPILER_APPICON_NAME = AppIcon;
				ASSETCATALOG_COMPILER_GLOBAL_ACCENT_COLOR_NAME = AccentColor;
				CODE_SIGN_STYLE = Automatic;
				CURRENT_PROJECT_VERSION = 1;
				DEVELOPMENT_ASSET_PATHS = "\"CupcakeCorner/Preview Content\"";
				DEVELOPMENT_TEAM = YQ88N3YLMB;
				ENABLE_PREVIEWS = YES;
				GENERATE_INFOPLIST_FILE = YES;
				INFOPLIST_KEY_UIApplicationSceneManifest_Generation = YES;
				INFOPLIST_KEY_UIApplicationSupportsIndirectInputEvents = YES;
				INFOPLIST_KEY_UILaunchScreen_Generation = YES;
				INFOPLIST_KEY_UISupportedInterfaceOrientations_iPad = "UIInterfaceOrientationPortrait UIInterfaceOrientationPortraitUpsideDown UIInterfaceOrientationLandscapeLeft UIInterfaceOrientationLandscapeRight";
				INFOPLIST_KEY_UISupportedInterfaceOrientations_iPhone = "UIInterfaceOrientationPortrait UIInterfaceOrientationLandscapeLeft UIInterfaceOrientationLandscapeRight";
				LD_RUNPATH_SEARCH_PATHS = (
					"$(inherited)",
					"@executable_path/Frameworks",
				);
				MARKETING_VERSION = 1.0;
				PRODUCT_BUNDLE_IDENTIFIER = hsiang.dev.CupcakeCorner;
				PRODUCT_NAME = "$(TARGET_NAME)";
				SWIFT_EMIT_LOC_STRINGS = YES;
				SWIFT_VERSION = 5.0;
				TARGETED_DEVICE_FAMILY = "1,2";
			};
			name = Release;
		};
/* End XCBuildConfiguration section */

/* Begin XCConfigurationList section */
		CD2FB7B02A90409A00340A7C /* Build configuration list for PBXProject "CupcakeCorner" */ = {
			isa = XCConfigurationList;
			buildConfigurations = (
				CD2FB7C12A90409B00340A7C /* Debug */,
				CD2FB7C22A90409B00340A7C /* Release */,
			);
			defaultConfigurationIsVisible = 0;
			defaultConfigurationName = Release;
		};
		CD2FB7C32A90409B00340A7C /* Build configuration list for PBXNativeTarget "CupcakeCorner" */ = {
			isa = XCConfigurationList;
			buildConfigurations = (
				CD2FB7C42A90409B00340A7C /* Debug */,
				CD2FB7C52A90409B00340A7C /* Release */,
			);
			defaultConfigurationIsVisible = 0;
			defaultConfigurationName = Release;
		};
/* End XCConfigurationList section */
	};
	rootObject = CD2FB7AD2A90409A00340A7C /* Project object */;
}
