// !$*UTF8*$!
{
	archiveVersion = 1;
	classes = {
	};
	objectVersion = 56;
	objects = {

/* Begin PBXBuildFile section */
		CDAC3F462A8470E5005C130E /* CustomFlower.swift in Sources */ = {isa = PBXBuildFile; fileRef = CDAC3F452A8470E5005C130E /* CustomFlower.swift */; };
		CDAC3F482A848911005C130E /* CustomImagePaint.swift in Sources */ = {isa = PBXBuildFile; fileRef = CDAC3F472A848911005C130E /* CustomImagePaint.swift */; };
		CDAC3F4A2A84BA96005C130E /* CustomColorCircle.swift in Sources */ = {isa = PBXBuildFile; fileRef = CDAC3F492A84BA96005C130E /* CustomColorCircle.swift */; };
		CDB205B52A85C64000434006 /* CustomViewRender.swift in Sources */ = {isa = PBXBuildFile; fileRef = CDB205B42A85C64000434006 /* CustomViewRender.swift */; };
		CDB205B72A86049500434006 /* CustomTrapezoidAnimation.swift in Sources */ = {isa = PBXBuildFile; fileRef = CDB205B62A86049500434006 /* CustomTrapezoidAnimation.swift */; };
		CDB205B92A8610F500434006 /* CustomAnimatablePair.swift in Sources */ = {isa = PBXBuildFile; fileRef = CDB205B82A8610F500434006 /* CustomAnimatablePair.swift */; };
		CDB205BB2A861AE600434006 /* CustomSpirograph.swift in Sources */ = {isa = PBXBuildFile; fileRef = CDB205BA2A861AE600434006 /* CustomSpirograph.swift */; };
		CDB5A8DD2A809514005AB537 /* DrawingApp.swift in Sources */ = {isa = PBXBuildFile; fileRef = CDB5A8DC2A809514005AB537 /* DrawingApp.swift */; };
		CDB5A8DF2A809514005AB537 /* ContentView.swift in Sources */ = {isa = PBXBuildFile; fileRef = CDB5A8DE2A809514005AB537 /* ContentView.swift */; };
		CDB5A8E12A809515005AB537 /* Assets.xcassets in Resources */ = {isa = PBXBuildFile; fileRef = CDB5A8E02A809515005AB537 /* Assets.xcassets */; };
		CDB5A8E42A809515005AB537 /* Preview Assets.xcassets in Resources */ = {isa = PBXBuildFile; fileRef = CDB5A8E32A809515005AB537 /* Preview Assets.xcassets */; };
		CDB5A8EC2A80D956005AB537 /* CustomPaths.swift in Sources */ = {isa = PBXBuildFile; fileRef = CDB5A8EB2A80D956005AB537 /* CustomPaths.swift */; };
		CDB5A8EF2A80DE35005AB537 /* AppData.swift in Sources */ = {isa = PBXBuildFile; fileRef = CDB5A8EE2A80DE35005AB537 /* AppData.swift */; };
		CDB5A8F22A80DE5F005AB537 /* DrawView.swift in Sources */ = {isa = PBXBuildFile; fileRef = CDB5A8F12A80DE5F005AB537 /* DrawView.swift */; };
		CDB5A8F42A8325FD005AB537 /* CustomShape.swift in Sources */ = {isa = PBXBuildFile; fileRef = CDB5A8F32A8325FC005AB537 /* CustomShape.swift */; };
		CDB5A8F62A835E76005AB537 /* CustomInsettableShape.swift in Sources */ = {isa = PBXBuildFile; fileRef = CDB5A8F52A835E76005AB537 /* CustomInsettableShape.swift */; };
/* End PBXBuildFile section */

/* Begin PBXFileReference section */
		CDAC3F452A8470E5005C130E /* CustomFlower.swift */ = {isa = PBXFileReference; lastKnownFileType = sourcecode.swift; path = CustomFlower.swift; sourceTree = "<group>"; };
		CDAC3F472A848911005C130E /* CustomImagePaint.swift */ = {isa = PBXFileReference; lastKnownFileType = sourcecode.swift; path = CustomImagePaint.swift; sourceTree = "<group>"; };
		CDAC3F492A84BA96005C130E /* CustomColorCircle.swift */ = {isa = PBXFileReference; lastKnownFileType = sourcecode.swift; path = CustomColorCircle.swift; sourceTree = "<group>"; };
		CDB205B42A85C64000434006 /* CustomViewRender.swift */ = {isa = PBXFileReference; lastKnownFileType = sourcecode.swift; path = CustomViewRender.swift; sourceTree = "<group>"; };
		CDB205B62A86049500434006 /* CustomTrapezoidAnimation.swift */ = {isa = PBXFileReference; lastKnownFileType = sourcecode.swift; path = CustomTrapezoidAnimation.swift; sourceTree = "<group>"; };
		CDB205B82A8610F500434006 /* CustomAnimatablePair.swift */ = {isa = PBXFileReference; lastKnownFileType = sourcecode.swift; path = CustomAnimatablePair.swift; sourceTree = "<group>"; };
		CDB205BA2A861AE600434006 /* CustomSpirograph.swift */ = {isa = PBXFileReference; lastKnownFileType = sourcecode.swift; path = CustomSpirograph.swift; sourceTree = "<group>"; };
		CDB5A8D92A809514005AB537 /* Drawing.app */ = {isa = PBXFileReference; explicitFileType = wrapper.application; includeInIndex = 0; path = Drawing.app; sourceTree = BUILT_PRODUCTS_DIR; };
		CDB5A8DC2A809514005AB537 /* DrawingApp.swift */ = {isa = PBXFileReference; lastKnownFileType = sourcecode.swift; path = DrawingApp.swift; sourceTree = "<group>"; };
		CDB5A8DE2A809514005AB537 /* ContentView.swift */ = {isa = PBXFileReference; lastKnownFileType = sourcecode.swift; path = ContentView.swift; sourceTree = "<group>"; };
		CDB5A8E02A809515005AB537 /* Assets.xcassets */ = {isa = PBXFileReference; lastKnownFileType = folder.assetcatalog; path = Assets.xcassets; sourceTree = "<group>"; };
		CDB5A8E32A809515005AB537 /* Preview Assets.xcassets */ = {isa = PBXFileReference; lastKnownFileType = folder.assetcatalog; path = "Preview Assets.xcassets"; sourceTree = "<group>"; };
		CDB5A8EB2A80D956005AB537 /* CustomPaths.swift */ = {isa = PBXFileReference; lastKnownFileType = sourcecode.swift; path = CustomPaths.swift; sourceTree = "<group>"; };
		CDB5A8EE2A80DE35005AB537 /* AppData.swift */ = {isa = PBXFileReference; lastKnownFileType = sourcecode.swift; path = AppData.swift; sourceTree = "<group>"; };
		CDB5A8F12A80DE5F005AB537 /* DrawView.swift */ = {isa = PBXFileReference; lastKnownFileType = sourcecode.swift; path = DrawView.swift; sourceTree = "<group>"; };
		CDB5A8F32A8325FC005AB537 /* CustomShape.swift */ = {isa = PBXFileReference; lastKnownFileType = sourcecode.swift; path = CustomShape.swift; sourceTree = "<group>"; };
		CDB5A8F52A835E76005AB537 /* CustomInsettableShape.swift */ = {isa = PBXFileReference; lastKnownFileType = sourcecode.swift; path = CustomInsettableShape.swift; sourceTree = "<group>"; };
/* End PBXFileReference section */

/* Begin PBXFrameworksBuildPhase section */
		CDB5A8D62A809514005AB537 /* Frameworks */ = {
			isa = PBXFrameworksBuildPhase;
			buildActionMask = 2147483647;
			files = (
			);
			runOnlyForDeploymentPostprocessing = 0;
		};
/* End PBXFrameworksBuildPhase section */

/* Begin PBXGroup section */
		CDB5A8D02A809514005AB537 = {
			isa = PBXGroup;
			children = (
				CDB5A8DB2A809514005AB537 /* Drawing */,
				CDB5A8DA2A809514005AB537 /* Products */,
			);
			sourceTree = "<group>";
		};
		CDB5A8DA2A809514005AB537 /* Products */ = {
			isa = PBXGroup;
			children = (
				CDB5A8D92A809514005AB537 /* Drawing.app */,
			);
			name = Products;
			sourceTree = "<group>";
		};
		CDB5A8DB2A809514005AB537 /* Drawing */ = {
			isa = PBXGroup;
			children = (
				CDB5A8ED2A80DE2B005AB537 /* Models */,
				CDB5A8EA2A80D93E005AB537 /* Views */,
				CDB5A8DC2A809514005AB537 /* DrawingApp.swift */,
				CDB5A8DE2A809514005AB537 /* ContentView.swift */,
				CDB5A8E02A809515005AB537 /* Assets.xcassets */,
				CDB5A8E22A809515005AB537 /* Preview Content */,
			);
			path = Drawing;
			sourceTree = "<group>";
		};
		CDB5A8E22A809515005AB537 /* Preview Content */ = {
			isa = PBXGroup;
			children = (
				CDB5A8E32A809515005AB537 /* Preview Assets.xcassets */,
			);
			path = "Preview Content";
			sourceTree = "<group>";
		};
		CDB5A8EA2A80D93E005AB537 /* Views */ = {
			isa = PBXGroup;
			children = (
				CDB5A8EB2A80D956005AB537 /* CustomPaths.swift */,
				CDB5A8F32A8325FC005AB537 /* CustomShape.swift */,
				CDB5A8F52A835E76005AB537 /* CustomInsettableShape.swift */,
				CDAC3F452A8470E5005C130E /* CustomFlower.swift */,
				CDAC3F472A848911005C130E /* CustomImagePaint.swift */,
				CDAC3F492A84BA96005C130E /* CustomColorCircle.swift */,
				CDB205B42A85C64000434006 /* CustomViewRender.swift */,
				CDB205B62A86049500434006 /* CustomTrapezoidAnimation.swift */,
				CDB205B82A8610F500434006 /* CustomAnimatablePair.swift */,
				CDB205BA2A861AE600434006 /* CustomSpirograph.swift */,
			);
			path = Views;
			sourceTree = "<group>";
		};
		CDB5A8ED2A80DE2B005AB537 /* Models */ = {
			isa = PBXGroup;
			children = (
				CDB5A8EE2A80DE35005AB537 /* AppData.swift */,
				CDB5A8F12A80DE5F005AB537 /* DrawView.swift */,
			);
			path = Models;
			sourceTree = "<group>";
		};
/* End PBXGroup section */

/* Begin PBXNativeTarget section */
		CDB5A8D82A809514005AB537 /* Drawing */ = {
			isa = PBXNativeTarget;
			buildConfigurationList = CDB5A8E72A809515005AB537 /* Build configuration list for PBXNativeTarget "Drawing" */;
			buildPhases = (
				CDB5A8D52A809514005AB537 /* Sources */,
				CDB5A8D62A809514005AB537 /* Frameworks */,
				CDB5A8D72A809514005AB537 /* Resources */,
			);
			buildRules = (
			);
			dependencies = (
			);
			name = Drawing;
			productName = Drawing;
			productReference = CDB5A8D92A809514005AB537 /* Drawing.app */;
			productType = "com.apple.product-type.application";
		};
/* End PBXNativeTarget section */

/* Begin PBXProject section */
		CDB5A8D12A809514005AB537 /* Project object */ = {
			isa = PBXProject;
			attributes = {
				BuildIndependentTargetsInParallel = 1;
				LastSwiftUpdateCheck = 1430;
				LastUpgradeCheck = 1430;
				TargetAttributes = {
					CDB5A8D82A809514005AB537 = {
						CreatedOnToolsVersion = 14.3.1;
					};
				};
			};
			buildConfigurationList = CDB5A8D42A809514005AB537 /* Build configuration list for PBXProject "Drawing" */;
			compatibilityVersion = "Xcode 14.0";
			developmentRegion = en;
			hasScannedForEncodings = 0;
			knownRegions = (
				en,
				Base,
			);
			mainGroup = CDB5A8D02A809514005AB537;
			productRefGroup = CDB5A8DA2A809514005AB537 /* Products */;
			projectDirPath = "";
			projectRoot = "";
			targets = (
				CDB5A8D82A809514005AB537 /* Drawing */,
			);
		};
/* End PBXProject section */

/* Begin PBXResourcesBuildPhase section */
		CDB5A8D72A809514005AB537 /* Resources */ = {
			isa = PBXResourcesBuildPhase;
			buildActionMask = 2147483647;
			files = (
				CDB5A8E42A809515005AB537 /* Preview Assets.xcassets in Resources */,
				CDB5A8E12A809515005AB537 /* Assets.xcassets in Resources */,
			);
			runOnlyForDeploymentPostprocessing = 0;
		};
/* End PBXResourcesBuildPhase section */

/* Begin PBXSourcesBuildPhase section */
		CDB5A8D52A809514005AB537 /* Sources */ = {
			isa = PBXSourcesBuildPhase;
			buildActionMask = 2147483647;
			files = (
				CDB5A8EC2A80D956005AB537 /* CustomPaths.swift in Sources */,
				CDB5A8F22A80DE5F005AB537 /* DrawView.swift in Sources */,
				CDB205B72A86049500434006 /* CustomTrapezoidAnimation.swift in Sources */,
				CDB5A8F42A8325FD005AB537 /* CustomShape.swift in Sources */,
				CDAC3F482A848911005C130E /* CustomImagePaint.swift in Sources */,
				CDB205B92A8610F500434006 /* CustomAnimatablePair.swift in Sources */,
				CDB5A8F62A835E76005AB537 /* CustomInsettableShape.swift in Sources */,
				CDB205BB2A861AE600434006 /* CustomSpirograph.swift in Sources */,
				CDB5A8DF2A809514005AB537 /* ContentView.swift in Sources */,
				CDAC3F4A2A84BA96005C130E /* CustomColorCircle.swift in Sources */,
				CDB5A8DD2A809514005AB537 /* DrawingApp.swift in Sources */,
				CDB5A8EF2A80DE35005AB537 /* AppData.swift in Sources */,
				CDB205B52A85C64000434006 /* CustomViewRender.swift in Sources */,
				CDAC3F462A8470E5005C130E /* CustomFlower.swift in Sources */,
			);
			runOnlyForDeploymentPostprocessing = 0;
		};
/* End PBXSourcesBuildPhase section */

/* Begin XCBuildConfiguration section */
		CDB5A8E52A809515005AB537 /* Debug */ = {
			isa = XCBuildConfiguration;
			buildSettings = {
				ALWAYS_SEARCH_USER_PATHS = NO;
				CLANG_ANALYZER_NONNULL = YES;
				CLANG_ANALYZER_NUMBER_OBJECT_CONVERSION = YES_AGGRESSIVE;
				CLANG_CXX_LANGUAGE_STANDARD = "gnu++20";
				CLANG_ENABLE_MODULES = YES;
				CLANG_ENABLE_OBJC_ARC = YES;
				CLANG_ENABLE_OBJC_WEAK = YES;
				CLANG_WARN_BLOCK_CAPTURE_AUTORELEASING = YES;
				CLANG_WARN_BOOL_CONVERSION = YES;
				CLANG_WARN_COMMA = YES;
				CLANG_WARN_CONSTANT_CONVERSION = YES;
				CLANG_WARN_DEPRECATED_OBJC_IMPLEMENTATIONS = YES;
				CLANG_WARN_DIRECT_OBJC_ISA_USAGE = YES_ERROR;
				CLANG_WARN_DOCUMENTATION_COMMENTS = YES;
				CLANG_WARN_EMPTY_BODY = YES;
				CLANG_WARN_ENUM_CONVERSION = YES;
				CLANG_WARN_INFINITE_RECURSION = YES;
				CLANG_WARN_INT_CONVERSION = YES;
				CLANG_WARN_NON_LITERAL_NULL_CONVERSION = YES;
				CLANG_WARN_OBJC_IMPLICIT_RETAIN_SELF = YES;
				CLANG_WARN_OBJC_LITERAL_CONVERSION = YES;
				CLANG_WARN_OBJC_ROOT_CLASS = YES_ERROR;
				CLANG_WARN_QUOTED_INCLUDE_IN_FRAMEWORK_HEADER = YES;
				CLANG_WARN_RANGE_LOOP_ANALYSIS = YES;
				CLANG_WARN_STRICT_PROTOTYPES = YES;
				CLANG_WARN_SUSPICIOUS_MOVE = YES;
				CLANG_WARN_UNGUARDED_AVAILABILITY = YES_AGGRESSIVE;
				CLANG_WARN_UNREACHABLE_CODE = YES;
				CLANG_WARN__DUPLICATE_METHOD_MATCH = YES;
				COPY_PHASE_STRIP = NO;
				DEBUG_INFORMATION_FORMAT = dwarf;
				ENABLE_STRICT_OBJC_MSGSEND = YES;
				ENABLE_TESTABILITY = YES;
				GCC_C_LANGUAGE_STANDARD = gnu11;
				GCC_DYNAMIC_NO_PIC = NO;
				GCC_NO_COMMON_BLOCKS = YES;
				GCC_OPTIMIZATION_LEVEL = 0;
				GCC_PREPROCESSOR_DEFINITIONS = (
					"DEBUG=1",
					"$(inherited)",
				);
				GCC_WARN_64_TO_32_BIT_CONVERSION = YES;
				GCC_WARN_ABOUT_RETURN_TYPE = YES_ERROR;
				GCC_WARN_UNDECLARED_SELECTOR = YES;
				GCC_WARN_UNINITIALIZED_AUTOS = YES_AGGRESSIVE;
				GCC_WARN_UNUSED_FUNCTION = YES;
				GCC_WARN_UNUSED_VARIABLE = YES;
				IPHONEOS_DEPLOYMENT_TARGET = 16.4;
				MTL_ENABLE_DEBUG_INFO = INCLUDE_SOURCE;
				MTL_FAST_MATH = YES;
				ONLY_ACTIVE_ARCH = YES;
				SDKROOT = iphoneos;
				SWIFT_ACTIVE_COMPILATION_CONDITIONS = DEBUG;
				SWIFT_OPTIMIZATION_LEVEL = "-Onone";
			};
			name = Debug;
		};
		CDB5A8E62A809515005AB537 /* Release */ = {
			isa = XCBuildConfiguration;
			buildSettings = {
				ALWAYS_SEARCH_USER_PATHS = NO;
				CLANG_ANALYZER_NONNULL = YES;
				CLANG_ANALYZER_NUMBER_OBJECT_CONVERSION = YES_AGGRESSIVE;
				CLANG_CXX_LANGUAGE_STANDARD = "gnu++20";
				CLANG_ENABLE_MODULES = YES;
				CLANG_ENABLE_OBJC_ARC = YES;
				CLANG_ENABLE_OBJC_WEAK = YES;
				CLANG_WARN_BLOCK_CAPTURE_AUTORELEASING = YES;
				CLANG_WARN_BOOL_CONVERSION = YES;
				CLANG_WARN_COMMA = YES;
				CLANG_WARN_CONSTANT_CONVERSION = YES;
				CLANG_WARN_DEPRECATED_OBJC_IMPLEMENTATIONS = YES;
				CLANG_WARN_DIRECT_OBJC_ISA_USAGE = YES_ERROR;
				CLANG_WARN_DOCUMENTATION_COMMENTS = YES;
				CLANG_WARN_EMPTY_BODY = YES;
				CLANG_WARN_ENUM_CONVERSION = YES;
				CLANG_WARN_INFINITE_RECURSION = YES;
				CLANG_WARN_INT_CONVERSION = YES;
				CLANG_WARN_NON_LITERAL_NULL_CONVERSION = YES;
				CLANG_WARN_OBJC_IMPLICIT_RETAIN_SELF = YES;
				CLANG_WARN_OBJC_LITERAL_CONVERSION = YES;
				CLANG_WARN_OBJC_ROOT_CLASS = YES_ERROR;
				CLANG_WARN_QUOTED_INCLUDE_IN_FRAMEWORK_HEADER = YES;
				CLANG_WARN_RANGE_LOOP_ANALYSIS = YES;
				CLANG_WARN_STRICT_PROTOTYPES = YES;
				CLANG_WARN_SUSPICIOUS_MOVE = YES;
				CLANG_WARN_UNGUARDED_AVAILABILITY = YES_AGGRESSIVE;
				CLANG_WARN_UNREACHABLE_CODE = YES;
				CLANG_WARN__DUPLICATE_METHOD_MATCH = YES;
				COPY_PHASE_STRIP = NO;
				DEBUG_INFORMATION_FORMAT = "dwarf-with-dsym";
				ENABLE_NS_ASSERTIONS = NO;
				ENABLE_STRICT_OBJC_MSGSEND = YES;
				GCC_C_LANGUAGE_STANDARD = gnu11;
				GCC_NO_COMMON_BLOCKS = YES;
				GCC_WARN_64_TO_32_BIT_CONVERSION = YES;
				GCC_WARN_ABOUT_RETURN_TYPE = YES_ERROR;
				GCC_WARN_UNDECLARED_SELECTOR = YES;
				GCC_WARN_UNINITIALIZED_AUTOS = YES_AGGRESSIVE;
				GCC_WARN_UNUSED_FUNCTION = YES;
				GCC_WARN_UNUSED_VARIABLE = YES;
				IPHONEOS_DEPLOYMENT_TARGET = 16.4;
				MTL_ENABLE_DEBUG_INFO = NO;
				MTL_FAST_MATH = YES;
				SDKROOT = iphoneos;
				SWIFT_COMPILATION_MODE = wholemodule;
				SWIFT_OPTIMIZATION_LEVEL = "-O";
				VALIDATE_PRODUCT = YES;
			};
			name = Release;
		};
		CDB5A8E82A809515005AB537 /* Debug */ = {
			isa = XCBuildConfiguration;
			buildSettings = {
				ASSETCATALOG_COMPILER_APPICON_NAME = AppIcon;
				ASSETCATALOG_COMPILER_GLOBAL_ACCENT_COLOR_NAME = AccentColor;
				CODE_SIGN_STYLE = Automatic;
				CURRENT_PROJECT_VERSION = 1;
				DEVELOPMENT_ASSET_PATHS = "\"Drawing/Preview Content\"";
				DEVELOPMENT_TEAM = YQ88N3YLMB;
				ENABLE_PREVIEWS = YES;
				GENERATE_INFOPLIST_FILE = YES;
				INFOPLIST_KEY_UIApplicationSceneManifest_Generation = YES;
				INFOPLIST_KEY_UIApplicationSupportsIndirectInputEvents = YES;
				INFOPLIST_KEY_UILaunchScreen_Generation = YES;
				INFOPLIST_KEY_UISupportedInterfaceOrientations_iPad = "UIInterfaceOrientationPortrait UIInterfaceOrientationPortraitUpsideDown UIInterfaceOrientationLandscapeLeft UIInterfaceOrientationLandscapeRight";
				INFOPLIST_KEY_UISupportedInterfaceOrientations_iPhone = "UIInterfaceOrientationPortrait UIInterfaceOrientationLandscapeLeft UIInterfaceOrientationLandscapeRight";
				LD_RUNPATH_SEARCH_PATHS = (
					"$(inherited)",
					"@executable_path/Frameworks",
				);
				MARKETING_VERSION = 1.0;
				PRODUCT_BUNDLE_IDENTIFIER = hsiang.dev.Drawing;
				PRODUCT_NAME = "$(TARGET_NAME)";
				SWIFT_EMIT_LOC_STRINGS = YES;
				SWIFT_VERSION = 5.0;
				TARGETED_DEVICE_FAMILY = "1,2";
			};
			name = Debug;
		};
		CDB5A8E92A809515005AB537 /* Release */ = {
			isa = XCBuildConfiguration;
			buildSettings = {
				ASSETCATALOG_COMPILER_APPICON_NAME = AppIcon;
				ASSETCATALOG_COMPILER_GLOBAL_ACCENT_COLOR_NAME = AccentColor;
				CODE_SIGN_STYLE = Automatic;
				CURRENT_PROJECT_VERSION = 1;
				DEVELOPMENT_ASSET_PATHS = "\"Drawing/Preview Content\"";
				DEVELOPMENT_TEAM = YQ88N3YLMB;
				ENABLE_PREVIEWS = YES;
				GENERATE_INFOPLIST_FILE = YES;
				INFOPLIST_KEY_UIApplicationSceneManifest_Generation = YES;
				INFOPLIST_KEY_UIApplicationSupportsIndirectInputEvents = YES;
				INFOPLIST_KEY_UILaunchScreen_Generation = YES;
				INFOPLIST_KEY_UISupportedInterfaceOrientations_iPad = "UIInterfaceOrientationPortrait UIInterfaceOrientationPortraitUpsideDown UIInterfaceOrientationLandscapeLeft UIInterfaceOrientationLandscapeRight";
				INFOPLIST_KEY_UISupportedInterfaceOrientations_iPhone = "UIInterfaceOrientationPortrait UIInterfaceOrientationLandscapeLeft UIInterfaceOrientationLandscapeRight";
				LD_RUNPATH_SEARCH_PATHS = (
					"$(inherited)",
					"@executable_path/Frameworks",
				);
				MARKETING_VERSION = 1.0;
				PRODUCT_BUNDLE_IDENTIFIER = hsiang.dev.Drawing;
				PRODUCT_NAME = "$(TARGET_NAME)";
				SWIFT_EMIT_LOC_STRINGS = YES;
				SWIFT_VERSION = 5.0;
				TARGETED_DEVICE_FAMILY = "1,2";
			};
			name = Release;
		};
/* End XCBuildConfiguration section */

/* Begin XCConfigurationList section */
		CDB5A8D42A809514005AB537 /* Build configuration list for PBXProject "Drawing" */ = {
			isa = XCConfigurationList;
			buildConfigurations = (
				CDB5A8E52A809515005AB537 /* Debug */,
				CDB5A8E62A809515005AB537 /* Release */,
			);
			defaultConfigurationIsVisible = 0;
			defaultConfigurationName = Release;
		};
		CDB5A8E72A809515005AB537 /* Build configuration list for PBXNativeTarget "Drawing" */ = {
			isa = XCConfigurationList;
			buildConfigurations = (
				CDB5A8E82A809515005AB537 /* Debug */,
				CDB5A8E92A809515005AB537 /* Release */,
			);
			defaultConfigurationIsVisible = 0;
			defaultConfigurationName = Release;
		};
/* End XCConfigurationList section */
	};
	rootObject = CDB5A8D12A809514005AB537 /* Project object */;
}
