// !$*UTF8*$!
{
	archiveVersion = 1;
	classes = {
	};
	objectVersion = 56;
	objects = {

/* Begin PBXBuildFile section */
		CDBBFE912A626F1E007AA65D /* ViewsAndModifiersApp.swift in Sources */ = {isa = PBXBuildFile; fileRef = CDBBFE902A626F1E007AA65D /* ViewsAndModifiersApp.swift */; };
		CDBBFE932A626F1E007AA65D /* ContentView.swift in Sources */ = {isa = PBXBuildFile; fileRef = CDBBFE922A626F1E007AA65D /* ContentView.swift */; };
		CDBBFE952A626F1F007AA65D /* Assets.xcassets in Resources */ = {isa = PBXBuildFile; fileRef = CDBBFE942A626F1F007AA65D /* Assets.xcassets */; };
		CDBBFE982A626F1F007AA65D /* Preview Assets.xcassets in Resources */ = {isa = PBXBuildFile; fileRef = CDBBFE972A626F1F007AA65D /* Preview Assets.xcassets */; };
		CDBBFEA02A62D690007AA65D /* MottoView.swift in Sources */ = {isa = PBXBuildFile; fileRef = CDBBFE9F2A62D690007AA65D /* MottoView.swift */; };
		CDBBFEA32A62D6E3007AA65D /* CapsuleText.swift in Sources */ = {isa = PBXBuildFile; fileRef = CDBBFEA22A62D6E3007AA65D /* CapsuleText.swift */; };
		CDBBFEA62A62D77B007AA65D /* Title.swift in Sources */ = {isa = PBXBuildFile; fileRef = CDBBFEA52A62D77B007AA65D /* Title.swift */; };
		CDBBFEA92A62D7AA007AA65D /* Watermark.swift in Sources */ = {isa = PBXBuildFile; fileRef = CDBBFEA82A62D7AA007AA65D /* Watermark.swift */; };
		CDBBFEAC2A62D7FA007AA65D /* GridStack.swift in Sources */ = {isa = PBXBuildFile; fileRef = CDBBFEAB2A62D7FA007AA65D /* GridStack.swift */; };
		CDBBFEB12A63A40A007AA65D /* ProminentTitle.swift in Sources */ = {isa = PBXBuildFile; fileRef = CDBBFEB02A63A40A007AA65D /* ProminentTitle.swift */; };
/* End PBXBuildFile section */

/* Begin PBXFileReference section */
		CDBBFE8D2A626F1E007AA65D /* ViewsAndModifiers.app */ = {isa = PBXFileReference; explicitFileType = wrapper.application; includeInIndex = 0; path = ViewsAndModifiers.app; sourceTree = BUILT_PRODUCTS_DIR; };
		CDBBFE902A626F1E007AA65D /* ViewsAndModifiersApp.swift */ = {isa = PBXFileReference; lastKnownFileType = sourcecode.swift; path = ViewsAndModifiersApp.swift; sourceTree = "<group>"; };
		CDBBFE922A626F1E007AA65D /* ContentView.swift */ = {isa = PBXFileReference; lastKnownFileType = sourcecode.swift; path = ContentView.swift; sourceTree = "<group>"; };
		CDBBFE942A626F1F007AA65D /* Assets.xcassets */ = {isa = PBXFileReference; lastKnownFileType = folder.assetcatalog; path = Assets.xcassets; sourceTree = "<group>"; };
		CDBBFE972A626F1F007AA65D /* Preview Assets.xcassets */ = {isa = PBXFileReference; lastKnownFileType = folder.assetcatalog; path = "Preview Assets.xcassets"; sourceTree = "<group>"; };
		CDBBFE9F2A62D690007AA65D /* MottoView.swift */ = {isa = PBXFileReference; lastKnownFileType = sourcecode.swift; path = MottoView.swift; sourceTree = "<group>"; };
		CDBBFEA22A62D6E3007AA65D /* CapsuleText.swift */ = {isa = PBXFileReference; lastKnownFileType = sourcecode.swift; path = CapsuleText.swift; sourceTree = "<group>"; };
		CDBBFEA52A62D77B007AA65D /* Title.swift */ = {isa = PBXFileReference; lastKnownFileType = sourcecode.swift; path = Title.swift; sourceTree = "<group>"; };
		CDBBFEA82A62D7AA007AA65D /* Watermark.swift */ = {isa = PBXFileReference; lastKnownFileType = sourcecode.swift; path = Watermark.swift; sourceTree = "<group>"; };
		CDBBFEAB2A62D7FA007AA65D /* GridStack.swift */ = {isa = PBXFileReference; lastKnownFileType = sourcecode.swift; path = GridStack.swift; sourceTree = "<group>"; };
		CDBBFEB02A63A40A007AA65D /* ProminentTitle.swift */ = {isa = PBXFileReference; lastKnownFileType = sourcecode.swift; path = ProminentTitle.swift; sourceTree = "<group>"; };
/* End PBXFileReference section */

/* Begin PBXFrameworksBuildPhase section */
		CDBBFE8A2A626F1E007AA65D /* Frameworks */ = {
			isa = PBXFrameworksBuildPhase;
			buildActionMask = 2147483647;
			files = (
			);
			runOnlyForDeploymentPostprocessing = 0;
		};
/* End PBXFrameworksBuildPhase section */

/* Begin PBXGroup section */
		CDBBFE842A626F1E007AA65D = {
			isa = PBXGroup;
			children = (
				CDBBFE8F2A626F1E007AA65D /* ViewsAndModifiers */,
				CDBBFE8E2A626F1E007AA65D /* Products */,
			);
			sourceTree = "<group>";
		};
		CDBBFE8E2A626F1E007AA65D /* Products */ = {
			isa = PBXGroup;
			children = (
				CDBBFE8D2A626F1E007AA65D /* ViewsAndModifiers.app */,
			);
			name = Products;
			sourceTree = "<group>";
		};
		CDBBFE8F2A626F1E007AA65D /* ViewsAndModifiers */ = {
			isa = PBXGroup;
			children = (
				CDBBFE9E2A62D65B007AA65D /* Properties */,
				CDBBFEA12A62D6D2007AA65D /* Composition */,
				CDBBFEA42A62D73D007AA65D /* ViewModifiers */,
				CDBBFEAA2A62D7D4007AA65D /* Containers */,
				CDBBFE902A626F1E007AA65D /* ViewsAndModifiersApp.swift */,
				CDBBFE922A626F1E007AA65D /* ContentView.swift */,
				CDBBFE942A626F1F007AA65D /* Assets.xcassets */,
				CDBBFE962A626F1F007AA65D /* Preview Content */,
			);
			path = ViewsAndModifiers;
			sourceTree = "<group>";
		};
		CDBBFE962A626F1F007AA65D /* Preview Content */ = {
			isa = PBXGroup;
			children = (
				CDBBFE972A626F1F007AA65D /* Preview Assets.xcassets */,
			);
			path = "Preview Content";
			sourceTree = "<group>";
		};
		CDBBFE9E2A62D65B007AA65D /* Properties */ = {
			isa = PBXGroup;
			children = (
				CDBBFE9F2A62D690007AA65D /* MottoView.swift */,
			);
			path = Properties;
			sourceTree = "<group>";
		};
		CDBBFEA12A62D6D2007AA65D /* Composition */ = {
			isa = PBXGroup;
			children = (
				CDBBFEA22A62D6E3007AA65D /* CapsuleText.swift */,
			);
			path = Composition;
			sourceTree = "<group>";
		};
		CDBBFEA42A62D73D007AA65D /* ViewModifiers */ = {
			isa = PBXGroup;
			children = (
				CDBBFEA52A62D77B007AA65D /* Title.swift */,
				CDBBFEA82A62D7AA007AA65D /* Watermark.swift */,
				CDBBFEB02A63A40A007AA65D /* ProminentTitle.swift */,
			);
			path = ViewModifiers;
			sourceTree = "<group>";
		};
		CDBBFEAA2A62D7D4007AA65D /* Containers */ = {
			isa = PBXGroup;
			children = (
				CDBBFEAB2A62D7FA007AA65D /* GridStack.swift */,
			);
			path = Containers;
			sourceTree = "<group>";
		};
/* End PBXGroup section */

/* Begin PBXNativeTarget section */
		CDBBFE8C2A626F1E007AA65D /* ViewsAndModifiers */ = {
			isa = PBXNativeTarget;
			buildConfigurationList = CDBBFE9B2A626F1F007AA65D /* Build configuration list for PBXNativeTarget "ViewsAndModifiers" */;
			buildPhases = (
				CDBBFE892A626F1E007AA65D /* Sources */,
				CDBBFE8A2A626F1E007AA65D /* Frameworks */,
				CDBBFE8B2A626F1E007AA65D /* Resources */,
			);
			buildRules = (
			);
			dependencies = (
			);
			name = ViewsAndModifiers;
			productName = ViewsAndModifiers;
			productReference = CDBBFE8D2A626F1E007AA65D /* ViewsAndModifiers.app */;
			productType = "com.apple.product-type.application";
		};
/* End PBXNativeTarget section */

/* Begin PBXProject section */
		CDBBFE852A626F1E007AA65D /* Project object */ = {
			isa = PBXProject;
			attributes = {
				BuildIndependentTargetsInParallel = 1;
				LastSwiftUpdateCheck = 1430;
				LastUpgradeCheck = 1430;
				TargetAttributes = {
					CDBBFE8C2A626F1E007AA65D = {
						CreatedOnToolsVersion = 14.3.1;
					};
				};
			};
			buildConfigurationList = CDBBFE882A626F1E007AA65D /* Build configuration list for PBXProject "ViewsAndModifiers" */;
			compatibilityVersion = "Xcode 14.0";
			developmentRegion = en;
			hasScannedForEncodings = 0;
			knownRegions = (
				en,
				Base,
			);
			mainGroup = CDBBFE842A626F1E007AA65D;
			productRefGroup = CDBBFE8E2A626F1E007AA65D /* Products */;
			projectDirPath = "";
			projectRoot = "";
			targets = (
				CDBBFE8C2A626F1E007AA65D /* ViewsAndModifiers */,
			);
		};
/* End PBXProject section */

/* Begin PBXResourcesBuildPhase section */
		CDBBFE8B2A626F1E007AA65D /* Resources */ = {
			isa = PBXResourcesBuildPhase;
			buildActionMask = 2147483647;
			files = (
				CDBBFE982A626F1F007AA65D /* Preview Assets.xcassets in Resources */,
				CDBBFE952A626F1F007AA65D /* Assets.xcassets in Resources */,
			);
			runOnlyForDeploymentPostprocessing = 0;
		};
/* End PBXResourcesBuildPhase section */

/* Begin PBXSourcesBuildPhase section */
		CDBBFE892A626F1E007AA65D /* Sources */ = {
			isa = PBXSourcesBuildPhase;
			buildActionMask = 2147483647;
			files = (
				CDBBFEA62A62D77B007AA65D /* Title.swift in Sources */,
				CDBBFEA02A62D690007AA65D /* MottoView.swift in Sources */,
				CDBBFEA92A62D7AA007AA65D /* Watermark.swift in Sources */,
				CDBBFE932A626F1E007AA65D /* ContentView.swift in Sources */,
				CDBBFEAC2A62D7FA007AA65D /* GridStack.swift in Sources */,
				CDBBFEB12A63A40A007AA65D /* ProminentTitle.swift in Sources */,
				CDBBFEA32A62D6E3007AA65D /* CapsuleText.swift in Sources */,
				CDBBFE912A626F1E007AA65D /* ViewsAndModifiersApp.swift in Sources */,
			);
			runOnlyForDeploymentPostprocessing = 0;
		};
/* End PBXSourcesBuildPhase section */

/* Begin XCBuildConfiguration section */
		CDBBFE992A626F1F007AA65D /* Debug */ = {
			isa = XCBuildConfiguration;
			buildSettings = {
				ALWAYS_SEARCH_USER_PATHS = NO;
				CLANG_ANALYZER_NONNULL = YES;
				CLANG_ANALYZER_NUMBER_OBJECT_CONVERSION = YES_AGGRESSIVE;
				CLANG_CXX_LANGUAGE_STANDARD = "gnu++20";
				CLANG_ENABLE_MODULES = YES;
				CLANG_ENABLE_OBJC_ARC = YES;
				CLANG_ENABLE_OBJC_WEAK = YES;
				CLANG_WARN_BLOCK_CAPTURE_AUTORELEASING = YES;
				CLANG_WARN_BOOL_CONVERSION = YES;
				CLANG_WARN_COMMA = YES;
				CLANG_WARN_CONSTANT_CONVERSION = YES;
				CLANG_WARN_DEPRECATED_OBJC_IMPLEMENTATIONS = YES;
				CLANG_WARN_DIRECT_OBJC_ISA_USAGE = YES_ERROR;
				CLANG_WARN_DOCUMENTATION_COMMENTS = YES;
				CLANG_WARN_EMPTY_BODY = YES;
				CLANG_WARN_ENUM_CONVERSION = YES;
				CLANG_WARN_INFINITE_RECURSION = YES;
				CLANG_WARN_INT_CONVERSION = YES;
				CLANG_WARN_NON_LITERAL_NULL_CONVERSION = YES;
				CLANG_WARN_OBJC_IMPLICIT_RETAIN_SELF = YES;
				CLANG_WARN_OBJC_LITERAL_CONVERSION = YES;
				CLANG_WARN_OBJC_ROOT_CLASS = YES_ERROR;
				CLANG_WARN_QUOTED_INCLUDE_IN_FRAMEWORK_HEADER = YES;
				CLANG_WARN_RANGE_LOOP_ANALYSIS = YES;
				CLANG_WARN_STRICT_PROTOTYPES = YES;
				CLANG_WARN_SUSPICIOUS_MOVE = YES;
				CLANG_WARN_UNGUARDED_AVAILABILITY = YES_AGGRESSIVE;
				CLANG_WARN_UNREACHABLE_CODE = YES;
				CLANG_WARN__DUPLICATE_METHOD_MATCH = YES;
				COPY_PHASE_STRIP = NO;
				DEBUG_INFORMATION_FORMAT = dwarf;
				ENABLE_STRICT_OBJC_MSGSEND = YES;
				ENABLE_TESTABILITY = YES;
				GCC_C_LANGUAGE_STANDARD = gnu11;
				GCC_DYNAMIC_NO_PIC = NO;
				GCC_NO_COMMON_BLOCKS = YES;
				GCC_OPTIMIZATION_LEVEL = 0;
				GCC_PREPROCESSOR_DEFINITIONS = (
					"DEBUG=1",
					"$(inherited)",
				);
				GCC_WARN_64_TO_32_BIT_CONVERSION = YES;
				GCC_WARN_ABOUT_RETURN_TYPE = YES_ERROR;
				GCC_WARN_UNDECLARED_SELECTOR = YES;
				GCC_WARN_UNINITIALIZED_AUTOS = YES_AGGRESSIVE;
				GCC_WARN_UNUSED_FUNCTION = YES;
				GCC_WARN_UNUSED_VARIABLE = YES;
				IPHONEOS_DEPLOYMENT_TARGET = 16.4;
				MTL_ENABLE_DEBUG_INFO = INCLUDE_SOURCE;
				MTL_FAST_MATH = YES;
				ONLY_ACTIVE_ARCH = YES;
				SDKROOT = iphoneos;
				SWIFT_ACTIVE_COMPILATION_CONDITIONS = DEBUG;
				SWIFT_OPTIMIZATION_LEVEL = "-Onone";
			};
			name = Debug;
		};
		CDBBFE9A2A626F1F007AA65D /* Release */ = {
			isa = XCBuildConfiguration;
			buildSettings = {
				ALWAYS_SEARCH_USER_PATHS = NO;
				CLANG_ANALYZER_NONNULL = YES;
				CLANG_ANALYZER_NUMBER_OBJECT_CONVERSION = YES_AGGRESSIVE;
				CLANG_CXX_LANGUAGE_STANDARD = "gnu++20";
				CLANG_ENABLE_MODULES = YES;
				CLANG_ENABLE_OBJC_ARC = YES;
				CLANG_ENABLE_OBJC_WEAK = YES;
				CLANG_WARN_BLOCK_CAPTURE_AUTORELEASING = YES;
				CLANG_WARN_BOOL_CONVERSION = YES;
				CLANG_WARN_COMMA = YES;
				CLANG_WARN_CONSTANT_CONVERSION = YES;
				CLANG_WARN_DEPRECATED_OBJC_IMPLEMENTATIONS = YES;
				CLANG_WARN_DIRECT_OBJC_ISA_USAGE = YES_ERROR;
				CLANG_WARN_DOCUMENTATION_COMMENTS = YES;
				CLANG_WARN_EMPTY_BODY = YES;
				CLANG_WARN_ENUM_CONVERSION = YES;
				CLANG_WARN_INFINITE_RECURSION = YES;
				CLANG_WARN_INT_CONVERSION = YES;
				CLANG_WARN_NON_LITERAL_NULL_CONVERSION = YES;
				CLANG_WARN_OBJC_IMPLICIT_RETAIN_SELF = YES;
				CLANG_WARN_OBJC_LITERAL_CONVERSION = YES;
				CLANG_WARN_OBJC_ROOT_CLASS = YES_ERROR;
				CLANG_WARN_QUOTED_INCLUDE_IN_FRAMEWORK_HEADER = YES;
				CLANG_WARN_RANGE_LOOP_ANALYSIS = YES;
				CLANG_WARN_STRICT_PROTOTYPES = YES;
				CLANG_WARN_SUSPICIOUS_MOVE = YES;
				CLANG_WARN_UNGUARDED_AVAILABILITY = YES_AGGRESSIVE;
				CLANG_WARN_UNREACHABLE_CODE = YES;
				CLANG_WARN__DUPLICATE_METHOD_MATCH = YES;
				COPY_PHASE_STRIP = NO;
				DEBUG_INFORMATION_FORMAT = "dwarf-with-dsym";
				ENABLE_NS_ASSERTIONS = NO;
				ENABLE_STRICT_OBJC_MSGSEND = YES;
				GCC_C_LANGUAGE_STANDARD = gnu11;
				GCC_NO_COMMON_BLOCKS = YES;
				GCC_WARN_64_TO_32_BIT_CONVERSION = YES;
				GCC_WARN_ABOUT_RETURN_TYPE = YES_ERROR;
				GCC_WARN_UNDECLARED_SELECTOR = YES;
				GCC_WARN_UNINITIALIZED_AUTOS = YES_AGGRESSIVE;
				GCC_WARN_UNUSED_FUNCTION = YES;
				GCC_WARN_UNUSED_VARIABLE = YES;
				IPHONEOS_DEPLOYMENT_TARGET = 16.4;
				MTL_ENABLE_DEBUG_INFO = NO;
				MTL_FAST_MATH = YES;
				SDKROOT = iphoneos;
				SWIFT_COMPILATION_MODE = wholemodule;
				SWIFT_OPTIMIZATION_LEVEL = "-O";
				VALIDATE_PRODUCT = YES;
			};
			name = Release;
		};
		CDBBFE9C2A626F1F007AA65D /* Debug */ = {
			isa = XCBuildConfiguration;
			buildSettings = {
				ASSETCATALOG_COMPILER_APPICON_NAME = AppIcon;
				ASSETCATALOG_COMPILER_GLOBAL_ACCENT_COLOR_NAME = AccentColor;
				CODE_SIGN_STYLE = Automatic;
				CURRENT_PROJECT_VERSION = 1;
				DEVELOPMENT_ASSET_PATHS = "\"ViewsAndModifiers/Preview Content\"";
				DEVELOPMENT_TEAM = YQ88N3YLMB;
				ENABLE_PREVIEWS = YES;
				GENERATE_INFOPLIST_FILE = YES;
				INFOPLIST_KEY_UIApplicationSceneManifest_Generation = YES;
				INFOPLIST_KEY_UIApplicationSupportsIndirectInputEvents = YES;
				INFOPLIST_KEY_UILaunchScreen_Generation = YES;
				INFOPLIST_KEY_UISupportedInterfaceOrientations_iPad = "UIInterfaceOrientationPortrait UIInterfaceOrientationPortraitUpsideDown UIInterfaceOrientationLandscapeLeft UIInterfaceOrientationLandscapeRight";
				INFOPLIST_KEY_UISupportedInterfaceOrientations_iPhone = "UIInterfaceOrientationPortrait UIInterfaceOrientationLandscapeLeft UIInterfaceOrientationLandscapeRight";
				LD_RUNPATH_SEARCH_PATHS = (
					"$(inherited)",
					"@executable_path/Frameworks",
				);
				MARKETING_VERSION = 1.0;
				PRODUCT_BUNDLE_IDENTIFIER = hsiang.dev.ViewsAndModifiers;
				PRODUCT_NAME = "$(TARGET_NAME)";
				SWIFT_EMIT_LOC_STRINGS = YES;
				SWIFT_VERSION = 5.0;
				TARGETED_DEVICE_FAMILY = "1,2";
			};
			name = Debug;
		};
		CDBBFE9D2A626F1F007AA65D /* Release */ = {
			isa = XCBuildConfiguration;
			buildSettings = {
				ASSETCATALOG_COMPILER_APPICON_NAME = AppIcon;
				ASSETCATALOG_COMPILER_GLOBAL_ACCENT_COLOR_NAME = AccentColor;
				CODE_SIGN_STYLE = Automatic;
				CURRENT_PROJECT_VERSION = 1;
				DEVELOPMENT_ASSET_PATHS = "\"ViewsAndModifiers/Preview Content\"";
				DEVELOPMENT_TEAM = YQ88N3YLMB;
				ENABLE_PREVIEWS = YES;
				GENERATE_INFOPLIST_FILE = YES;
				INFOPLIST_KEY_UIApplicationSceneManifest_Generation = YES;
				INFOPLIST_KEY_UIApplicationSupportsIndirectInputEvents = YES;
				INFOPLIST_KEY_UILaunchScreen_Generation = YES;
				INFOPLIST_KEY_UISupportedInterfaceOrientations_iPad = "UIInterfaceOrientationPortrait UIInterfaceOrientationPortraitUpsideDown UIInterfaceOrientationLandscapeLeft UIInterfaceOrientationLandscapeRight";
				INFOPLIST_KEY_UISupportedInterfaceOrientations_iPhone = "UIInterfaceOrientationPortrait UIInterfaceOrientationLandscapeLeft UIInterfaceOrientationLandscapeRight";
				LD_RUNPATH_SEARCH_PATHS = (
					"$(inherited)",
					"@executable_path/Frameworks",
				);
				MARKETING_VERSION = 1.0;
				PRODUCT_BUNDLE_IDENTIFIER = hsiang.dev.ViewsAndModifiers;
				PRODUCT_NAME = "$(TARGET_NAME)";
				SWIFT_EMIT_LOC_STRINGS = YES;
				SWIFT_VERSION = 5.0;
				TARGETED_DEVICE_FAMILY = "1,2";
			};
			name = Release;
		};
/* End XCBuildConfiguration section */

/* Begin XCConfigurationList section */
		CDBBFE882A626F1E007AA65D /* Build configuration list for PBXProject "ViewsAndModifiers" */ = {
			isa = XCConfigurationList;
			buildConfigurations = (
				CDBBFE992A626F1F007AA65D /* Debug */,
				CDBBFE9A2A626F1F007AA65D /* Release */,
			);
			defaultConfigurationIsVisible = 0;
			defaultConfigurationName = Release;
		};
		CDBBFE9B2A626F1F007AA65D /* Build configuration list for PBXNativeTarget "ViewsAndModifiers" */ = {
			isa = XCConfigurationList;
			buildConfigurations = (
				CDBBFE9C2A626F1F007AA65D /* Debug */,
				CDBBFE9D2A626F1F007AA65D /* Release */,
			);
			defaultConfigurationIsVisible = 0;
			defaultConfigurationName = Release;
		};
/* End XCConfigurationList section */
	};
	rootObject = CDBBFE852A626F1E007AA65D /* Project object */;
}
