// !$*UTF8*$!
{
	archiveVersion = 1;
	classes = {
	};
	objectVersion = 56;
	objects = {

/* Begin PBXBuildFile section */
		CDB9B8332A6E68AE009B78EE /* AnimationChallenge.swift in Sources */ = {isa = PBXBuildFile; fileRef = CDB9B8322A6E68AE009B78EE /* AnimationChallenge.swift */; };
		CDE5FC4B2A6CC98000C679C4 /* AnimationsApp.swift in Sources */ = {isa = PBXBuildFile; fileRef = CDE5FC4A2A6CC98000C679C4 /* AnimationsApp.swift */; };
		CDE5FC4D2A6CC98000C679C4 /* ContentView.swift in Sources */ = {isa = PBXBuildFile; fileRef = CDE5FC4C2A6CC98000C679C4 /* ContentView.swift */; };
		CDE5FC4F2A6CC98100C679C4 /* Assets.xcassets in Resources */ = {isa = PBXBuildFile; fileRef = CDE5FC4E2A6CC98100C679C4 /* Assets.xcassets */; };
		CDE5FC522A6CC98100C679C4 /* Preview Assets.xcassets in Resources */ = {isa = PBXBuildFile; fileRef = CDE5FC512A6CC98100C679C4 /* Preview Assets.xcassets */; };
		CDE5FC5A2A6CCB1800C679C4 /* Animations.swift in Sources */ = {isa = PBXBuildFile; fileRef = CDE5FC592A6CCB1800C679C4 /* Animations.swift */; };
		CDE5FC5C2A6CCB8200C679C4 /* CustomAnimation.swift in Sources */ = {isa = PBXBuildFile; fileRef = CDE5FC5B2A6CCB8200C679C4 /* CustomAnimation.swift */; };
		CDE5FC5E2A6CCBA500C679C4 /* AnimatingBindings.swift in Sources */ = {isa = PBXBuildFile; fileRef = CDE5FC5D2A6CCBA500C679C4 /* AnimatingBindings.swift */; };
		CDE5FC602A6CCBF200C679C4 /* Animation3DEffect.swift in Sources */ = {isa = PBXBuildFile; fileRef = CDE5FC5F2A6CCBF200C679C4 /* Animation3DEffect.swift */; };
		CDE5FC632A6CCE5B00C679C4 /* AppData.swift in Sources */ = {isa = PBXBuildFile; fileRef = CDE5FC622A6CCE5B00C679C4 /* AppData.swift */; };
		CDE5FC652A6CD0EE00C679C4 /* AnimationView.swift in Sources */ = {isa = PBXBuildFile; fileRef = CDE5FC642A6CD0EE00C679C4 /* AnimationView.swift */; };
		CDE5FC672A6CF28B00C679C4 /* AnimationStack.swift in Sources */ = {isa = PBXBuildFile; fileRef = CDE5FC662A6CF28B00C679C4 /* AnimationStack.swift */; };
		CDE5FC692A6CF90800C679C4 /* AnimationGestures.swift in Sources */ = {isa = PBXBuildFile; fileRef = CDE5FC682A6CF90800C679C4 /* AnimationGestures.swift */; };
		CDE5FC6B2A6CFD5400C679C4 /* AnimationTransition.swift in Sources */ = {isa = PBXBuildFile; fileRef = CDE5FC6A2A6CFD5400C679C4 /* AnimationTransition.swift */; };
		CDE5FC6E2A6D06A100C679C4 /* CornerRotateModifier.swift in Sources */ = {isa = PBXBuildFile; fileRef = CDE5FC6D2A6D06A100C679C4 /* CornerRotateModifier.swift */; };
		CDE5FC702A6D06F200C679C4 /* CustomTransition.swift in Sources */ = {isa = PBXBuildFile; fileRef = CDE5FC6F2A6D06F200C679C4 /* CustomTransition.swift */; };
/* End PBXBuildFile section */

/* Begin PBXFileReference section */
		CDB9B8322A6E68AE009B78EE /* AnimationChallenge.swift */ = {isa = PBXFileReference; lastKnownFileType = sourcecode.swift; path = AnimationChallenge.swift; sourceTree = "<group>"; };
		CDE5FC472A6CC98000C679C4 /* Animations.app */ = {isa = PBXFileReference; explicitFileType = wrapper.application; includeInIndex = 0; path = Animations.app; sourceTree = BUILT_PRODUCTS_DIR; };
		CDE5FC4A2A6CC98000C679C4 /* AnimationsApp.swift */ = {isa = PBXFileReference; lastKnownFileType = sourcecode.swift; path = AnimationsApp.swift; sourceTree = "<group>"; };
		CDE5FC4C2A6CC98000C679C4 /* ContentView.swift */ = {isa = PBXFileReference; lastKnownFileType = sourcecode.swift; path = ContentView.swift; sourceTree = "<group>"; };
		CDE5FC4E2A6CC98100C679C4 /* Assets.xcassets */ = {isa = PBXFileReference; lastKnownFileType = folder.assetcatalog; path = Assets.xcassets; sourceTree = "<group>"; };
		CDE5FC512A6CC98100C679C4 /* Preview Assets.xcassets */ = {isa = PBXFileReference; lastKnownFileType = folder.assetcatalog; path = "Preview Assets.xcassets"; sourceTree = "<group>"; };
		CDE5FC592A6CCB1800C679C4 /* Animations.swift */ = {isa = PBXFileReference; lastKnownFileType = sourcecode.swift; path = Animations.swift; sourceTree = "<group>"; };
		CDE5FC5B2A6CCB8200C679C4 /* CustomAnimation.swift */ = {isa = PBXFileReference; lastKnownFileType = sourcecode.swift; path = CustomAnimation.swift; sourceTree = "<group>"; };
		CDE5FC5D2A6CCBA500C679C4 /* AnimatingBindings.swift */ = {isa = PBXFileReference; lastKnownFileType = sourcecode.swift; path = AnimatingBindings.swift; sourceTree = "<group>"; };
		CDE5FC5F2A6CCBF200C679C4 /* Animation3DEffect.swift */ = {isa = PBXFileReference; lastKnownFileType = sourcecode.swift; path = Animation3DEffect.swift; sourceTree = "<group>"; };
		CDE5FC622A6CCE5B00C679C4 /* AppData.swift */ = {isa = PBXFileReference; lastKnownFileType = sourcecode.swift; path = AppData.swift; sourceTree = "<group>"; };
		CDE5FC642A6CD0EE00C679C4 /* AnimationView.swift */ = {isa = PBXFileReference; lastKnownFileType = sourcecode.swift; path = AnimationView.swift; sourceTree = "<group>"; };
		CDE5FC662A6CF28B00C679C4 /* AnimationStack.swift */ = {isa = PBXFileReference; lastKnownFileType = sourcecode.swift; path = AnimationStack.swift; sourceTree = "<group>"; };
		CDE5FC682A6CF90800C679C4 /* AnimationGestures.swift */ = {isa = PBXFileReference; lastKnownFileType = sourcecode.swift; path = AnimationGestures.swift; sourceTree = "<group>"; };
		CDE5FC6A2A6CFD5400C679C4 /* AnimationTransition.swift */ = {isa = PBXFileReference; lastKnownFileType = sourcecode.swift; path = AnimationTransition.swift; sourceTree = "<group>"; };
		CDE5FC6D2A6D06A100C679C4 /* CornerRotateModifier.swift */ = {isa = PBXFileReference; lastKnownFileType = sourcecode.swift; path = CornerRotateModifier.swift; sourceTree = "<group>"; };
		CDE5FC6F2A6D06F200C679C4 /* CustomTransition.swift */ = {isa = PBXFileReference; lastKnownFileType = sourcecode.swift; path = CustomTransition.swift; sourceTree = "<group>"; };
/* End PBXFileReference section */

/* Begin PBXFrameworksBuildPhase section */
		CDE5FC442A6CC98000C679C4 /* Frameworks */ = {
			isa = PBXFrameworksBuildPhase;
			buildActionMask = 2147483647;
			files = (
			);
			runOnlyForDeploymentPostprocessing = 0;
		};
/* End PBXFrameworksBuildPhase section */

/* Begin PBXGroup section */
		CDE5FC3E2A6CC98000C679C4 = {
			isa = PBXGroup;
			children = (
				CDE5FC492A6CC98000C679C4 /* Animations */,
				CDE5FC482A6CC98000C679C4 /* Products */,
			);
			sourceTree = "<group>";
		};
		CDE5FC482A6CC98000C679C4 /* Products */ = {
			isa = PBXGroup;
			children = (
				CDE5FC472A6CC98000C679C4 /* Animations.app */,
			);
			name = Products;
			sourceTree = "<group>";
		};
		CDE5FC492A6CC98000C679C4 /* Animations */ = {
			isa = PBXGroup;
			children = (
				CDE5FC6C2A6D067700C679C4 /* ViewModifier */,
				CDE5FC612A6CCE4A00C679C4 /* Models */,
				CDE5FC582A6CCA9D00C679C4 /* Views */,
				CDE5FC4A2A6CC98000C679C4 /* AnimationsApp.swift */,
				CDE5FC4C2A6CC98000C679C4 /* ContentView.swift */,
				CDE5FC4E2A6CC98100C679C4 /* Assets.xcassets */,
				CDE5FC502A6CC98100C679C4 /* Preview Content */,
			);
			path = Animations;
			sourceTree = "<group>";
		};
		CDE5FC502A6CC98100C679C4 /* Preview Content */ = {
			isa = PBXGroup;
			children = (
				CDE5FC512A6CC98100C679C4 /* Preview Assets.xcassets */,
			);
			path = "Preview Content";
			sourceTree = "<group>";
		};
		CDE5FC582A6CCA9D00C679C4 /* Views */ = {
			isa = PBXGroup;
			children = (
				CDE5FC592A6CCB1800C679C4 /* Animations.swift */,
				CDE5FC5B2A6CCB8200C679C4 /* CustomAnimation.swift */,
				CDE5FC5D2A6CCBA500C679C4 /* AnimatingBindings.swift */,
				CDE5FC5F2A6CCBF200C679C4 /* Animation3DEffect.swift */,
				CDE5FC662A6CF28B00C679C4 /* AnimationStack.swift */,
				CDE5FC682A6CF90800C679C4 /* AnimationGestures.swift */,
				CDE5FC6A2A6CFD5400C679C4 /* AnimationTransition.swift */,
				CDE5FC6F2A6D06F200C679C4 /* CustomTransition.swift */,
				CDB9B8322A6E68AE009B78EE /* AnimationChallenge.swift */,
			);
			path = Views;
			sourceTree = "<group>";
		};
		CDE5FC612A6CCE4A00C679C4 /* Models */ = {
			isa = PBXGroup;
			children = (
				CDE5FC622A6CCE5B00C679C4 /* AppData.swift */,
				CDE5FC642A6CD0EE00C679C4 /* AnimationView.swift */,
			);
			path = Models;
			sourceTree = "<group>";
		};
		CDE5FC6C2A6D067700C679C4 /* ViewModifier */ = {
			isa = PBXGroup;
			children = (
				CDE5FC6D2A6D06A100C679C4 /* CornerRotateModifier.swift */,
			);
			path = ViewModifier;
			sourceTree = "<group>";
		};
/* End PBXGroup section */

/* Begin PBXNativeTarget section */
		CDE5FC462A6CC98000C679C4 /* Animations */ = {
			isa = PBXNativeTarget;
			buildConfigurationList = CDE5FC552A6CC98100C679C4 /* Build configuration list for PBXNativeTarget "Animations" */;
			buildPhases = (
				CDE5FC432A6CC98000C679C4 /* Sources */,
				CDE5FC442A6CC98000C679C4 /* Frameworks */,
				CDE5FC452A6CC98000C679C4 /* Resources */,
			);
			buildRules = (
			);
			dependencies = (
			);
			name = Animations;
			productName = Animations;
			productReference = CDE5FC472A6CC98000C679C4 /* Animations.app */;
			productType = "com.apple.product-type.application";
		};
/* End PBXNativeTarget section */

/* Begin PBXProject section */
		CDE5FC3F2A6CC98000C679C4 /* Project object */ = {
			isa = PBXProject;
			attributes = {
				BuildIndependentTargetsInParallel = 1;
				LastSwiftUpdateCheck = 1430;
				LastUpgradeCheck = 1430;
				TargetAttributes = {
					CDE5FC462A6CC98000C679C4 = {
						CreatedOnToolsVersion = 14.3.1;
					};
				};
			};
			buildConfigurationList = CDE5FC422A6CC98000C679C4 /* Build configuration list for PBXProject "Animations" */;
			compatibilityVersion = "Xcode 14.0";
			developmentRegion = en;
			hasScannedForEncodings = 0;
			knownRegions = (
				en,
				Base,
			);
			mainGroup = CDE5FC3E2A6CC98000C679C4;
			productRefGroup = CDE5FC482A6CC98000C679C4 /* Products */;
			projectDirPath = "";
			projectRoot = "";
			targets = (
				CDE5FC462A6CC98000C679C4 /* Animations */,
			);
		};
/* End PBXProject section */

/* Begin PBXResourcesBuildPhase section */
		CDE5FC452A6CC98000C679C4 /* Resources */ = {
			isa = PBXResourcesBuildPhase;
			buildActionMask = 2147483647;
			files = (
				CDE5FC522A6CC98100C679C4 /* Preview Assets.xcassets in Resources */,
				CDE5FC4F2A6CC98100C679C4 /* Assets.xcassets in Resources */,
			);
			runOnlyForDeploymentPostprocessing = 0;
		};
/* End PBXResourcesBuildPhase section */

/* Begin PBXSourcesBuildPhase section */
		CDE5FC432A6CC98000C679C4 /* Sources */ = {
			isa = PBXSourcesBuildPhase;
			buildActionMask = 2147483647;
			files = (
				CDE5FC692A6CF90800C679C4 /* AnimationGestures.swift in Sources */,
				CDE5FC4D2A6CC98000C679C4 /* ContentView.swift in Sources */,
				CDE5FC672A6CF28B00C679C4 /* AnimationStack.swift in Sources */,
				CDE5FC652A6CD0EE00C679C4 /* AnimationView.swift in Sources */,
				CDB9B8332A6E68AE009B78EE /* AnimationChallenge.swift in Sources */,
				CDE5FC6E2A6D06A100C679C4 /* CornerRotateModifier.swift in Sources */,
				CDE5FC4B2A6CC98000C679C4 /* AnimationsApp.swift in Sources */,
				CDE5FC5A2A6CCB1800C679C4 /* Animations.swift in Sources */,
				CDE5FC702A6D06F200C679C4 /* CustomTransition.swift in Sources */,
				CDE5FC6B2A6CFD5400C679C4 /* AnimationTransition.swift in Sources */,
				CDE5FC5C2A6CCB8200C679C4 /* CustomAnimation.swift in Sources */,
				CDE5FC602A6CCBF200C679C4 /* Animation3DEffect.swift in Sources */,
				CDE5FC5E2A6CCBA500C679C4 /* AnimatingBindings.swift in Sources */,
				CDE5FC632A6CCE5B00C679C4 /* AppData.swift in Sources */,
			);
			runOnlyForDeploymentPostprocessing = 0;
		};
/* End PBXSourcesBuildPhase section */

/* Begin XCBuildConfiguration section */
		CDE5FC532A6CC98100C679C4 /* Debug */ = {
			isa = XCBuildConfiguration;
			buildSettings = {
				ALWAYS_SEARCH_USER_PATHS = NO;
				CLANG_ANALYZER_NONNULL = YES;
				CLANG_ANALYZER_NUMBER_OBJECT_CONVERSION = YES_AGGRESSIVE;
				CLANG_CXX_LANGUAGE_STANDARD = "gnu++20";
				CLANG_ENABLE_MODULES = YES;
				CLANG_ENABLE_OBJC_ARC = YES;
				CLANG_ENABLE_OBJC_WEAK = YES;
				CLANG_WARN_BLOCK_CAPTURE_AUTORELEASING = YES;
				CLANG_WARN_BOOL_CONVERSION = YES;
				CLANG_WARN_COMMA = YES;
				CLANG_WARN_CONSTANT_CONVERSION = YES;
				CLANG_WARN_DEPRECATED_OBJC_IMPLEMENTATIONS = YES;
				CLANG_WARN_DIRECT_OBJC_ISA_USAGE = YES_ERROR;
				CLANG_WARN_DOCUMENTATION_COMMENTS = YES;
				CLANG_WARN_EMPTY_BODY = YES;
				CLANG_WARN_ENUM_CONVERSION = YES;
				CLANG_WARN_INFINITE_RECURSION = YES;
				CLANG_WARN_INT_CONVERSION = YES;
				CLANG_WARN_NON_LITERAL_NULL_CONVERSION = YES;
				CLANG_WARN_OBJC_IMPLICIT_RETAIN_SELF = YES;
				CLANG_WARN_OBJC_LITERAL_CONVERSION = YES;
				CLANG_WARN_OBJC_ROOT_CLASS = YES_ERROR;
				CLANG_WARN_QUOTED_INCLUDE_IN_FRAMEWORK_HEADER = YES;
				CLANG_WARN_RANGE_LOOP_ANALYSIS = YES;
				CLANG_WARN_STRICT_PROTOTYPES = YES;
				CLANG_WARN_SUSPICIOUS_MOVE = YES;
				CLANG_WARN_UNGUARDED_AVAILABILITY = YES_AGGRESSIVE;
				CLANG_WARN_UNREACHABLE_CODE = YES;
				CLANG_WARN__DUPLICATE_METHOD_MATCH = YES;
				COPY_PHASE_STRIP = NO;
				DEBUG_INFORMATION_FORMAT = dwarf;
				ENABLE_STRICT_OBJC_MSGSEND = YES;
				ENABLE_TESTABILITY = YES;
				GCC_C_LANGUAGE_STANDARD = gnu11;
				GCC_DYNAMIC_NO_PIC = NO;
				GCC_NO_COMMON_BLOCKS = YES;
				GCC_OPTIMIZATION_LEVEL = 0;
				GCC_PREPROCESSOR_DEFINITIONS = (
					"DEBUG=1",
					"$(inherited)",
				);
				GCC_WARN_64_TO_32_BIT_CONVERSION = YES;
				GCC_WARN_ABOUT_RETURN_TYPE = YES_ERROR;
				GCC_WARN_UNDECLARED_SELECTOR = YES;
				GCC_WARN_UNINITIALIZED_AUTOS = YES_AGGRESSIVE;
				GCC_WARN_UNUSED_FUNCTION = YES;
				GCC_WARN_UNUSED_VARIABLE = YES;
				IPHONEOS_DEPLOYMENT_TARGET = 16.4;
				MTL_ENABLE_DEBUG_INFO = INCLUDE_SOURCE;
				MTL_FAST_MATH = YES;
				ONLY_ACTIVE_ARCH = YES;
				SDKROOT = iphoneos;
				SWIFT_ACTIVE_COMPILATION_CONDITIONS = DEBUG;
				SWIFT_OPTIMIZATION_LEVEL = "-Onone";
			};
			name = Debug;
		};
		CDE5FC542A6CC98100C679C4 /* Release */ = {
			isa = XCBuildConfiguration;
			buildSettings = {
				ALWAYS_SEARCH_USER_PATHS = NO;
				CLANG_ANALYZER_NONNULL = YES;
				CLANG_ANALYZER_NUMBER_OBJECT_CONVERSION = YES_AGGRESSIVE;
				CLANG_CXX_LANGUAGE_STANDARD = "gnu++20";
				CLANG_ENABLE_MODULES = YES;
				CLANG_ENABLE_OBJC_ARC = YES;
				CLANG_ENABLE_OBJC_WEAK = YES;
				CLANG_WARN_BLOCK_CAPTURE_AUTORELEASING = YES;
				CLANG_WARN_BOOL_CONVERSION = YES;
				CLANG_WARN_COMMA = YES;
				CLANG_WARN_CONSTANT_CONVERSION = YES;
				CLANG_WARN_DEPRECATED_OBJC_IMPLEMENTATIONS = YES;
				CLANG_WARN_DIRECT_OBJC_ISA_USAGE = YES_ERROR;
				CLANG_WARN_DOCUMENTATION_COMMENTS = YES;
				CLANG_WARN_EMPTY_BODY = YES;
				CLANG_WARN_ENUM_CONVERSION = YES;
				CLANG_WARN_INFINITE_RECURSION = YES;
				CLANG_WARN_INT_CONVERSION = YES;
				CLANG_WARN_NON_LITERAL_NULL_CONVERSION = YES;
				CLANG_WARN_OBJC_IMPLICIT_RETAIN_SELF = YES;
				CLANG_WARN_OBJC_LITERAL_CONVERSION = YES;
				CLANG_WARN_OBJC_ROOT_CLASS = YES_ERROR;
				CLANG_WARN_QUOTED_INCLUDE_IN_FRAMEWORK_HEADER = YES;
				CLANG_WARN_RANGE_LOOP_ANALYSIS = YES;
				CLANG_WARN_STRICT_PROTOTYPES = YES;
				CLANG_WARN_SUSPICIOUS_MOVE = YES;
				CLANG_WARN_UNGUARDED_AVAILABILITY = YES_AGGRESSIVE;
				CLANG_WARN_UNREACHABLE_CODE = YES;
				CLANG_WARN__DUPLICATE_METHOD_MATCH = YES;
				COPY_PHASE_STRIP = NO;
				DEBUG_INFORMATION_FORMAT = "dwarf-with-dsym";
				ENABLE_NS_ASSERTIONS = NO;
				ENABLE_STRICT_OBJC_MSGSEND = YES;
				GCC_C_LANGUAGE_STANDARD = gnu11;
				GCC_NO_COMMON_BLOCKS = YES;
				GCC_WARN_64_TO_32_BIT_CONVERSION = YES;
				GCC_WARN_ABOUT_RETURN_TYPE = YES_ERROR;
				GCC_WARN_UNDECLARED_SELECTOR = YES;
				GCC_WARN_UNINITIALIZED_AUTOS = YES_AGGRESSIVE;
				GCC_WARN_UNUSED_FUNCTION = YES;
				GCC_WARN_UNUSED_VARIABLE = YES;
				IPHONEOS_DEPLOYMENT_TARGET = 16.4;
				MTL_ENABLE_DEBUG_INFO = NO;
				MTL_FAST_MATH = YES;
				SDKROOT = iphoneos;
				SWIFT_COMPILATION_MODE = wholemodule;
				SWIFT_OPTIMIZATION_LEVEL = "-O";
				VALIDATE_PRODUCT = YES;
			};
			name = Release;
		};
		CDE5FC562A6CC98100C679C4 /* Debug */ = {
			isa = XCBuildConfiguration;
			buildSettings = {
				ASSETCATALOG_COMPILER_APPICON_NAME = AppIcon;
				ASSETCATALOG_COMPILER_GLOBAL_ACCENT_COLOR_NAME = AccentColor;
				CODE_SIGN_STYLE = Automatic;
				CURRENT_PROJECT_VERSION = 1;
				DEVELOPMENT_ASSET_PATHS = "\"Animations/Preview Content\"";
				DEVELOPMENT_TEAM = YQ88N3YLMB;
				ENABLE_PREVIEWS = YES;
				GENERATE_INFOPLIST_FILE = YES;
				INFOPLIST_KEY_UIApplicationSceneManifest_Generation = YES;
				INFOPLIST_KEY_UIApplicationSupportsIndirectInputEvents = YES;
				INFOPLIST_KEY_UILaunchScreen_Generation = YES;
				INFOPLIST_KEY_UISupportedInterfaceOrientations_iPad = "UIInterfaceOrientationPortrait UIInterfaceOrientationPortraitUpsideDown UIInterfaceOrientationLandscapeLeft UIInterfaceOrientationLandscapeRight";
				INFOPLIST_KEY_UISupportedInterfaceOrientations_iPhone = "UIInterfaceOrientationPortrait UIInterfaceOrientationLandscapeLeft UIInterfaceOrientationLandscapeRight";
				LD_RUNPATH_SEARCH_PATHS = (
					"$(inherited)",
					"@executable_path/Frameworks",
				);
				MARKETING_VERSION = 1.0;
				PRODUCT_BUNDLE_IDENTIFIER = hsiang.dev.Animations;
				PRODUCT_NAME = "$(TARGET_NAME)";
				SWIFT_EMIT_LOC_STRINGS = YES;
				SWIFT_VERSION = 5.0;
				TARGETED_DEVICE_FAMILY = "1,2";
			};
			name = Debug;
		};
		CDE5FC572A6CC98100C679C4 /* Release */ = {
			isa = XCBuildConfiguration;
			buildSettings = {
				ASSETCATALOG_COMPILER_APPICON_NAME = AppIcon;
				ASSETCATALOG_COMPILER_GLOBAL_ACCENT_COLOR_NAME = AccentColor;
				CODE_SIGN_STYLE = Automatic;
				CURRENT_PROJECT_VERSION = 1;
				DEVELOPMENT_ASSET_PATHS = "\"Animations/Preview Content\"";
				DEVELOPMENT_TEAM = YQ88N3YLMB;
				ENABLE_PREVIEWS = YES;
				GENERATE_INFOPLIST_FILE = YES;
				INFOPLIST_KEY_UIApplicationSceneManifest_Generation = YES;
				INFOPLIST_KEY_UIApplicationSupportsIndirectInputEvents = YES;
				INFOPLIST_KEY_UILaunchScreen_Generation = YES;
				INFOPLIST_KEY_UISupportedInterfaceOrientations_iPad = "UIInterfaceOrientationPortrait UIInterfaceOrientationPortraitUpsideDown UIInterfaceOrientationLandscapeLeft UIInterfaceOrientationLandscapeRight";
				INFOPLIST_KEY_UISupportedInterfaceOrientations_iPhone = "UIInterfaceOrientationPortrait UIInterfaceOrientationLandscapeLeft UIInterfaceOrientationLandscapeRight";
				LD_RUNPATH_SEARCH_PATHS = (
					"$(inherited)",
					"@executable_path/Frameworks",
				);
				MARKETING_VERSION = 1.0;
				PRODUCT_BUNDLE_IDENTIFIER = hsiang.dev.Animations;
				PRODUCT_NAME = "$(TARGET_NAME)";
				SWIFT_EMIT_LOC_STRINGS = YES;
				SWIFT_VERSION = 5.0;
				TARGETED_DEVICE_FAMILY = "1,2";
			};
			name = Release;
		};
/* End XCBuildConfiguration section */

/* Begin XCConfigurationList section */
		CDE5FC422A6CC98000C679C4 /* Build configuration list for PBXProject "Animations" */ = {
			isa = XCConfigurationList;
			buildConfigurations = (
				CDE5FC532A6CC98100C679C4 /* Debug */,
				CDE5FC542A6CC98100C679C4 /* Release */,
			);
			defaultConfigurationIsVisible = 0;
			defaultConfigurationName = Release;
		};
		CDE5FC552A6CC98100C679C4 /* Build configuration list for PBXNativeTarget "Animations" */ = {
			isa = XCConfigurationList;
			buildConfigurations = (
				CDE5FC562A6CC98100C679C4 /* Debug */,
				CDE5FC572A6CC98100C679C4 /* Release */,
			);
			defaultConfigurationIsVisible = 0;
			defaultConfigurationName = Release;
		};
/* End XCConfigurationList section */
	};
	rootObject = CDE5FC3F2A6CC98000C679C4 /* Project object */;
}
